
Microsoft Visual Studio Solution File, Format Version 12.00
# Visual Studio Version 16
VisualStudioVersion = 16.0.28803.352
MinimumVisualStudioVersion = 10.0.40219.1
Project("{2150E333-8FDC-42A3-9474-1A3956D46DE8}") = "Solution Items", "Solution Items", "{21C85C30-53C8-4CD7-8278-1FC0AE1188A9}"
	ProjectSection(SolutionItems) = preProject
		.editorconfig = .editorconfig
		..\..\CHANGELOG.md = ..\..\CHANGELOG.md
		Directory.Build.props = Directory.Build.props
		..\..\LICENSE = ..\..\LICENSE
		..\..\README.md = ..\..\README.md
	EndProjectSection
EndProject
Project("{D954291E-2A0B-460D-934E-DC6B0785DB48}") = "Core.Shared", "Core.Shared\Core.Shared.shproj", "{3C3964DD-26D2-4497-A8EE-AAD7DC73A52D}"
EndProject
Project("{D954291E-2A0B-460D-934E-DC6B0785DB48}") = "Shell.Shared", "Shell.Shared\Shell.Shared.shproj", "{EC2B98CC-6F10-4E51-8D2A-17595DAD65EB}"
EndProject
Project("{D954291E-2A0B-460D-934E-DC6B0785DB48}") = "ShellExtensions.Shared", "ShellExtensions.Shared\ShellExtensions.Shared.shproj", "{EFD811BF-9FA7-4925-B1C9-30C96200E0F7}"
EndProject
Project("{D954291E-2A0B-460D-934E-DC6B0785DB48}") = "ExtendedLinguisticServices.Shared", "ExtendedLinguisticServices.Shared\ExtendedLinguisticServices.Shared.shproj", "{CE862078-C419-483A-AE32-DCC933AEB787}"
EndProject
Project("{D954291E-2A0B-460D-934E-DC6B0785DB48}") = "Sensors.Shared", "Sensors.Shared\Sensors.Shared.shproj", "{A873C775-CCBA-437D-BC62-9AC7C821E7D7}"
EndProject
Project("{D954291E-2A0B-460D-934E-DC6B0785DB48}") = "PortableDevices.Shared", "PortableDevices.Shared\PortableDevices.Shared.shproj", "{DFE309F3-5FC4-48E2-B26D-274F1033B41E}"
EndProject
Project("{9A19103F-16F7-4668-BE54-9A1E7A4F7556}") = "Win32Native", "Win32Native\Win32Native.csproj", "{7B7B5EA3-05E4-4060-8F9A-89736D03EA05}"
EndProject
Project("{9A19103F-16F7-4668-BE54-9A1E7A4F7556}") = "Core", "Core\Core.csproj", "{4103A17C-283A-480D-94BA-34170A118995}"
EndProject
Project("{D954291E-2A0B-460D-934E-DC6B0785DB48}") = "Win32Native.Shared", "Win32Native.Shared\Win32Native.Shared.shproj", "{EECA348E-F9E7-44D5-9C50-A307C7F44D48}"
EndProject
Project("{9A19103F-16F7-4668-BE54-9A1E7A4F7556}") = "ExtendedLinguisticServices", "ExtendedLinguisticServices\ExtendedLinguisticServices.csproj", "{457C2F4C-CC4E-4DA0-B31E-4AEA52B9E694}"
EndProject
Project("{9A19103F-16F7-4668-BE54-9A1E7A4F7556}") = "Sensors", "Sensors\Sensors.csproj", "{A816DAE1-1E90-4AFD-B1C8-099A0F3C57BB}"
EndProject
Project("{9A19103F-16F7-4668-BE54-9A1E7A4F7556}") = "Shell", "Shell\Shell.csproj", "{BF70532C-CF74-4035-822D-17F7F8D63185}"
EndProject
Project("{9A19103F-16F7-4668-BE54-9A1E7A4F7556}") = "ShellExtensions", "ShellExtensions\ShellExtensions.csproj", "{F9149A07-5537-4D04-8E2B-7F274E9E8FB1}"
EndProject
Project("{9A19103F-16F7-4668-BE54-9A1E7A4F7556}") = "PortableDevices", "PortableDevices\PortableDevices.csproj", "{84429B6F-FB80-49C9-8BD1-B46C3C9CDDEE}"
EndProject
Project("{D954291E-2A0B-460D-934E-DC6B0785DB48}") = "COMNative.Shared", "COMNative.Shared\COMNative.Shared.shproj", "{0D3D2287-7D7C-464D-977A-B6663A231389}"
EndProject
Project("{9A19103F-16F7-4668-BE54-9A1E7A4F7556}") = "COMNative", "COMNative\COMNative.csproj", "{5468B521-714B-4D08-B563-43242CC898C4}"
EndProject
Project("{9A19103F-16F7-4668-BE54-9A1E7A4F7556}") = "Consts", "Consts\Consts.csproj", "{9CE25974-A49B-4FCF-AD20-F7188218697D}"
EndProject
Project("{D954291E-2A0B-460D-934E-DC6B0785DB48}") = "Consts.Shared", "Consts.Shared\Consts.Shared.shproj", "{AB530093-4FEB-4F6F-A34D-6DC5FF9B3881}"
EndProject
Project("{2150E333-8FDC-42A3-9474-1A3956D46DE8}") = "3.x", "3.x", "{5738404B-DA1B-46EE-9918-8AC94B68385D}"
EndProject
Project("{2150E333-8FDC-42A3-9474-1A3956D46DE8}") = "2.x", "2.x", "{24933726-7153-4F64-8656-AB18EFAB0BA5}"
EndProject
Project("{9A19103F-16F7-4668-BE54-9A1E7A4F7556}") = "Consts.2.x", "2.x\Consts.2.x\Consts.2.x.csproj", "{2CBBD649-3A50-4B75-8D1F-9A5C784EB4D3}"
EndProject
Project("{9A19103F-16F7-4668-BE54-9A1E7A4F7556}") = "COMNative.2.x", "2.x\COMNative.2.x\COMNative.2.x.csproj", "{AC892548-B138-4700-A9DF-D07273584854}"
EndProject
Project("{9A19103F-16F7-4668-BE54-9A1E7A4F7556}") = "Core.2.x", "2.x\Core.2.x\Core.2.x.csproj", "{E8478D1A-74D5-4B91-906D-917031C41C52}"
EndProject
Project("{9A19103F-16F7-4668-BE54-9A1E7A4F7556}") = "ExtendedLinguisticServices.2.x", "2.x\ExtendedLinguisticServices.2.x\ExtendedLinguisticServices.2.x.csproj", "{EC15EF2E-A8F7-4ECC-BB9B-228D94B13A29}"
EndProject
Project("{9A19103F-16F7-4668-BE54-9A1E7A4F7556}") = "PortableDevices.2.x", "2.x\PortableDevices.2.x\PortableDevices.2.x.csproj", "{E4073296-7575-449A-9A41-EC9BAFC5F5B1}"
EndProject
Project("{9A19103F-16F7-4668-BE54-9A1E7A4F7556}") = "Sensors.2.x", "2.x\Sensors.2.x\Sensors.2.x.csproj", "{AB9A3748-DB5D-4986-BD63-7F865423CEBD}"
EndProject
Project("{9A19103F-16F7-4668-BE54-9A1E7A4F7556}") = "Shell.2.x", "2.x\Shell.2.x\Shell.2.x.csproj", "{AB093C9C-3DC8-4C31-8DFD-5962B58596B3}"
EndProject
Project("{9A19103F-16F7-4668-BE54-9A1E7A4F7556}") = "ShellExtensions.2.x", "2.x\ShellExtensions.2.x\ShellExtensions.2.x.csproj", "{8749FA54-AA81-4D77-B5A7-95D01E23A794}"
EndProject
Project("{9A19103F-16F7-4668-BE54-9A1E7A4F7556}") = "Win32Native.2.x", "2.x\Win32Native.2.x\Win32Native.2.x.csproj", "{DC708D14-D579-4901-B2F2-8DDADEB289DA}"
EndProject
Global
	GlobalSection(SharedMSBuildProjectFiles) = preSolution
		COMNative.Shared\COMNative.Shared.projitems*{0d3d2287-7d7c-464d-977a-b6663a231389}*SharedItemsImports = 13
		Consts.Shared\Consts.Shared.projitems*{2cbbd649-3a50-4b75-8d1f-9a5c784eb4d3}*SharedItemsImports = 5
		Core.Shared\Core.Shared.projitems*{3c3964dd-26d2-4497-a8ee-aad7dc73a52d}*SharedItemsImports = 13
		Core.Shared\Core.Shared.projitems*{4103a17c-283a-480d-94ba-34170a118995}*SharedItemsImports = 5
		ExtendedLinguisticServices.Shared\ExtendedLinguisticServices.Shared.projitems*{457c2f4c-cc4e-4da0-b31e-4aea52b9e694}*SharedItemsImports = 5
		COMNative.Shared\COMNative.Shared.projitems*{5468b521-714b-4d08-b563-43242cc898c4}*SharedItemsImports = 5
		Win32Native.Shared\Win32Native.Shared.projitems*{7b7b5ea3-05e4-4060-8f9a-89736d03ea05}*SharedItemsImports = 5
		PortableDevices.Shared\PortableDevices.Shared.projitems*{84429b6f-fb80-49c9-8bd1-b46c3c9cddee}*SharedItemsImports = 5
		ShellExtensions.Shared\ShellExtensions.Shared.projitems*{8749fa54-aa81-4d77-b5a7-95d01e23a794}*SharedItemsImports = 5
		Consts.Shared\Consts.Shared.projitems*{9ce25974-a49b-4fcf-ad20-f7188218697d}*SharedItemsImports = 5
		Sensors.Shared\Sensors.Shared.projitems*{a816dae1-1e90-4afd-b1c8-099a0f3c57bb}*SharedItemsImports = 5
		Sensors.Shared\Sensors.Shared.projitems*{a873c775-ccba-437d-bc62-9ac7c821e7d7}*SharedItemsImports = 13
		Shell.Shared\Shell.Shared.projitems*{ab093c9c-3dc8-4c31-8dfd-5962b58596b3}*SharedItemsImports = 5
		Consts.Shared\Consts.Shared.projitems*{ab530093-4feb-4f6f-a34d-6dc5ff9b3881}*SharedItemsImports = 13
		Sensors.Shared\Sensors.Shared.projitems*{ab9a3748-db5d-4986-bd63-7f865423cebd}*SharedItemsImports = 5
		COMNative.Shared\COMNative.Shared.projitems*{ac892548-b138-4700-a9df-d07273584854}*SharedItemsImports = 5
		Shell.Shared\Shell.Shared.projitems*{bf70532c-cf74-4035-822d-17f7f8d63185}*SharedItemsImports = 5
		ExtendedLinguisticServices.Shared\ExtendedLinguisticServices.Shared.projitems*{ce862078-c419-483a-ae32-dcc933aeb787}*SharedItemsImports = 13
		Win32Native.Shared\Win32Native.Shared.projitems*{dc708d14-d579-4901-b2f2-8ddadeb289da}*SharedItemsImports = 5
		PortableDevices.Shared\PortableDevices.Shared.projitems*{dfe309f3-5fc4-48e2-b26d-274f1033b41e}*SharedItemsImports = 13
		PortableDevices.Shared\PortableDevices.Shared.projitems*{e4073296-7575-449a-9a41-ec9bafc5f5b1}*SharedItemsImports = 5
		Core.Shared\Core.Shared.projitems*{e8478d1a-74d5-4b91-906d-917031c41c52}*SharedItemsImports = 5
		ExtendedLinguisticServices.Shared\ExtendedLinguisticServices.Shared.projitems*{ec15ef2e-a8f7-4ecc-bb9b-228d94b13a29}*SharedItemsImports = 5
		Shell.Shared\Shell.Shared.projitems*{ec2b98cc-6f10-4e51-8d2a-17595dad65eb}*SharedItemsImports = 13
		Win32Native.Shared\Win32Native.Shared.projitems*{eeca348e-f9e7-44d5-9c50-a307c7f44d48}*SharedItemsImports = 13
		ShellExtensions.Shared\ShellExtensions.Shared.projitems*{efd811bf-9fa7-4925-b1c9-30c96200e0f7}*SharedItemsImports = 13
		ShellExtensions.Shared\ShellExtensions.Shared.projitems*{f9149a07-5537-4d04-8e2b-7f274e9e8fb1}*SharedItemsImports = 5
	EndGlobalSection
	GlobalSection(SolutionConfigurationPlatforms) = preSolution
		CodeAnalysisDebug|Any CPU = CodeAnalysisDebug|Any CPU
		CodeAnalysisDebug|Mixed Platforms = CodeAnalysisDebug|Mixed Platforms
		CodeAnalysisDebug|x64 = CodeAnalysisDebug|x64
		CodeAnalysisDebug|x86 = CodeAnalysisDebug|x86
		Debug with FxCop|Any CPU = Debug with FxCop|Any CPU
		Debug with FxCop|Mixed Platforms = Debug with FxCop|Mixed Platforms
		Debug with FxCop|x64 = Debug with FxCop|x64
		Debug with FxCop|x86 = Debug with FxCop|x86
		Debug|Any CPU = Debug|Any CPU
		Debug|Mixed Platforms = Debug|Mixed Platforms
		Debug|x64 = Debug|x64
		Debug|x86 = Debug|x86
		Release with FxCop|Any CPU = Release with FxCop|Any CPU
		Release with FxCop|Mixed Platforms = Release with FxCop|Mixed Platforms
		Release with FxCop|x64 = Release with FxCop|x64
		Release with FxCop|x86 = Release with FxCop|x86
		Release|Any CPU = Release|Any CPU
		Release|Mixed Platforms = Release|Mixed Platforms
		Release|x64 = Release|x64
		Release|x86 = Release|x86
	EndGlobalSection
	GlobalSection(ProjectConfigurationPlatforms) = postSolution
		{7B7B5EA3-05E4-4060-8F9A-89736D03EA05}.CodeAnalysisDebug|Any CPU.ActiveCfg = Debug|Any CPU
		{7B7B5EA3-05E4-4060-8F9A-89736D03EA05}.CodeAnalysisDebug|Any CPU.Build.0 = Debug|Any CPU
		{7B7B5EA3-05E4-4060-8F9A-89736D03EA05}.CodeAnalysisDebug|Mixed Platforms.ActiveCfg = Debug|Any CPU
		{7B7B5EA3-05E4-4060-8F9A-89736D03EA05}.CodeAnalysisDebug|Mixed Platforms.Build.0 = Debug|Any CPU
		{7B7B5EA3-05E4-4060-8F9A-89736D03EA05}.CodeAnalysisDebug|x64.ActiveCfg = Debug|Any CPU
		{7B7B5EA3-05E4-4060-8F9A-89736D03EA05}.CodeAnalysisDebug|x64.Build.0 = Debug|Any CPU
		{7B7B5EA3-05E4-4060-8F9A-89736D03EA05}.CodeAnalysisDebug|x86.ActiveCfg = Debug|Any CPU
		{7B7B5EA3-05E4-4060-8F9A-89736D03EA05}.CodeAnalysisDebug|x86.Build.0 = Debug|Any CPU
		{7B7B5EA3-05E4-4060-8F9A-89736D03EA05}.Debug with FxCop|Any CPU.ActiveCfg = Debug|Any CPU
		{7B7B5EA3-05E4-4060-8F9A-89736D03EA05}.Debug with FxCop|Any CPU.Build.0 = Debug|Any CPU
		{7B7B5EA3-05E4-4060-8F9A-89736D03EA05}.Debug with FxCop|Mixed Platforms.ActiveCfg = Debug|Any CPU
		{7B7B5EA3-05E4-4060-8F9A-89736D03EA05}.Debug with FxCop|Mixed Platforms.Build.0 = Debug|Any CPU
		{7B7B5EA3-05E4-4060-8F9A-89736D03EA05}.Debug with FxCop|x64.ActiveCfg = Debug|Any CPU
		{7B7B5EA3-05E4-4060-8F9A-89736D03EA05}.Debug with FxCop|x64.Build.0 = Debug|Any CPU
		{7B7B5EA3-05E4-4060-8F9A-89736D03EA05}.Debug with FxCop|x86.ActiveCfg = Debug|Any CPU
		{7B7B5EA3-05E4-4060-8F9A-89736D03EA05}.Debug with FxCop|x86.Build.0 = Debug|Any CPU
		{7B7B5EA3-05E4-4060-8F9A-89736D03EA05}.Debug|Any CPU.ActiveCfg = Debug|Any CPU
		{7B7B5EA3-05E4-4060-8F9A-89736D03EA05}.Debug|Any CPU.Build.0 = Debug|Any CPU
		{7B7B5EA3-05E4-4060-8F9A-89736D03EA05}.Debug|Mixed Platforms.ActiveCfg = Debug|Any CPU
		{7B7B5EA3-05E4-4060-8F9A-89736D03EA05}.Debug|Mixed Platforms.Build.0 = Debug|Any CPU
		{7B7B5EA3-05E4-4060-8F9A-89736D03EA05}.Debug|x64.ActiveCfg = Debug|Any CPU
		{7B7B5EA3-05E4-4060-8F9A-89736D03EA05}.Debug|x64.Build.0 = Debug|Any CPU
		{7B7B5EA3-05E4-4060-8F9A-89736D03EA05}.Debug|x86.ActiveCfg = Debug|Any CPU
		{7B7B5EA3-05E4-4060-8F9A-89736D03EA05}.Debug|x86.Build.0 = Debug|Any CPU
		{7B7B5EA3-05E4-4060-8F9A-89736D03EA05}.Release with FxCop|Any CPU.ActiveCfg = Release|Any CPU
		{7B7B5EA3-05E4-4060-8F9A-89736D03EA05}.Release with FxCop|Any CPU.Build.0 = Release|Any CPU
		{7B7B5EA3-05E4-4060-8F9A-89736D03EA05}.Release with FxCop|Mixed Platforms.ActiveCfg = Release|Any CPU
		{7B7B5EA3-05E4-4060-8F9A-89736D03EA05}.Release with FxCop|Mixed Platforms.Build.0 = Release|Any CPU
		{7B7B5EA3-05E4-4060-8F9A-89736D03EA05}.Release with FxCop|x64.ActiveCfg = Release|Any CPU
		{7B7B5EA3-05E4-4060-8F9A-89736D03EA05}.Release with FxCop|x64.Build.0 = Release|Any CPU
		{7B7B5EA3-05E4-4060-8F9A-89736D03EA05}.Release with FxCop|x86.ActiveCfg = Release|Any CPU
		{7B7B5EA3-05E4-4060-8F9A-89736D03EA05}.Release with FxCop|x86.Build.0 = Release|Any CPU
		{7B7B5EA3-05E4-4060-8F9A-89736D03EA05}.Release|Any CPU.ActiveCfg = Release|Any CPU
		{7B7B5EA3-05E4-4060-8F9A-89736D03EA05}.Release|Any CPU.Build.0 = Release|Any CPU
		{7B7B5EA3-05E4-4060-8F9A-89736D03EA05}.Release|Mixed Platforms.ActiveCfg = Release|Any CPU
		{7B7B5EA3-05E4-4060-8F9A-89736D03EA05}.Release|Mixed Platforms.Build.0 = Release|Any CPU
		{7B7B5EA3-05E4-4060-8F9A-89736D03EA05}.Release|x64.ActiveCfg = Release|Any CPU
		{7B7B5EA3-05E4-4060-8F9A-89736D03EA05}.Release|x64.Build.0 = Release|Any CPU
		{7B7B5EA3-05E4-4060-8F9A-89736D03EA05}.Release|x86.ActiveCfg = Release|Any CPU
		{7B7B5EA3-05E4-4060-8F9A-89736D03EA05}.Release|x86.Build.0 = Release|Any CPU
		{4103A17C-283A-480D-94BA-34170A118995}.CodeAnalysisDebug|Any CPU.ActiveCfg = Debug|Any CPU
		{4103A17C-283A-480D-94BA-34170A118995}.CodeAnalysisDebug|Any CPU.Build.0 = Debug|Any CPU
		{4103A17C-283A-480D-94BA-34170A118995}.CodeAnalysisDebug|Mixed Platforms.ActiveCfg = Debug|Any CPU
		{4103A17C-283A-480D-94BA-34170A118995}.CodeAnalysisDebug|Mixed Platforms.Build.0 = Debug|Any CPU
		{4103A17C-283A-480D-94BA-34170A118995}.CodeAnalysisDebug|x64.ActiveCfg = Debug|Any CPU
		{4103A17C-283A-480D-94BA-34170A118995}.CodeAnalysisDebug|x64.Build.0 = Debug|Any CPU
		{4103A17C-283A-480D-94BA-34170A118995}.CodeAnalysisDebug|x86.ActiveCfg = Debug|Any CPU
		{4103A17C-283A-480D-94BA-34170A118995}.CodeAnalysisDebug|x86.Build.0 = Debug|Any CPU
		{4103A17C-283A-480D-94BA-34170A118995}.Debug with FxCop|Any CPU.ActiveCfg = Debug|Any CPU
		{4103A17C-283A-480D-94BA-34170A118995}.Debug with FxCop|Any CPU.Build.0 = Debug|Any CPU
		{4103A17C-283A-480D-94BA-34170A118995}.Debug with FxCop|Mixed Platforms.ActiveCfg = Debug|Any CPU
		{4103A17C-283A-480D-94BA-34170A118995}.Debug with FxCop|Mixed Platforms.Build.0 = Debug|Any CPU
		{4103A17C-283A-480D-94BA-34170A118995}.Debug with FxCop|x64.ActiveCfg = Debug|Any CPU
		{4103A17C-283A-480D-94BA-34170A118995}.Debug with FxCop|x64.Build.0 = Debug|Any CPU
		{4103A17C-283A-480D-94BA-34170A118995}.Debug with FxCop|x86.ActiveCfg = Debug|Any CPU
		{4103A17C-283A-480D-94BA-34170A118995}.Debug with FxCop|x86.Build.0 = Debug|Any CPU
		{4103A17C-283A-480D-94BA-34170A118995}.Debug|Any CPU.ActiveCfg = Debug|Any CPU
		{4103A17C-283A-480D-94BA-34170A118995}.Debug|Any CPU.Build.0 = Debug|Any CPU
		{4103A17C-283A-480D-94BA-34170A118995}.Debug|Mixed Platforms.ActiveCfg = Debug|Any CPU
		{4103A17C-283A-480D-94BA-34170A118995}.Debug|Mixed Platforms.Build.0 = Debug|Any CPU
		{4103A17C-283A-480D-94BA-34170A118995}.Debug|x64.ActiveCfg = Debug|Any CPU
		{4103A17C-283A-480D-94BA-34170A118995}.Debug|x64.Build.0 = Debug|Any CPU
		{4103A17C-283A-480D-94BA-34170A118995}.Debug|x86.ActiveCfg = Debug|Any CPU
		{4103A17C-283A-480D-94BA-34170A118995}.Debug|x86.Build.0 = Debug|Any CPU
		{4103A17C-283A-480D-94BA-34170A118995}.Release with FxCop|Any CPU.ActiveCfg = Release|Any CPU
		{4103A17C-283A-480D-94BA-34170A118995}.Release with FxCop|Any CPU.Build.0 = Release|Any CPU
		{4103A17C-283A-480D-94BA-34170A118995}.Release with FxCop|Mixed Platforms.ActiveCfg = Release|Any CPU
		{4103A17C-283A-480D-94BA-34170A118995}.Release with FxCop|Mixed Platforms.Build.0 = Release|Any CPU
		{4103A17C-283A-480D-94BA-34170A118995}.Release with FxCop|x64.ActiveCfg = Release|Any CPU
		{4103A17C-283A-480D-94BA-34170A118995}.Release with FxCop|x64.Build.0 = Release|Any CPU
		{4103A17C-283A-480D-94BA-34170A118995}.Release with FxCop|x86.ActiveCfg = Release|Any CPU
		{4103A17C-283A-480D-94BA-34170A118995}.Release with FxCop|x86.Build.0 = Release|Any CPU
		{4103A17C-283A-480D-94BA-34170A118995}.Release|Any CPU.ActiveCfg = Release|Any CPU
		{4103A17C-283A-480D-94BA-34170A118995}.Release|Any CPU.Build.0 = Release|Any CPU
		{4103A17C-283A-480D-94BA-34170A118995}.Release|Mixed Platforms.ActiveCfg = Release|Any CPU
		{4103A17C-283A-480D-94BA-34170A118995}.Release|Mixed Platforms.Build.0 = Release|Any CPU
		{4103A17C-283A-480D-94BA-34170A118995}.Release|x64.ActiveCfg = Release|Any CPU
		{4103A17C-283A-480D-94BA-34170A118995}.Release|x64.Build.0 = Release|Any CPU
		{4103A17C-283A-480D-94BA-34170A118995}.Release|x86.ActiveCfg = Release|Any CPU
		{4103A17C-283A-480D-94BA-34170A118995}.Release|x86.Build.0 = Release|Any CPU
		{457C2F4C-CC4E-4DA0-B31E-4AEA52B9E694}.CodeAnalysisDebug|Any CPU.ActiveCfg = Debug|Any CPU
		{457C2F4C-CC4E-4DA0-B31E-4AEA52B9E694}.CodeAnalysisDebug|Any CPU.Build.0 = Debug|Any CPU
		{457C2F4C-CC4E-4DA0-B31E-4AEA52B9E694}.CodeAnalysisDebug|Mixed Platforms.ActiveCfg = Debug|Any CPU
		{457C2F4C-CC4E-4DA0-B31E-4AEA52B9E694}.CodeAnalysisDebug|Mixed Platforms.Build.0 = Debug|Any CPU
		{457C2F4C-CC4E-4DA0-B31E-4AEA52B9E694}.CodeAnalysisDebug|x64.ActiveCfg = Debug|Any CPU
		{457C2F4C-CC4E-4DA0-B31E-4AEA52B9E694}.CodeAnalysisDebug|x64.Build.0 = Debug|Any CPU
		{457C2F4C-CC4E-4DA0-B31E-4AEA52B9E694}.CodeAnalysisDebug|x86.ActiveCfg = Debug|Any CPU
		{457C2F4C-CC4E-4DA0-B31E-4AEA52B9E694}.CodeAnalysisDebug|x86.Build.0 = Debug|Any CPU
		{457C2F4C-CC4E-4DA0-B31E-4AEA52B9E694}.Debug with FxCop|Any CPU.ActiveCfg = Debug|Any CPU
		{457C2F4C-CC4E-4DA0-B31E-4AEA52B9E694}.Debug with FxCop|Any CPU.Build.0 = Debug|Any CPU
		{457C2F4C-CC4E-4DA0-B31E-4AEA52B9E694}.Debug with FxCop|Mixed Platforms.ActiveCfg = Debug|Any CPU
		{457C2F4C-CC4E-4DA0-B31E-4AEA52B9E694}.Debug with FxCop|Mixed Platforms.Build.0 = Debug|Any CPU
		{457C2F4C-CC4E-4DA0-B31E-4AEA52B9E694}.Debug with FxCop|x64.ActiveCfg = Debug|Any CPU
		{457C2F4C-CC4E-4DA0-B31E-4AEA52B9E694}.Debug with FxCop|x64.Build.0 = Debug|Any CPU
		{457C2F4C-CC4E-4DA0-B31E-4AEA52B9E694}.Debug with FxCop|x86.ActiveCfg = Debug|Any CPU
		{457C2F4C-CC4E-4DA0-B31E-4AEA52B9E694}.Debug with FxCop|x86.Build.0 = Debug|Any CPU
		{457C2F4C-CC4E-4DA0-B31E-4AEA52B9E694}.Debug|Any CPU.ActiveCfg = Debug|Any CPU
		{457C2F4C-CC4E-4DA0-B31E-4AEA52B9E694}.Debug|Any CPU.Build.0 = Debug|Any CPU
		{457C2F4C-CC4E-4DA0-B31E-4AEA52B9E694}.Debug|Mixed Platforms.ActiveCfg = Debug|Any CPU
		{457C2F4C-CC4E-4DA0-B31E-4AEA52B9E694}.Debug|Mixed Platforms.Build.0 = Debug|Any CPU
		{457C2F4C-CC4E-4DA0-B31E-4AEA52B9E694}.Debug|x64.ActiveCfg = Debug|Any CPU
		{457C2F4C-CC4E-4DA0-B31E-4AEA52B9E694}.Debug|x64.Build.0 = Debug|Any CPU
		{457C2F4C-CC4E-4DA0-B31E-4AEA52B9E694}.Debug|x86.ActiveCfg = Debug|Any CPU
		{457C2F4C-CC4E-4DA0-B31E-4AEA52B9E694}.Debug|x86.Build.0 = Debug|Any CPU
		{457C2F4C-CC4E-4DA0-B31E-4AEA52B9E694}.Release with FxCop|Any CPU.ActiveCfg = Release|Any CPU
		{457C2F4C-CC4E-4DA0-B31E-4AEA52B9E694}.Release with FxCop|Any CPU.Build.0 = Release|Any CPU
		{457C2F4C-CC4E-4DA0-B31E-4AEA52B9E694}.Release with FxCop|Mixed Platforms.ActiveCfg = Release|Any CPU
		{457C2F4C-CC4E-4DA0-B31E-4AEA52B9E694}.Release with FxCop|Mixed Platforms.Build.0 = Release|Any CPU
		{457C2F4C-CC4E-4DA0-B31E-4AEA52B9E694}.Release with FxCop|x64.ActiveCfg = Release|Any CPU
		{457C2F4C-CC4E-4DA0-B31E-4AEA52B9E694}.Release with FxCop|x64.Build.0 = Release|Any CPU
		{457C2F4C-CC4E-4DA0-B31E-4AEA52B9E694}.Release with FxCop|x86.ActiveCfg = Release|Any CPU
		{457C2F4C-CC4E-4DA0-B31E-4AEA52B9E694}.Release with FxCop|x86.Build.0 = Release|Any CPU
		{457C2F4C-CC4E-4DA0-B31E-4AEA52B9E694}.Release|Any CPU.ActiveCfg = Release|Any CPU
		{457C2F4C-CC4E-4DA0-B31E-4AEA52B9E694}.Release|Any CPU.Build.0 = Release|Any CPU
		{457C2F4C-CC4E-4DA0-B31E-4AEA52B9E694}.Release|Mixed Platforms.ActiveCfg = Release|Any CPU
		{457C2F4C-CC4E-4DA0-B31E-4AEA52B9E694}.Release|Mixed Platforms.Build.0 = Release|Any CPU
		{457C2F4C-CC4E-4DA0-B31E-4AEA52B9E694}.Release|x64.ActiveCfg = Release|Any CPU
		{457C2F4C-CC4E-4DA0-B31E-4AEA52B9E694}.Release|x64.Build.0 = Release|Any CPU
		{457C2F4C-CC4E-4DA0-B31E-4AEA52B9E694}.Release|x86.ActiveCfg = Release|Any CPU
		{457C2F4C-CC4E-4DA0-B31E-4AEA52B9E694}.Release|x86.Build.0 = Release|Any CPU
		{A816DAE1-1E90-4AFD-B1C8-099A0F3C57BB}.CodeAnalysisDebug|Any CPU.ActiveCfg = Debug|Any CPU
		{A816DAE1-1E90-4AFD-B1C8-099A0F3C57BB}.CodeAnalysisDebug|Any CPU.Build.0 = Debug|Any CPU
		{A816DAE1-1E90-4AFD-B1C8-099A0F3C57BB}.CodeAnalysisDebug|Mixed Platforms.ActiveCfg = Debug|Any CPU
		{A816DAE1-1E90-4AFD-B1C8-099A0F3C57BB}.CodeAnalysisDebug|Mixed Platforms.Build.0 = Debug|Any CPU
		{A816DAE1-1E90-4AFD-B1C8-099A0F3C57BB}.CodeAnalysisDebug|x64.ActiveCfg = Debug|Any CPU
		{A816DAE1-1E90-4AFD-B1C8-099A0F3C57BB}.CodeAnalysisDebug|x64.Build.0 = Debug|Any CPU
		{A816DAE1-1E90-4AFD-B1C8-099A0F3C57BB}.CodeAnalysisDebug|x86.ActiveCfg = Debug|Any CPU
		{A816DAE1-1E90-4AFD-B1C8-099A0F3C57BB}.CodeAnalysisDebug|x86.Build.0 = Debug|Any CPU
		{A816DAE1-1E90-4AFD-B1C8-099A0F3C57BB}.Debug with FxCop|Any CPU.ActiveCfg = Debug|Any CPU
		{A816DAE1-1E90-4AFD-B1C8-099A0F3C57BB}.Debug with FxCop|Any CPU.Build.0 = Debug|Any CPU
		{A816DAE1-1E90-4AFD-B1C8-099A0F3C57BB}.Debug with FxCop|Mixed Platforms.ActiveCfg = Debug|Any CPU
		{A816DAE1-1E90-4AFD-B1C8-099A0F3C57BB}.Debug with FxCop|Mixed Platforms.Build.0 = Debug|Any CPU
		{A816DAE1-1E90-4AFD-B1C8-099A0F3C57BB}.Debug with FxCop|x64.ActiveCfg = Debug|Any CPU
		{A816DAE1-1E90-4AFD-B1C8-099A0F3C57BB}.Debug with FxCop|x64.Build.0 = Debug|Any CPU
		{A816DAE1-1E90-4AFD-B1C8-099A0F3C57BB}.Debug with FxCop|x86.ActiveCfg = Debug|Any CPU
		{A816DAE1-1E90-4AFD-B1C8-099A0F3C57BB}.Debug with FxCop|x86.Build.0 = Debug|Any CPU
		{A816DAE1-1E90-4AFD-B1C8-099A0F3C57BB}.Debug|Any CPU.ActiveCfg = Debug|Any CPU
		{A816DAE1-1E90-4AFD-B1C8-099A0F3C57BB}.Debug|Any CPU.Build.0 = Debug|Any CPU
		{A816DAE1-1E90-4AFD-B1C8-099A0F3C57BB}.Debug|Mixed Platforms.ActiveCfg = Debug|Any CPU
		{A816DAE1-1E90-4AFD-B1C8-099A0F3C57BB}.Debug|Mixed Platforms.Build.0 = Debug|Any CPU
		{A816DAE1-1E90-4AFD-B1C8-099A0F3C57BB}.Debug|x64.ActiveCfg = Debug|Any CPU
		{A816DAE1-1E90-4AFD-B1C8-099A0F3C57BB}.Debug|x64.Build.0 = Debug|Any CPU
		{A816DAE1-1E90-4AFD-B1C8-099A0F3C57BB}.Debug|x86.ActiveCfg = Debug|Any CPU
		{A816DAE1-1E90-4AFD-B1C8-099A0F3C57BB}.Debug|x86.Build.0 = Debug|Any CPU
		{A816DAE1-1E90-4AFD-B1C8-099A0F3C57BB}.Release with FxCop|Any CPU.ActiveCfg = Release|Any CPU
		{A816DAE1-1E90-4AFD-B1C8-099A0F3C57BB}.Release with FxCop|Any CPU.Build.0 = Release|Any CPU
		{A816DAE1-1E90-4AFD-B1C8-099A0F3C57BB}.Release with FxCop|Mixed Platforms.ActiveCfg = Release|Any CPU
		{A816DAE1-1E90-4AFD-B1C8-099A0F3C57BB}.Release with FxCop|Mixed Platforms.Build.0 = Release|Any CPU
		{A816DAE1-1E90-4AFD-B1C8-099A0F3C57BB}.Release with FxCop|x64.ActiveCfg = Release|Any CPU
		{A816DAE1-1E90-4AFD-B1C8-099A0F3C57BB}.Release with FxCop|x64.Build.0 = Release|Any CPU
		{A816DAE1-1E90-4AFD-B1C8-099A0F3C57BB}.Release with FxCop|x86.ActiveCfg = Release|Any CPU
		{A816DAE1-1E90-4AFD-B1C8-099A0F3C57BB}.Release with FxCop|x86.Build.0 = Release|Any CPU
		{A816DAE1-1E90-4AFD-B1C8-099A0F3C57BB}.Release|Any CPU.ActiveCfg = Release|Any CPU
		{A816DAE1-1E90-4AFD-B1C8-099A0F3C57BB}.Release|Any CPU.Build.0 = Release|Any CPU
		{A816DAE1-1E90-4AFD-B1C8-099A0F3C57BB}.Release|Mixed Platforms.ActiveCfg = Release|Any CPU
		{A816DAE1-1E90-4AFD-B1C8-099A0F3C57BB}.Release|Mixed Platforms.Build.0 = Release|Any CPU
		{A816DAE1-1E90-4AFD-B1C8-099A0F3C57BB}.Release|x64.ActiveCfg = Release|Any CPU
		{A816DAE1-1E90-4AFD-B1C8-099A0F3C57BB}.Release|x64.Build.0 = Release|Any CPU
		{A816DAE1-1E90-4AFD-B1C8-099A0F3C57BB}.Release|x86.ActiveCfg = Release|Any CPU
		{A816DAE1-1E90-4AFD-B1C8-099A0F3C57BB}.Release|x86.Build.0 = Release|Any CPU
		{BF70532C-CF74-4035-822D-17F7F8D63185}.CodeAnalysisDebug|Any CPU.ActiveCfg = Debug|Any CPU
		{BF70532C-CF74-4035-822D-17F7F8D63185}.CodeAnalysisDebug|Any CPU.Build.0 = Debug|Any CPU
		{BF70532C-CF74-4035-822D-17F7F8D63185}.CodeAnalysisDebug|Mixed Platforms.ActiveCfg = Debug|Any CPU
		{BF70532C-CF74-4035-822D-17F7F8D63185}.CodeAnalysisDebug|Mixed Platforms.Build.0 = Debug|Any CPU
		{BF70532C-CF74-4035-822D-17F7F8D63185}.CodeAnalysisDebug|x64.ActiveCfg = Debug|Any CPU
		{BF70532C-CF74-4035-822D-17F7F8D63185}.CodeAnalysisDebug|x64.Build.0 = Debug|Any CPU
		{BF70532C-CF74-4035-822D-17F7F8D63185}.CodeAnalysisDebug|x86.ActiveCfg = Debug|Any CPU
		{BF70532C-CF74-4035-822D-17F7F8D63185}.CodeAnalysisDebug|x86.Build.0 = Debug|Any CPU
		{BF70532C-CF74-4035-822D-17F7F8D63185}.Debug with FxCop|Any CPU.ActiveCfg = Debug|Any CPU
		{BF70532C-CF74-4035-822D-17F7F8D63185}.Debug with FxCop|Any CPU.Build.0 = Debug|Any CPU
		{BF70532C-CF74-4035-822D-17F7F8D63185}.Debug with FxCop|Mixed Platforms.ActiveCfg = Debug|Any CPU
		{BF70532C-CF74-4035-822D-17F7F8D63185}.Debug with FxCop|Mixed Platforms.Build.0 = Debug|Any CPU
		{BF70532C-CF74-4035-822D-17F7F8D63185}.Debug with FxCop|x64.ActiveCfg = Debug|Any CPU
		{BF70532C-CF74-4035-822D-17F7F8D63185}.Debug with FxCop|x64.Build.0 = Debug|Any CPU
		{BF70532C-CF74-4035-822D-17F7F8D63185}.Debug with FxCop|x86.ActiveCfg = Debug|Any CPU
		{BF70532C-CF74-4035-822D-17F7F8D63185}.Debug with FxCop|x86.Build.0 = Debug|Any CPU
		{BF70532C-CF74-4035-822D-17F7F8D63185}.Debug|Any CPU.ActiveCfg = Debug|Any CPU
		{BF70532C-CF74-4035-822D-17F7F8D63185}.Debug|Any CPU.Build.0 = Debug|Any CPU
		{BF70532C-CF74-4035-822D-17F7F8D63185}.Debug|Mixed Platforms.ActiveCfg = Debug|Any CPU
		{BF70532C-CF74-4035-822D-17F7F8D63185}.Debug|Mixed Platforms.Build.0 = Debug|Any CPU
		{BF70532C-CF74-4035-822D-17F7F8D63185}.Debug|x64.ActiveCfg = Debug|Any CPU
		{BF70532C-CF74-4035-822D-17F7F8D63185}.Debug|x64.Build.0 = Debug|Any CPU
		{BF70532C-CF74-4035-822D-17F7F8D63185}.Debug|x86.ActiveCfg = Debug|Any CPU
		{BF70532C-CF74-4035-822D-17F7F8D63185}.Debug|x86.Build.0 = Debug|Any CPU
		{BF70532C-CF74-4035-822D-17F7F8D63185}.Release with FxCop|Any CPU.ActiveCfg = Release|Any CPU
		{BF70532C-CF74-4035-822D-17F7F8D63185}.Release with FxCop|Any CPU.Build.0 = Release|Any CPU
		{BF70532C-CF74-4035-822D-17F7F8D63185}.Release with FxCop|Mixed Platforms.ActiveCfg = Release|Any CPU
		{BF70532C-CF74-4035-822D-17F7F8D63185}.Release with FxCop|Mixed Platforms.Build.0 = Release|Any CPU
		{BF70532C-CF74-4035-822D-17F7F8D63185}.Release with FxCop|x64.ActiveCfg = Release|Any CPU
		{BF70532C-CF74-4035-822D-17F7F8D63185}.Release with FxCop|x64.Build.0 = Release|Any CPU
		{BF70532C-CF74-4035-822D-17F7F8D63185}.Release with FxCop|x86.ActiveCfg = Release|Any CPU
		{BF70532C-CF74-4035-822D-17F7F8D63185}.Release with FxCop|x86.Build.0 = Release|Any CPU
		{BF70532C-CF74-4035-822D-17F7F8D63185}.Release|Any CPU.ActiveCfg = Release|Any CPU
		{BF70532C-CF74-4035-822D-17F7F8D63185}.Release|Any CPU.Build.0 = Release|Any CPU
		{BF70532C-CF74-4035-822D-17F7F8D63185}.Release|Mixed Platforms.ActiveCfg = Release|Any CPU
		{BF70532C-CF74-4035-822D-17F7F8D63185}.Release|Mixed Platforms.Build.0 = Release|Any CPU
		{BF70532C-CF74-4035-822D-17F7F8D63185}.Release|x64.ActiveCfg = Release|Any CPU
		{BF70532C-CF74-4035-822D-17F7F8D63185}.Release|x64.Build.0 = Release|Any CPU
		{BF70532C-CF74-4035-822D-17F7F8D63185}.Release|x86.ActiveCfg = Release|Any CPU
		{BF70532C-CF74-4035-822D-17F7F8D63185}.Release|x86.Build.0 = Release|Any CPU
		{F9149A07-5537-4D04-8E2B-7F274E9E8FB1}.CodeAnalysisDebug|Any CPU.ActiveCfg = Debug|Any CPU
		{F9149A07-5537-4D04-8E2B-7F274E9E8FB1}.CodeAnalysisDebug|Any CPU.Build.0 = Debug|Any CPU
		{F9149A07-5537-4D04-8E2B-7F274E9E8FB1}.CodeAnalysisDebug|Mixed Platforms.ActiveCfg = Debug|Any CPU
		{F9149A07-5537-4D04-8E2B-7F274E9E8FB1}.CodeAnalysisDebug|Mixed Platforms.Build.0 = Debug|Any CPU
		{F9149A07-5537-4D04-8E2B-7F274E9E8FB1}.CodeAnalysisDebug|x64.ActiveCfg = Debug|Any CPU
		{F9149A07-5537-4D04-8E2B-7F274E9E8FB1}.CodeAnalysisDebug|x64.Build.0 = Debug|Any CPU
		{F9149A07-5537-4D04-8E2B-7F274E9E8FB1}.CodeAnalysisDebug|x86.ActiveCfg = Debug|Any CPU
		{F9149A07-5537-4D04-8E2B-7F274E9E8FB1}.CodeAnalysisDebug|x86.Build.0 = Debug|Any CPU
		{F9149A07-5537-4D04-8E2B-7F274E9E8FB1}.Debug with FxCop|Any CPU.ActiveCfg = Debug|Any CPU
		{F9149A07-5537-4D04-8E2B-7F274E9E8FB1}.Debug with FxCop|Any CPU.Build.0 = Debug|Any CPU
		{F9149A07-5537-4D04-8E2B-7F274E9E8FB1}.Debug with FxCop|Mixed Platforms.ActiveCfg = Debug|Any CPU
		{F9149A07-5537-4D04-8E2B-7F274E9E8FB1}.Debug with FxCop|Mixed Platforms.Build.0 = Debug|Any CPU
		{F9149A07-5537-4D04-8E2B-7F274E9E8FB1}.Debug with FxCop|x64.ActiveCfg = Debug|Any CPU
		{F9149A07-5537-4D04-8E2B-7F274E9E8FB1}.Debug with FxCop|x64.Build.0 = Debug|Any CPU
		{F9149A07-5537-4D04-8E2B-7F274E9E8FB1}.Debug with FxCop|x86.ActiveCfg = Debug|Any CPU
		{F9149A07-5537-4D04-8E2B-7F274E9E8FB1}.Debug with FxCop|x86.Build.0 = Debug|Any CPU
		{F9149A07-5537-4D04-8E2B-7F274E9E8FB1}.Debug|Any CPU.ActiveCfg = Debug|Any CPU
		{F9149A07-5537-4D04-8E2B-7F274E9E8FB1}.Debug|Any CPU.Build.0 = Debug|Any CPU
		{F9149A07-5537-4D04-8E2B-7F274E9E8FB1}.Debug|Mixed Platforms.ActiveCfg = Debug|Any CPU
		{F9149A07-5537-4D04-8E2B-7F274E9E8FB1}.Debug|Mixed Platforms.Build.0 = Debug|Any CPU
		{F9149A07-5537-4D04-8E2B-7F274E9E8FB1}.Debug|x64.ActiveCfg = Debug|Any CPU
		{F9149A07-5537-4D04-8E2B-7F274E9E8FB1}.Debug|x64.Build.0 = Debug|Any CPU
		{F9149A07-5537-4D04-8E2B-7F274E9E8FB1}.Debug|x86.ActiveCfg = Debug|Any CPU
		{F9149A07-5537-4D04-8E2B-7F274E9E8FB1}.Debug|x86.Build.0 = Debug|Any CPU
		{F9149A07-5537-4D04-8E2B-7F274E9E8FB1}.Release with FxCop|Any CPU.ActiveCfg = Release|Any CPU
		{F9149A07-5537-4D04-8E2B-7F274E9E8FB1}.Release with FxCop|Any CPU.Build.0 = Release|Any CPU
		{F9149A07-5537-4D04-8E2B-7F274E9E8FB1}.Release with FxCop|Mixed Platforms.ActiveCfg = Release|Any CPU
		{F9149A07-5537-4D04-8E2B-7F274E9E8FB1}.Release with FxCop|Mixed Platforms.Build.0 = Release|Any CPU
		{F9149A07-5537-4D04-8E2B-7F274E9E8FB1}.Release with FxCop|x64.ActiveCfg = Release|Any CPU
		{F9149A07-5537-4D04-8E2B-7F274E9E8FB1}.Release with FxCop|x64.Build.0 = Release|Any CPU
		{F9149A07-5537-4D04-8E2B-7F274E9E8FB1}.Release with FxCop|x86.ActiveCfg = Release|Any CPU
		{F9149A07-5537-4D04-8E2B-7F274E9E8FB1}.Release with FxCop|x86.Build.0 = Release|Any CPU
		{F9149A07-5537-4D04-8E2B-7F274E9E8FB1}.Release|Any CPU.ActiveCfg = Release|Any CPU
		{F9149A07-5537-4D04-8E2B-7F274E9E8FB1}.Release|Any CPU.Build.0 = Release|Any CPU
		{F9149A07-5537-4D04-8E2B-7F274E9E8FB1}.Release|Mixed Platforms.ActiveCfg = Release|Any CPU
		{F9149A07-5537-4D04-8E2B-7F274E9E8FB1}.Release|Mixed Platforms.Build.0 = Release|Any CPU
		{F9149A07-5537-4D04-8E2B-7F274E9E8FB1}.Release|x64.ActiveCfg = Release|Any CPU
		{F9149A07-5537-4D04-8E2B-7F274E9E8FB1}.Release|x64.Build.0 = Release|Any CPU
		{F9149A07-5537-4D04-8E2B-7F274E9E8FB1}.Release|x86.ActiveCfg = Release|Any CPU
		{F9149A07-5537-4D04-8E2B-7F274E9E8FB1}.Release|x86.Build.0 = Release|Any CPU
		{84429B6F-FB80-49C9-8BD1-B46C3C9CDDEE}.CodeAnalysisDebug|Any CPU.ActiveCfg = Debug|Any CPU
		{84429B6F-FB80-49C9-8BD1-B46C3C9CDDEE}.CodeAnalysisDebug|Any CPU.Build.0 = Debug|Any CPU
		{84429B6F-FB80-49C9-8BD1-B46C3C9CDDEE}.CodeAnalysisDebug|Mixed Platforms.ActiveCfg = Debug|Any CPU
		{84429B6F-FB80-49C9-8BD1-B46C3C9CDDEE}.CodeAnalysisDebug|Mixed Platforms.Build.0 = Debug|Any CPU
		{84429B6F-FB80-49C9-8BD1-B46C3C9CDDEE}.CodeAnalysisDebug|x64.ActiveCfg = Debug|Any CPU
		{84429B6F-FB80-49C9-8BD1-B46C3C9CDDEE}.CodeAnalysisDebug|x64.Build.0 = Debug|Any CPU
		{84429B6F-FB80-49C9-8BD1-B46C3C9CDDEE}.CodeAnalysisDebug|x86.ActiveCfg = Debug|Any CPU
		{84429B6F-FB80-49C9-8BD1-B46C3C9CDDEE}.CodeAnalysisDebug|x86.Build.0 = Debug|Any CPU
		{84429B6F-FB80-49C9-8BD1-B46C3C9CDDEE}.Debug with FxCop|Any CPU.ActiveCfg = Debug|Any CPU
		{84429B6F-FB80-49C9-8BD1-B46C3C9CDDEE}.Debug with FxCop|Any CPU.Build.0 = Debug|Any CPU
		{84429B6F-FB80-49C9-8BD1-B46C3C9CDDEE}.Debug with FxCop|Mixed Platforms.ActiveCfg = Debug|Any CPU
		{84429B6F-FB80-49C9-8BD1-B46C3C9CDDEE}.Debug with FxCop|Mixed Platforms.Build.0 = Debug|Any CPU
		{84429B6F-FB80-49C9-8BD1-B46C3C9CDDEE}.Debug with FxCop|x64.ActiveCfg = Debug|Any CPU
		{84429B6F-FB80-49C9-8BD1-B46C3C9CDDEE}.Debug with FxCop|x64.Build.0 = Debug|Any CPU
		{84429B6F-FB80-49C9-8BD1-B46C3C9CDDEE}.Debug with FxCop|x86.ActiveCfg = Debug|Any CPU
		{84429B6F-FB80-49C9-8BD1-B46C3C9CDDEE}.Debug with FxCop|x86.Build.0 = Debug|Any CPU
		{84429B6F-FB80-49C9-8BD1-B46C3C9CDDEE}.Debug|Any CPU.ActiveCfg = Debug|Any CPU
		{84429B6F-FB80-49C9-8BD1-B46C3C9CDDEE}.Debug|Any CPU.Build.0 = Debug|Any CPU
		{84429B6F-FB80-49C9-8BD1-B46C3C9CDDEE}.Debug|Mixed Platforms.ActiveCfg = Debug|Any CPU
		{84429B6F-FB80-49C9-8BD1-B46C3C9CDDEE}.Debug|Mixed Platforms.Build.0 = Debug|Any CPU
		{84429B6F-FB80-49C9-8BD1-B46C3C9CDDEE}.Debug|x64.ActiveCfg = Debug|Any CPU
		{84429B6F-FB80-49C9-8BD1-B46C3C9CDDEE}.Debug|x64.Build.0 = Debug|Any CPU
		{84429B6F-FB80-49C9-8BD1-B46C3C9CDDEE}.Debug|x86.ActiveCfg = Debug|Any CPU
		{84429B6F-FB80-49C9-8BD1-B46C3C9CDDEE}.Debug|x86.Build.0 = Debug|Any CPU
		{84429B6F-FB80-49C9-8BD1-B46C3C9CDDEE}.Release with FxCop|Any CPU.ActiveCfg = Release|Any CPU
		{84429B6F-FB80-49C9-8BD1-B46C3C9CDDEE}.Release with FxCop|Any CPU.Build.0 = Release|Any CPU
		{84429B6F-FB80-49C9-8BD1-B46C3C9CDDEE}.Release with FxCop|Mixed Platforms.ActiveCfg = Release|Any CPU
		{84429B6F-FB80-49C9-8BD1-B46C3C9CDDEE}.Release with FxCop|Mixed Platforms.Build.0 = Release|Any CPU
		{84429B6F-FB80-49C9-8BD1-B46C3C9CDDEE}.Release with FxCop|x64.ActiveCfg = Release|Any CPU
		{84429B6F-FB80-49C9-8BD1-B46C3C9CDDEE}.Release with FxCop|x64.Build.0 = Release|Any CPU
		{84429B6F-FB80-49C9-8BD1-B46C3C9CDDEE}.Release with FxCop|x86.ActiveCfg = Release|Any CPU
		{84429B6F-FB80-49C9-8BD1-B46C3C9CDDEE}.Release with FxCop|x86.Build.0 = Release|Any CPU
		{84429B6F-FB80-49C9-8BD1-B46C3C9CDDEE}.Release|Any CPU.ActiveCfg = Release|Any CPU
		{84429B6F-FB80-49C9-8BD1-B46C3C9CDDEE}.Release|Any CPU.Build.0 = Release|Any CPU
		{84429B6F-FB80-49C9-8BD1-B46C3C9CDDEE}.Release|Mixed Platforms.ActiveCfg = Release|Any CPU
		{84429B6F-FB80-49C9-8BD1-B46C3C9CDDEE}.Release|Mixed Platforms.Build.0 = Release|Any CPU
		{84429B6F-FB80-49C9-8BD1-B46C3C9CDDEE}.Release|x64.ActiveCfg = Release|Any CPU
		{84429B6F-FB80-49C9-8BD1-B46C3C9CDDEE}.Release|x64.Build.0 = Release|Any CPU
		{84429B6F-FB80-49C9-8BD1-B46C3C9CDDEE}.Release|x86.ActiveCfg = Release|Any CPU
		{84429B6F-FB80-49C9-8BD1-B46C3C9CDDEE}.Release|x86.Build.0 = Release|Any CPU
		{5468B521-714B-4D08-B563-43242CC898C4}.CodeAnalysisDebug|Any CPU.ActiveCfg = Debug|Any CPU
		{5468B521-714B-4D08-B563-43242CC898C4}.CodeAnalysisDebug|Any CPU.Build.0 = Debug|Any CPU
		{5468B521-714B-4D08-B563-43242CC898C4}.CodeAnalysisDebug|Mixed Platforms.ActiveCfg = Debug|Any CPU
		{5468B521-714B-4D08-B563-43242CC898C4}.CodeAnalysisDebug|Mixed Platforms.Build.0 = Debug|Any CPU
		{5468B521-714B-4D08-B563-43242CC898C4}.CodeAnalysisDebug|x64.ActiveCfg = Debug|Any CPU
		{5468B521-714B-4D08-B563-43242CC898C4}.CodeAnalysisDebug|x64.Build.0 = Debug|Any CPU
		{5468B521-714B-4D08-B563-43242CC898C4}.CodeAnalysisDebug|x86.ActiveCfg = Debug|Any CPU
		{5468B521-714B-4D08-B563-43242CC898C4}.CodeAnalysisDebug|x86.Build.0 = Debug|Any CPU
		{5468B521-714B-4D08-B563-43242CC898C4}.Debug with FxCop|Any CPU.ActiveCfg = Debug|Any CPU
		{5468B521-714B-4D08-B563-43242CC898C4}.Debug with FxCop|Any CPU.Build.0 = Debug|Any CPU
		{5468B521-714B-4D08-B563-43242CC898C4}.Debug with FxCop|Mixed Platforms.ActiveCfg = Debug|Any CPU
		{5468B521-714B-4D08-B563-43242CC898C4}.Debug with FxCop|Mixed Platforms.Build.0 = Debug|Any CPU
		{5468B521-714B-4D08-B563-43242CC898C4}.Debug with FxCop|x64.ActiveCfg = Debug|Any CPU
		{5468B521-714B-4D08-B563-43242CC898C4}.Debug with FxCop|x64.Build.0 = Debug|Any CPU
		{5468B521-714B-4D08-B563-43242CC898C4}.Debug with FxCop|x86.ActiveCfg = Debug|Any CPU
		{5468B521-714B-4D08-B563-43242CC898C4}.Debug with FxCop|x86.Build.0 = Debug|Any CPU
		{5468B521-714B-4D08-B563-43242CC898C4}.Debug|Any CPU.ActiveCfg = Debug|Any CPU
		{5468B521-714B-4D08-B563-43242CC898C4}.Debug|Any CPU.Build.0 = Debug|Any CPU
		{5468B521-714B-4D08-B563-43242CC898C4}.Debug|Mixed Platforms.ActiveCfg = Debug|Any CPU
		{5468B521-714B-4D08-B563-43242CC898C4}.Debug|Mixed Platforms.Build.0 = Debug|Any CPU
		{5468B521-714B-4D08-B563-43242CC898C4}.Debug|x64.ActiveCfg = Debug|Any CPU
		{5468B521-714B-4D08-B563-43242CC898C4}.Debug|x64.Build.0 = Debug|Any CPU
		{5468B521-714B-4D08-B563-43242CC898C4}.Debug|x86.ActiveCfg = Debug|Any CPU
		{5468B521-714B-4D08-B563-43242CC898C4}.Debug|x86.Build.0 = Debug|Any CPU
		{5468B521-714B-4D08-B563-43242CC898C4}.Release with FxCop|Any CPU.ActiveCfg = Release|Any CPU
		{5468B521-714B-4D08-B563-43242CC898C4}.Release with FxCop|Any CPU.Build.0 = Release|Any CPU
		{5468B521-714B-4D08-B563-43242CC898C4}.Release with FxCop|Mixed Platforms.ActiveCfg = Release|Any CPU
		{5468B521-714B-4D08-B563-43242CC898C4}.Release with FxCop|Mixed Platforms.Build.0 = Release|Any CPU
		{5468B521-714B-4D08-B563-43242CC898C4}.Release with FxCop|x64.ActiveCfg = Release|Any CPU
		{5468B521-714B-4D08-B563-43242CC898C4}.Release with FxCop|x64.Build.0 = Release|Any CPU
		{5468B521-714B-4D08-B563-43242CC898C4}.Release with FxCop|x86.ActiveCfg = Release|Any CPU
		{5468B521-714B-4D08-B563-43242CC898C4}.Release with FxCop|x86.Build.0 = Release|Any CPU
		{5468B521-714B-4D08-B563-43242CC898C4}.Release|Any CPU.ActiveCfg = Release|Any CPU
		{5468B521-714B-4D08-B563-43242CC898C4}.Release|Any CPU.Build.0 = Release|Any CPU
		{5468B521-714B-4D08-B563-43242CC898C4}.Release|Mixed Platforms.ActiveCfg = Release|Any CPU
		{5468B521-714B-4D08-B563-43242CC898C4}.Release|Mixed Platforms.Build.0 = Release|Any CPU
		{5468B521-714B-4D08-B563-43242CC898C4}.Release|x64.ActiveCfg = Release|Any CPU
		{5468B521-714B-4D08-B563-43242CC898C4}.Release|x64.Build.0 = Release|Any CPU
		{5468B521-714B-4D08-B563-43242CC898C4}.Release|x86.ActiveCfg = Release|Any CPU
		{5468B521-714B-4D08-B563-43242CC898C4}.Release|x86.Build.0 = Release|Any CPU
		{9CE25974-A49B-4FCF-AD20-F7188218697D}.CodeAnalysisDebug|Any CPU.ActiveCfg = Debug|Any CPU
		{9CE25974-A49B-4FCF-AD20-F7188218697D}.CodeAnalysisDebug|Any CPU.Build.0 = Debug|Any CPU
		{9CE25974-A49B-4FCF-AD20-F7188218697D}.CodeAnalysisDebug|Mixed Platforms.ActiveCfg = Debug|Any CPU
		{9CE25974-A49B-4FCF-AD20-F7188218697D}.CodeAnalysisDebug|Mixed Platforms.Build.0 = Debug|Any CPU
		{9CE25974-A49B-4FCF-AD20-F7188218697D}.CodeAnalysisDebug|x64.ActiveCfg = Debug|Any CPU
		{9CE25974-A49B-4FCF-AD20-F7188218697D}.CodeAnalysisDebug|x64.Build.0 = Debug|Any CPU
		{9CE25974-A49B-4FCF-AD20-F7188218697D}.CodeAnalysisDebug|x86.ActiveCfg = Debug|Any CPU
		{9CE25974-A49B-4FCF-AD20-F7188218697D}.CodeAnalysisDebug|x86.Build.0 = Debug|Any CPU
		{9CE25974-A49B-4FCF-AD20-F7188218697D}.Debug with FxCop|Any CPU.ActiveCfg = Debug|Any CPU
		{9CE25974-A49B-4FCF-AD20-F7188218697D}.Debug with FxCop|Any CPU.Build.0 = Debug|Any CPU
		{9CE25974-A49B-4FCF-AD20-F7188218697D}.Debug with FxCop|Mixed Platforms.ActiveCfg = Debug|Any CPU
		{9CE25974-A49B-4FCF-AD20-F7188218697D}.Debug with FxCop|Mixed Platforms.Build.0 = Debug|Any CPU
		{9CE25974-A49B-4FCF-AD20-F7188218697D}.Debug with FxCop|x64.ActiveCfg = Debug|Any CPU
		{9CE25974-A49B-4FCF-AD20-F7188218697D}.Debug with FxCop|x64.Build.0 = Debug|Any CPU
		{9CE25974-A49B-4FCF-AD20-F7188218697D}.Debug with FxCop|x86.ActiveCfg = Debug|Any CPU
		{9CE25974-A49B-4FCF-AD20-F7188218697D}.Debug with FxCop|x86.Build.0 = Debug|Any CPU
		{9CE25974-A49B-4FCF-AD20-F7188218697D}.Debug|Any CPU.ActiveCfg = Debug|Any CPU
		{9CE25974-A49B-4FCF-AD20-F7188218697D}.Debug|Any CPU.Build.0 = Debug|Any CPU
		{9CE25974-A49B-4FCF-AD20-F7188218697D}.Debug|Mixed Platforms.ActiveCfg = Debug|Any CPU
		{9CE25974-A49B-4FCF-AD20-F7188218697D}.Debug|Mixed Platforms.Build.0 = Debug|Any CPU
		{9CE25974-A49B-4FCF-AD20-F7188218697D}.Debug|x64.ActiveCfg = Debug|Any CPU
		{9CE25974-A49B-4FCF-AD20-F7188218697D}.Debug|x64.Build.0 = Debug|Any CPU
		{9CE25974-A49B-4FCF-AD20-F7188218697D}.Debug|x86.ActiveCfg = Debug|Any CPU
		{9CE25974-A49B-4FCF-AD20-F7188218697D}.Debug|x86.Build.0 = Debug|Any CPU
		{9CE25974-A49B-4FCF-AD20-F7188218697D}.Release with FxCop|Any CPU.ActiveCfg = Release|Any CPU
		{9CE25974-A49B-4FCF-AD20-F7188218697D}.Release with FxCop|Any CPU.Build.0 = Release|Any CPU
		{9CE25974-A49B-4FCF-AD20-F7188218697D}.Release with FxCop|Mixed Platforms.ActiveCfg = Release|Any CPU
		{9CE25974-A49B-4FCF-AD20-F7188218697D}.Release with FxCop|Mixed Platforms.Build.0 = Release|Any CPU
		{9CE25974-A49B-4FCF-AD20-F7188218697D}.Release with FxCop|x64.ActiveCfg = Release|Any CPU
		{9CE25974-A49B-4FCF-AD20-F7188218697D}.Release with FxCop|x64.Build.0 = Release|Any CPU
		{9CE25974-A49B-4FCF-AD20-F7188218697D}.Release with FxCop|x86.ActiveCfg = Release|Any CPU
		{9CE25974-A49B-4FCF-AD20-F7188218697D}.Release with FxCop|x86.Build.0 = Release|Any CPU
		{9CE25974-A49B-4FCF-AD20-F7188218697D}.Release|Any CPU.ActiveCfg = Release|Any CPU
		{9CE25974-A49B-4FCF-AD20-F7188218697D}.Release|Any CPU.Build.0 = Release|Any CPU
		{9CE25974-A49B-4FCF-AD20-F7188218697D}.Release|Mixed Platforms.ActiveCfg = Release|Any CPU
		{9CE25974-A49B-4FCF-AD20-F7188218697D}.Release|Mixed Platforms.Build.0 = Release|Any CPU
		{9CE25974-A49B-4FCF-AD20-F7188218697D}.Release|x64.ActiveCfg = Release|Any CPU
		{9CE25974-A49B-4FCF-AD20-F7188218697D}.Release|x64.Build.0 = Release|Any CPU
		{9CE25974-A49B-4FCF-AD20-F7188218697D}.Release|x86.ActiveCfg = Release|Any CPU
		{9CE25974-A49B-4FCF-AD20-F7188218697D}.Release|x86.Build.0 = Release|Any CPU
		{2CBBD649-3A50-4B75-8D1F-9A5C784EB4D3}.CodeAnalysisDebug|Any CPU.ActiveCfg = Debug|Any CPU
		{2CBBD649-3A50-4B75-8D1F-9A5C784EB4D3}.CodeAnalysisDebug|Any CPU.Build.0 = Debug|Any CPU
		{2CBBD649-3A50-4B75-8D1F-9A5C784EB4D3}.CodeAnalysisDebug|Mixed Platforms.ActiveCfg = Debug|Any CPU
		{2CBBD649-3A50-4B75-8D1F-9A5C784EB4D3}.CodeAnalysisDebug|Mixed Platforms.Build.0 = Debug|Any CPU
		{2CBBD649-3A50-4B75-8D1F-9A5C784EB4D3}.CodeAnalysisDebug|x64.ActiveCfg = Debug|Any CPU
		{2CBBD649-3A50-4B75-8D1F-9A5C784EB4D3}.CodeAnalysisDebug|x64.Build.0 = Debug|Any CPU
		{2CBBD649-3A50-4B75-8D1F-9A5C784EB4D3}.CodeAnalysisDebug|x86.ActiveCfg = Debug|Any CPU
		{2CBBD649-3A50-4B75-8D1F-9A5C784EB4D3}.CodeAnalysisDebug|x86.Build.0 = Debug|Any CPU
		{2CBBD649-3A50-4B75-8D1F-9A5C784EB4D3}.Debug with FxCop|Any CPU.ActiveCfg = Debug|Any CPU
		{2CBBD649-3A50-4B75-8D1F-9A5C784EB4D3}.Debug with FxCop|Any CPU.Build.0 = Debug|Any CPU
		{2CBBD649-3A50-4B75-8D1F-9A5C784EB4D3}.Debug with FxCop|Mixed Platforms.ActiveCfg = Debug|Any CPU
		{2CBBD649-3A50-4B75-8D1F-9A5C784EB4D3}.Debug with FxCop|Mixed Platforms.Build.0 = Debug|Any CPU
		{2CBBD649-3A50-4B75-8D1F-9A5C784EB4D3}.Debug with FxCop|x64.ActiveCfg = Debug|Any CPU
		{2CBBD649-3A50-4B75-8D1F-9A5C784EB4D3}.Debug with FxCop|x64.Build.0 = Debug|Any CPU
		{2CBBD649-3A50-4B75-8D1F-9A5C784EB4D3}.Debug with FxCop|x86.ActiveCfg = Debug|Any CPU
		{2CBBD649-3A50-4B75-8D1F-9A5C784EB4D3}.Debug with FxCop|x86.Build.0 = Debug|Any CPU
		{2CBBD649-3A50-4B75-8D1F-9A5C784EB4D3}.Debug|Any CPU.ActiveCfg = Debug|Any CPU
		{2CBBD649-3A50-4B75-8D1F-9A5C784EB4D3}.Debug|Any CPU.Build.0 = Debug|Any CPU
		{2CBBD649-3A50-4B75-8D1F-9A5C784EB4D3}.Debug|Mixed Platforms.ActiveCfg = Debug|Any CPU
		{2CBBD649-3A50-4B75-8D1F-9A5C784EB4D3}.Debug|Mixed Platforms.Build.0 = Debug|Any CPU
		{2CBBD649-3A50-4B75-8D1F-9A5C784EB4D3}.Debug|x64.ActiveCfg = Debug|Any CPU
		{2CBBD649-3A50-4B75-8D1F-9A5C784EB4D3}.Debug|x64.Build.0 = Debug|Any CPU
		{2CBBD649-3A50-4B75-8D1F-9A5C784EB4D3}.Debug|x86.ActiveCfg = Debug|Any CPU
		{2CBBD649-3A50-4B75-8D1F-9A5C784EB4D3}.Debug|x86.Build.0 = Debug|Any CPU
		{2CBBD649-3A50-4B75-8D1F-9A5C784EB4D3}.Release with FxCop|Any CPU.ActiveCfg = Release|Any CPU
		{2CBBD649-3A50-4B75-8D1F-9A5C784EB4D3}.Release with FxCop|Any CPU.Build.0 = Release|Any CPU
		{2CBBD649-3A50-4B75-8D1F-9A5C784EB4D3}.Release with FxCop|Mixed Platforms.ActiveCfg = Release|Any CPU
		{2CBBD649-3A50-4B75-8D1F-9A5C784EB4D3}.Release with FxCop|Mixed Platforms.Build.0 = Release|Any CPU
		{2CBBD649-3A50-4B75-8D1F-9A5C784EB4D3}.Release with FxCop|x64.ActiveCfg = Release|Any CPU
		{2CBBD649-3A50-4B75-8D1F-9A5C784EB4D3}.Release with FxCop|x64.Build.0 = Release|Any CPU
		{2CBBD649-3A50-4B75-8D1F-9A5C784EB4D3}.Release with FxCop|x86.ActiveCfg = Release|Any CPU
		{2CBBD649-3A50-4B75-8D1F-9A5C784EB4D3}.Release with FxCop|x86.Build.0 = Release|Any CPU
		{2CBBD649-3A50-4B75-8D1F-9A5C784EB4D3}.Release|Any CPU.ActiveCfg = Release|Any CPU
		{2CBBD649-3A50-4B75-8D1F-9A5C784EB4D3}.Release|Any CPU.Build.0 = Release|Any CPU
		{2CBBD649-3A50-4B75-8D1F-9A5C784EB4D3}.Release|Mixed Platforms.ActiveCfg = Release|Any CPU
		{2CBBD649-3A50-4B75-8D1F-9A5C784EB4D3}.Release|Mixed Platforms.Build.0 = Release|Any CPU
		{2CBBD649-3A50-4B75-8D1F-9A5C784EB4D3}.Release|x64.ActiveCfg = Release|Any CPU
		{2CBBD649-3A50-4B75-8D1F-9A5C784EB4D3}.Release|x64.Build.0 = Release|Any CPU
		{2CBBD649-3A50-4B75-8D1F-9A5C784EB4D3}.Release|x86.ActiveCfg = Release|Any CPU
		{2CBBD649-3A50-4B75-8D1F-9A5C784EB4D3}.Release|x86.Build.0 = Release|Any CPU
		{AC892548-B138-4700-A9DF-D07273584854}.CodeAnalysisDebug|Any CPU.ActiveCfg = Debug|Any CPU
		{AC892548-B138-4700-A9DF-D07273584854}.CodeAnalysisDebug|Any CPU.Build.0 = Debug|Any CPU
		{AC892548-B138-4700-A9DF-D07273584854}.CodeAnalysisDebug|Mixed Platforms.ActiveCfg = Debug|Any CPU
		{AC892548-B138-4700-A9DF-D07273584854}.CodeAnalysisDebug|Mixed Platforms.Build.0 = Debug|Any CPU
		{AC892548-B138-4700-A9DF-D07273584854}.CodeAnalysisDebug|x64.ActiveCfg = Debug|Any CPU
		{AC892548-B138-4700-A9DF-D07273584854}.CodeAnalysisDebug|x64.Build.0 = Debug|Any CPU
		{AC892548-B138-4700-A9DF-D07273584854}.CodeAnalysisDebug|x86.ActiveCfg = Debug|Any CPU
		{AC892548-B138-4700-A9DF-D07273584854}.CodeAnalysisDebug|x86.Build.0 = Debug|Any CPU
		{AC892548-B138-4700-A9DF-D07273584854}.Debug with FxCop|Any CPU.ActiveCfg = Debug|Any CPU
		{AC892548-B138-4700-A9DF-D07273584854}.Debug with FxCop|Any CPU.Build.0 = Debug|Any CPU
		{AC892548-B138-4700-A9DF-D07273584854}.Debug with FxCop|Mixed Platforms.ActiveCfg = Debug|Any CPU
		{AC892548-B138-4700-A9DF-D07273584854}.Debug with FxCop|Mixed Platforms.Build.0 = Debug|Any CPU
		{AC892548-B138-4700-A9DF-D07273584854}.Debug with FxCop|x64.ActiveCfg = Debug|Any CPU
		{AC892548-B138-4700-A9DF-D07273584854}.Debug with FxCop|x64.Build.0 = Debug|Any CPU
		{AC892548-B138-4700-A9DF-D07273584854}.Debug with FxCop|x86.ActiveCfg = Debug|Any CPU
		{AC892548-B138-4700-A9DF-D07273584854}.Debug with FxCop|x86.Build.0 = Debug|Any CPU
		{AC892548-B138-4700-A9DF-D07273584854}.Debug|Any CPU.ActiveCfg = Debug|Any CPU
		{AC892548-B138-4700-A9DF-D07273584854}.Debug|Any CPU.Build.0 = Debug|Any CPU
		{AC892548-B138-4700-A9DF-D07273584854}.Debug|Mixed Platforms.ActiveCfg = Debug|Any CPU
		{AC892548-B138-4700-A9DF-D07273584854}.Debug|Mixed Platforms.Build.0 = Debug|Any CPU
		{AC892548-B138-4700-A9DF-D07273584854}.Debug|x64.ActiveCfg = Debug|Any CPU
		{AC892548-B138-4700-A9DF-D07273584854}.Debug|x64.Build.0 = Debug|Any CPU
		{AC892548-B138-4700-A9DF-D07273584854}.Debug|x86.ActiveCfg = Debug|Any CPU
		{AC892548-B138-4700-A9DF-D07273584854}.Debug|x86.Build.0 = Debug|Any CPU
		{AC892548-B138-4700-A9DF-D07273584854}.Release with FxCop|Any CPU.ActiveCfg = Release|Any CPU
		{AC892548-B138-4700-A9DF-D07273584854}.Release with FxCop|Any CPU.Build.0 = Release|Any CPU
		{AC892548-B138-4700-A9DF-D07273584854}.Release with FxCop|Mixed Platforms.ActiveCfg = Release|Any CPU
		{AC892548-B138-4700-A9DF-D07273584854}.Release with FxCop|Mixed Platforms.Build.0 = Release|Any CPU
		{AC892548-B138-4700-A9DF-D07273584854}.Release with FxCop|x64.ActiveCfg = Release|Any CPU
		{AC892548-B138-4700-A9DF-D07273584854}.Release with FxCop|x64.Build.0 = Release|Any CPU
		{AC892548-B138-4700-A9DF-D07273584854}.Release with FxCop|x86.ActiveCfg = Release|Any CPU
		{AC892548-B138-4700-A9DF-D07273584854}.Release with FxCop|x86.Build.0 = Release|Any CPU
		{AC892548-B138-4700-A9DF-D07273584854}.Release|Any CPU.ActiveCfg = Release|Any CPU
		{AC892548-B138-4700-A9DF-D07273584854}.Release|Any CPU.Build.0 = Release|Any CPU
		{AC892548-B138-4700-A9DF-D07273584854}.Release|Mixed Platforms.ActiveCfg = Release|Any CPU
		{AC892548-B138-4700-A9DF-D07273584854}.Release|Mixed Platforms.Build.0 = Release|Any CPU
		{AC892548-B138-4700-A9DF-D07273584854}.Release|x64.ActiveCfg = Release|Any CPU
		{AC892548-B138-4700-A9DF-D07273584854}.Release|x64.Build.0 = Release|Any CPU
		{AC892548-B138-4700-A9DF-D07273584854}.Release|x86.ActiveCfg = Release|Any CPU
		{AC892548-B138-4700-A9DF-D07273584854}.Release|x86.Build.0 = Release|Any CPU
		{E8478D1A-74D5-4B91-906D-917031C41C52}.CodeAnalysisDebug|Any CPU.ActiveCfg = Debug|Any CPU
		{E8478D1A-74D5-4B91-906D-917031C41C52}.CodeAnalysisDebug|Any CPU.Build.0 = Debug|Any CPU
		{E8478D1A-74D5-4B91-906D-917031C41C52}.CodeAnalysisDebug|Mixed Platforms.ActiveCfg = Debug|Any CPU
		{E8478D1A-74D5-4B91-906D-917031C41C52}.CodeAnalysisDebug|Mixed Platforms.Build.0 = Debug|Any CPU
		{E8478D1A-74D5-4B91-906D-917031C41C52}.CodeAnalysisDebug|x64.ActiveCfg = Debug|Any CPU
		{E8478D1A-74D5-4B91-906D-917031C41C52}.CodeAnalysisDebug|x64.Build.0 = Debug|Any CPU
		{E8478D1A-74D5-4B91-906D-917031C41C52}.CodeAnalysisDebug|x86.ActiveCfg = Debug|Any CPU
		{E8478D1A-74D5-4B91-906D-917031C41C52}.CodeAnalysisDebug|x86.Build.0 = Debug|Any CPU
		{E8478D1A-74D5-4B91-906D-917031C41C52}.Debug with FxCop|Any CPU.ActiveCfg = Debug|Any CPU
		{E8478D1A-74D5-4B91-906D-917031C41C52}.Debug with FxCop|Any CPU.Build.0 = Debug|Any CPU
		{E8478D1A-74D5-4B91-906D-917031C41C52}.Debug with FxCop|Mixed Platforms.ActiveCfg = Debug|Any CPU
		{E8478D1A-74D5-4B91-906D-917031C41C52}.Debug with FxCop|Mixed Platforms.Build.0 = Debug|Any CPU
		{E8478D1A-74D5-4B91-906D-917031C41C52}.Debug with FxCop|x64.ActiveCfg = Debug|Any CPU
		{E8478D1A-74D5-4B91-906D-917031C41C52}.Debug with FxCop|x64.Build.0 = Debug|Any CPU
		{E8478D1A-74D5-4B91-906D-917031C41C52}.Debug with FxCop|x86.ActiveCfg = Debug|Any CPU
		{E8478D1A-74D5-4B91-906D-917031C41C52}.Debug with FxCop|x86.Build.0 = Debug|Any CPU
		{E8478D1A-74D5-4B91-906D-917031C41C52}.Debug|Any CPU.ActiveCfg = Debug|Any CPU
		{E8478D1A-74D5-4B91-906D-917031C41C52}.Debug|Any CPU.Build.0 = Debug|Any CPU
		{E8478D1A-74D5-4B91-906D-917031C41C52}.Debug|Mixed Platforms.ActiveCfg = Debug|Any CPU
		{E8478D1A-74D5-4B91-906D-917031C41C52}.Debug|Mixed Platforms.Build.0 = Debug|Any CPU
		{E8478D1A-74D5-4B91-906D-917031C41C52}.Debug|x64.ActiveCfg = Debug|Any CPU
		{E8478D1A-74D5-4B91-906D-917031C41C52}.Debug|x64.Build.0 = Debug|Any CPU
		{E8478D1A-74D5-4B91-906D-917031C41C52}.Debug|x86.ActiveCfg = Debug|Any CPU
		{E8478D1A-74D5-4B91-906D-917031C41C52}.Debug|x86.Build.0 = Debug|Any CPU
		{E8478D1A-74D5-4B91-906D-917031C41C52}.Release with FxCop|Any CPU.ActiveCfg = Release|Any CPU
		{E8478D1A-74D5-4B91-906D-917031C41C52}.Release with FxCop|Any CPU.Build.0 = Release|Any CPU
		{E8478D1A-74D5-4B91-906D-917031C41C52}.Release with FxCop|Mixed Platforms.ActiveCfg = Release|Any CPU
		{E8478D1A-74D5-4B91-906D-917031C41C52}.Release with FxCop|Mixed Platforms.Build.0 = Release|Any CPU
		{E8478D1A-74D5-4B91-906D-917031C41C52}.Release with FxCop|x64.ActiveCfg = Release|Any CPU
		{E8478D1A-74D5-4B91-906D-917031C41C52}.Release with FxCop|x64.Build.0 = Release|Any CPU
		{E8478D1A-74D5-4B91-906D-917031C41C52}.Release with FxCop|x86.ActiveCfg = Release|Any CPU
		{E8478D1A-74D5-4B91-906D-917031C41C52}.Release with FxCop|x86.Build.0 = Release|Any CPU
		{E8478D1A-74D5-4B91-906D-917031C41C52}.Release|Any CPU.ActiveCfg = Release|Any CPU
		{E8478D1A-74D5-4B91-906D-917031C41C52}.Release|Any CPU.Build.0 = Release|Any CPU
		{E8478D1A-74D5-4B91-906D-917031C41C52}.Release|Mixed Platforms.ActiveCfg = Release|Any CPU
		{E8478D1A-74D5-4B91-906D-917031C41C52}.Release|Mixed Platforms.Build.0 = Release|Any CPU
		{E8478D1A-74D5-4B91-906D-917031C41C52}.Release|x64.ActiveCfg = Release|Any CPU
		{E8478D1A-74D5-4B91-906D-917031C41C52}.Release|x64.Build.0 = Release|Any CPU
		{E8478D1A-74D5-4B91-906D-917031C41C52}.Release|x86.ActiveCfg = Release|Any CPU
		{E8478D1A-74D5-4B91-906D-917031C41C52}.Release|x86.Build.0 = Release|Any CPU
		{EC15EF2E-A8F7-4ECC-BB9B-228D94B13A29}.CodeAnalysisDebug|Any CPU.ActiveCfg = Debug|Any CPU
		{EC15EF2E-A8F7-4ECC-BB9B-228D94B13A29}.CodeAnalysisDebug|Any CPU.Build.0 = Debug|Any CPU
		{EC15EF2E-A8F7-4ECC-BB9B-228D94B13A29}.CodeAnalysisDebug|Mixed Platforms.ActiveCfg = Debug|Any CPU
		{EC15EF2E-A8F7-4ECC-BB9B-228D94B13A29}.CodeAnalysisDebug|Mixed Platforms.Build.0 = Debug|Any CPU
		{EC15EF2E-A8F7-4ECC-BB9B-228D94B13A29}.CodeAnalysisDebug|x64.ActiveCfg = Debug|Any CPU
		{EC15EF2E-A8F7-4ECC-BB9B-228D94B13A29}.CodeAnalysisDebug|x64.Build.0 = Debug|Any CPU
		{EC15EF2E-A8F7-4ECC-BB9B-228D94B13A29}.CodeAnalysisDebug|x86.ActiveCfg = Debug|Any CPU
		{EC15EF2E-A8F7-4ECC-BB9B-228D94B13A29}.CodeAnalysisDebug|x86.Build.0 = Debug|Any CPU
		{EC15EF2E-A8F7-4ECC-BB9B-228D94B13A29}.Debug with FxCop|Any CPU.ActiveCfg = Debug|Any CPU
		{EC15EF2E-A8F7-4ECC-BB9B-228D94B13A29}.Debug with FxCop|Any CPU.Build.0 = Debug|Any CPU
		{EC15EF2E-A8F7-4ECC-BB9B-228D94B13A29}.Debug with FxCop|Mixed Platforms.ActiveCfg = Debug|Any CPU
		{EC15EF2E-A8F7-4ECC-BB9B-228D94B13A29}.Debug with FxCop|Mixed Platforms.Build.0 = Debug|Any CPU
		{EC15EF2E-A8F7-4ECC-BB9B-228D94B13A29}.Debug with FxCop|x64.ActiveCfg = Debug|Any CPU
		{EC15EF2E-A8F7-4ECC-BB9B-228D94B13A29}.Debug with FxCop|x64.Build.0 = Debug|Any CPU
		{EC15EF2E-A8F7-4ECC-BB9B-228D94B13A29}.Debug with FxCop|x86.ActiveCfg = Debug|Any CPU
		{EC15EF2E-A8F7-4ECC-BB9B-228D94B13A29}.Debug with FxCop|x86.Build.0 = Debug|Any CPU
		{EC15EF2E-A8F7-4ECC-BB9B-228D94B13A29}.Debug|Any CPU.ActiveCfg = Debug|Any CPU
		{EC15EF2E-A8F7-4ECC-BB9B-228D94B13A29}.Debug|Any CPU.Build.0 = Debug|Any CPU
		{EC15EF2E-A8F7-4ECC-BB9B-228D94B13A29}.Debug|Mixed Platforms.ActiveCfg = Debug|Any CPU
		{EC15EF2E-A8F7-4ECC-BB9B-228D94B13A29}.Debug|Mixed Platforms.Build.0 = Debug|Any CPU
		{EC15EF2E-A8F7-4ECC-BB9B-228D94B13A29}.Debug|x64.ActiveCfg = Debug|Any CPU
		{EC15EF2E-A8F7-4ECC-BB9B-228D94B13A29}.Debug|x64.Build.0 = Debug|Any CPU
		{EC15EF2E-A8F7-4ECC-BB9B-228D94B13A29}.Debug|x86.ActiveCfg = Debug|Any CPU
		{EC15EF2E-A8F7-4ECC-BB9B-228D94B13A29}.Debug|x86.Build.0 = Debug|Any CPU
		{EC15EF2E-A8F7-4ECC-BB9B-228D94B13A29}.Release with FxCop|Any CPU.ActiveCfg = Release|Any CPU
		{EC15EF2E-A8F7-4ECC-BB9B-228D94B13A29}.Release with FxCop|Any CPU.Build.0 = Release|Any CPU
		{EC15EF2E-A8F7-4ECC-BB9B-228D94B13A29}.Release with FxCop|Mixed Platforms.ActiveCfg = Release|Any CPU
		{EC15EF2E-A8F7-4ECC-BB9B-228D94B13A29}.Release with FxCop|Mixed Platforms.Build.0 = Release|Any CPU
		{EC15EF2E-A8F7-4ECC-BB9B-228D94B13A29}.Release with FxCop|x64.ActiveCfg = Release|Any CPU
		{EC15EF2E-A8F7-4ECC-BB9B-228D94B13A29}.Release with FxCop|x64.Build.0 = Release|Any CPU
		{EC15EF2E-A8F7-4ECC-BB9B-228D94B13A29}.Release with FxCop|x86.ActiveCfg = Release|Any CPU
		{EC15EF2E-A8F7-4ECC-BB9B-228D94B13A29}.Release with FxCop|x86.Build.0 = Release|Any CPU
		{EC15EF2E-A8F7-4ECC-BB9B-228D94B13A29}.Release|Any CPU.ActiveCfg = Release|Any CPU
		{EC15EF2E-A8F7-4ECC-BB9B-228D94B13A29}.Release|Any CPU.Build.0 = Release|Any CPU
		{EC15EF2E-A8F7-4ECC-BB9B-228D94B13A29}.Release|Mixed Platforms.ActiveCfg = Release|Any CPU
		{EC15EF2E-A8F7-4ECC-BB9B-228D94B13A29}.Release|Mixed Platforms.Build.0 = Release|Any CPU
		{EC15EF2E-A8F7-4ECC-BB9B-228D94B13A29}.Release|x64.ActiveCfg = Release|Any CPU
		{EC15EF2E-A8F7-4ECC-BB9B-228D94B13A29}.Release|x64.Build.0 = Release|Any CPU
		{EC15EF2E-A8F7-4ECC-BB9B-228D94B13A29}.Release|x86.ActiveCfg = Release|Any CPU
		{EC15EF2E-A8F7-4ECC-BB9B-228D94B13A29}.Release|x86.Build.0 = Release|Any CPU
		{E4073296-7575-449A-9A41-EC9BAFC5F5B1}.CodeAnalysisDebug|Any CPU.ActiveCfg = Debug|Any CPU
		{E4073296-7575-449A-9A41-EC9BAFC5F5B1}.CodeAnalysisDebug|Any CPU.Build.0 = Debug|Any CPU
		{E4073296-7575-449A-9A41-EC9BAFC5F5B1}.CodeAnalysisDebug|Mixed Platforms.ActiveCfg = Debug|Any CPU
		{E4073296-7575-449A-9A41-EC9BAFC5F5B1}.CodeAnalysisDebug|Mixed Platforms.Build.0 = Debug|Any CPU
		{E4073296-7575-449A-9A41-EC9BAFC5F5B1}.CodeAnalysisDebug|x64.ActiveCfg = Debug|Any CPU
		{E4073296-7575-449A-9A41-EC9BAFC5F5B1}.CodeAnalysisDebug|x64.Build.0 = Debug|Any CPU
		{E4073296-7575-449A-9A41-EC9BAFC5F5B1}.CodeAnalysisDebug|x86.ActiveCfg = Debug|Any CPU
		{E4073296-7575-449A-9A41-EC9BAFC5F5B1}.CodeAnalysisDebug|x86.Build.0 = Debug|Any CPU
		{E4073296-7575-449A-9A41-EC9BAFC5F5B1}.Debug with FxCop|Any CPU.ActiveCfg = Debug|Any CPU
		{E4073296-7575-449A-9A41-EC9BAFC5F5B1}.Debug with FxCop|Any CPU.Build.0 = Debug|Any CPU
		{E4073296-7575-449A-9A41-EC9BAFC5F5B1}.Debug with FxCop|Mixed Platforms.ActiveCfg = Debug|Any CPU
		{E4073296-7575-449A-9A41-EC9BAFC5F5B1}.Debug with FxCop|Mixed Platforms.Build.0 = Debug|Any CPU
		{E4073296-7575-449A-9A41-EC9BAFC5F5B1}.Debug with FxCop|x64.ActiveCfg = Debug|Any CPU
		{E4073296-7575-449A-9A41-EC9BAFC5F5B1}.Debug with FxCop|x64.Build.0 = Debug|Any CPU
		{E4073296-7575-449A-9A41-EC9BAFC5F5B1}.Debug with FxCop|x86.ActiveCfg = Debug|Any CPU
		{E4073296-7575-449A-9A41-EC9BAFC5F5B1}.Debug with FxCop|x86.Build.0 = Debug|Any CPU
		{E4073296-7575-449A-9A41-EC9BAFC5F5B1}.Debug|Any CPU.ActiveCfg = Debug|Any CPU
		{E4073296-7575-449A-9A41-EC9BAFC5F5B1}.Debug|Any CPU.Build.0 = Debug|Any CPU
		{E4073296-7575-449A-9A41-EC9BAFC5F5B1}.Debug|Mixed Platforms.ActiveCfg = Debug|Any CPU
		{E4073296-7575-449A-9A41-EC9BAFC5F5B1}.Debug|Mixed Platforms.Build.0 = Debug|Any CPU
		{E4073296-7575-449A-9A41-EC9BAFC5F5B1}.Debug|x64.ActiveCfg = Debug|Any CPU
		{E4073296-7575-449A-9A41-EC9BAFC5F5B1}.Debug|x64.Build.0 = Debug|Any CPU
		{E4073296-7575-449A-9A41-EC9BAFC5F5B1}.Debug|x86.ActiveCfg = Debug|Any CPU
		{E4073296-7575-449A-9A41-EC9BAFC5F5B1}.Debug|x86.Build.0 = Debug|Any CPU
		{E4073296-7575-449A-9A41-EC9BAFC5F5B1}.Release with FxCop|Any CPU.ActiveCfg = Release|Any CPU
		{E4073296-7575-449A-9A41-EC9BAFC5F5B1}.Release with FxCop|Any CPU.Build.0 = Release|Any CPU
		{E4073296-7575-449A-9A41-EC9BAFC5F5B1}.Release with FxCop|Mixed Platforms.ActiveCfg = Release|Any CPU
		{E4073296-7575-449A-9A41-EC9BAFC5F5B1}.Release with FxCop|Mixed Platforms.Build.0 = Release|Any CPU
		{E4073296-7575-449A-9A41-EC9BAFC5F5B1}.Release with FxCop|x64.ActiveCfg = Release|Any CPU
		{E4073296-7575-449A-9A41-EC9BAFC5F5B1}.Release with FxCop|x64.Build.0 = Release|Any CPU
		{E4073296-7575-449A-9A41-EC9BAFC5F5B1}.Release with FxCop|x86.ActiveCfg = Release|Any CPU
		{E4073296-7575-449A-9A41-EC9BAFC5F5B1}.Release with FxCop|x86.Build.0 = Release|Any CPU
		{E4073296-7575-449A-9A41-EC9BAFC5F5B1}.Release|Any CPU.ActiveCfg = Release|Any CPU
		{E4073296-7575-449A-9A41-EC9BAFC5F5B1}.Release|Any CPU.Build.0 = Release|Any CPU
		{E4073296-7575-449A-9A41-EC9BAFC5F5B1}.Release|Mixed Platforms.ActiveCfg = Release|Any CPU
		{E4073296-7575-449A-9A41-EC9BAFC5F5B1}.Release|Mixed Platforms.Build.0 = Release|Any CPU
		{E4073296-7575-449A-9A41-EC9BAFC5F5B1}.Release|x64.ActiveCfg = Release|Any CPU
		{E4073296-7575-449A-9A41-EC9BAFC5F5B1}.Release|x64.Build.0 = Release|Any CPU
		{E4073296-7575-449A-9A41-EC9BAFC5F5B1}.Release|x86.ActiveCfg = Release|Any CPU
		{E4073296-7575-449A-9A41-EC9BAFC5F5B1}.Release|x86.Build.0 = Release|Any CPU
		{AB9A3748-DB5D-4986-BD63-7F865423CEBD}.CodeAnalysisDebug|Any CPU.ActiveCfg = Debug|Any CPU
		{AB9A3748-DB5D-4986-BD63-7F865423CEBD}.CodeAnalysisDebug|Any CPU.Build.0 = Debug|Any CPU
		{AB9A3748-DB5D-4986-BD63-7F865423CEBD}.CodeAnalysisDebug|Mixed Platforms.ActiveCfg = Debug|Any CPU
		{AB9A3748-DB5D-4986-BD63-7F865423CEBD}.CodeAnalysisDebug|Mixed Platforms.Build.0 = Debug|Any CPU
		{AB9A3748-DB5D-4986-BD63-7F865423CEBD}.CodeAnalysisDebug|x64.ActiveCfg = Debug|Any CPU
		{AB9A3748-DB5D-4986-BD63-7F865423CEBD}.CodeAnalysisDebug|x64.Build.0 = Debug|Any CPU
		{AB9A3748-DB5D-4986-BD63-7F865423CEBD}.CodeAnalysisDebug|x86.ActiveCfg = Debug|Any CPU
		{AB9A3748-DB5D-4986-BD63-7F865423CEBD}.CodeAnalysisDebug|x86.Build.0 = Debug|Any CPU
		{AB9A3748-DB5D-4986-BD63-7F865423CEBD}.Debug with FxCop|Any CPU.ActiveCfg = Debug|Any CPU
		{AB9A3748-DB5D-4986-BD63-7F865423CEBD}.Debug with FxCop|Any CPU.Build.0 = Debug|Any CPU
		{AB9A3748-DB5D-4986-BD63-7F865423CEBD}.Debug with FxCop|Mixed Platforms.ActiveCfg = Debug|Any CPU
		{AB9A3748-DB5D-4986-BD63-7F865423CEBD}.Debug with FxCop|Mixed Platforms.Build.0 = Debug|Any CPU
		{AB9A3748-DB5D-4986-BD63-7F865423CEBD}.Debug with FxCop|x64.ActiveCfg = Debug|Any CPU
		{AB9A3748-DB5D-4986-BD63-7F865423CEBD}.Debug with FxCop|x64.Build.0 = Debug|Any CPU
		{AB9A3748-DB5D-4986-BD63-7F865423CEBD}.Debug with FxCop|x86.ActiveCfg = Debug|Any CPU
		{AB9A3748-DB5D-4986-BD63-7F865423CEBD}.Debug with FxCop|x86.Build.0 = Debug|Any CPU
		{AB9A3748-DB5D-4986-BD63-7F865423CEBD}.Debug|Any CPU.ActiveCfg = Debug|Any CPU
		{AB9A3748-DB5D-4986-BD63-7F865423CEBD}.Debug|Any CPU.Build.0 = Debug|Any CPU
		{AB9A3748-DB5D-4986-BD63-7F865423CEBD}.Debug|Mixed Platforms.ActiveCfg = Debug|Any CPU
		{AB9A3748-DB5D-4986-BD63-7F865423CEBD}.Debug|Mixed Platforms.Build.0 = Debug|Any CPU
		{AB9A3748-DB5D-4986-BD63-7F865423CEBD}.Debug|x64.ActiveCfg = Debug|Any CPU
		{AB9A3748-DB5D-4986-BD63-7F865423CEBD}.Debug|x64.Build.0 = Debug|Any CPU
		{AB9A3748-DB5D-4986-BD63-7F865423CEBD}.Debug|x86.ActiveCfg = Debug|Any CPU
		{AB9A3748-DB5D-4986-BD63-7F865423CEBD}.Debug|x86.Build.0 = Debug|Any CPU
		{AB9A3748-DB5D-4986-BD63-7F865423CEBD}.Release with FxCop|Any CPU.ActiveCfg = Release|Any CPU
		{AB9A3748-DB5D-4986-BD63-7F865423CEBD}.Release with FxCop|Any CPU.Build.0 = Release|Any CPU
		{AB9A3748-DB5D-4986-BD63-7F865423CEBD}.Release with FxCop|Mixed Platforms.ActiveCfg = Release|Any CPU
		{AB9A3748-DB5D-4986-BD63-7F865423CEBD}.Release with FxCop|Mixed Platforms.Build.0 = Release|Any CPU
		{AB9A3748-DB5D-4986-BD63-7F865423CEBD}.Release with FxCop|x64.ActiveCfg = Release|Any CPU
		{AB9A3748-DB5D-4986-BD63-7F865423CEBD}.Release with FxCop|x64.Build.0 = Release|Any CPU
		{AB9A3748-DB5D-4986-BD63-7F865423CEBD}.Release with FxCop|x86.ActiveCfg = Release|Any CPU
		{AB9A3748-DB5D-4986-BD63-7F865423CEBD}.Release with FxCop|x86.Build.0 = Release|Any CPU
		{AB9A3748-DB5D-4986-BD63-7F865423CEBD}.Release|Any CPU.ActiveCfg = Release|Any CPU
		{AB9A3748-DB5D-4986-BD63-7F865423CEBD}.Release|Any CPU.Build.0 = Release|Any CPU
		{AB9A3748-DB5D-4986-BD63-7F865423CEBD}.Release|Mixed Platforms.ActiveCfg = Release|Any CPU
		{AB9A3748-DB5D-4986-BD63-7F865423CEBD}.Release|Mixed Platforms.Build.0 = Release|Any CPU
		{AB9A3748-DB5D-4986-BD63-7F865423CEBD}.Release|x64.ActiveCfg = Release|Any CPU
		{AB9A3748-DB5D-4986-BD63-7F865423CEBD}.Release|x64.Build.0 = Release|Any CPU
		{AB9A3748-DB5D-4986-BD63-7F865423CEBD}.Release|x86.ActiveCfg = Release|Any CPU
		{AB9A3748-DB5D-4986-BD63-7F865423CEBD}.Release|x86.Build.0 = Release|Any CPU
		{AB093C9C-3DC8-4C31-8DFD-5962B58596B3}.CodeAnalysisDebug|Any CPU.ActiveCfg = Debug|Any CPU
		{AB093C9C-3DC8-4C31-8DFD-5962B58596B3}.CodeAnalysisDebug|Any CPU.Build.0 = Debug|Any CPU
		{AB093C9C-3DC8-4C31-8DFD-5962B58596B3}.CodeAnalysisDebug|Mixed Platforms.ActiveCfg = Debug|Any CPU
		{AB093C9C-3DC8-4C31-8DFD-5962B58596B3}.CodeAnalysisDebug|Mixed Platforms.Build.0 = Debug|Any CPU
		{AB093C9C-3DC8-4C31-8DFD-5962B58596B3}.CodeAnalysisDebug|x64.ActiveCfg = Debug|Any CPU
		{AB093C9C-3DC8-4C31-8DFD-5962B58596B3}.CodeAnalysisDebug|x64.Build.0 = Debug|Any CPU
		{AB093C9C-3DC8-4C31-8DFD-5962B58596B3}.CodeAnalysisDebug|x86.ActiveCfg = Debug|Any CPU
		{AB093C9C-3DC8-4C31-8DFD-5962B58596B3}.CodeAnalysisDebug|x86.Build.0 = Debug|Any CPU
		{AB093C9C-3DC8-4C31-8DFD-5962B58596B3}.Debug with FxCop|Any CPU.ActiveCfg = Debug|Any CPU
		{AB093C9C-3DC8-4C31-8DFD-5962B58596B3}.Debug with FxCop|Any CPU.Build.0 = Debug|Any CPU
		{AB093C9C-3DC8-4C31-8DFD-5962B58596B3}.Debug with FxCop|Mixed Platforms.ActiveCfg = Debug|Any CPU
		{AB093C9C-3DC8-4C31-8DFD-5962B58596B3}.Debug with FxCop|Mixed Platforms.Build.0 = Debug|Any CPU
		{AB093C9C-3DC8-4C31-8DFD-5962B58596B3}.Debug with FxCop|x64.ActiveCfg = Debug|Any CPU
		{AB093C9C-3DC8-4C31-8DFD-5962B58596B3}.Debug with FxCop|x64.Build.0 = Debug|Any CPU
		{AB093C9C-3DC8-4C31-8DFD-5962B58596B3}.Debug with FxCop|x86.ActiveCfg = Debug|Any CPU
		{AB093C9C-3DC8-4C31-8DFD-5962B58596B3}.Debug with FxCop|x86.Build.0 = Debug|Any CPU
		{AB093C9C-3DC8-4C31-8DFD-5962B58596B3}.Debug|Any CPU.ActiveCfg = Debug|Any CPU
		{AB093C9C-3DC8-4C31-8DFD-5962B58596B3}.Debug|Any CPU.Build.0 = Debug|Any CPU
		{AB093C9C-3DC8-4C31-8DFD-5962B58596B3}.Debug|Mixed Platforms.ActiveCfg = Debug|Any CPU
		{AB093C9C-3DC8-4C31-8DFD-5962B58596B3}.Debug|Mixed Platforms.Build.0 = Debug|Any CPU
		{AB093C9C-3DC8-4C31-8DFD-5962B58596B3}.Debug|x64.ActiveCfg = Debug|Any CPU
		{AB093C9C-3DC8-4C31-8DFD-5962B58596B3}.Debug|x64.Build.0 = Debug|Any CPU
		{AB093C9C-3DC8-4C31-8DFD-5962B58596B3}.Debug|x86.ActiveCfg = Debug|Any CPU
		{AB093C9C-3DC8-4C31-8DFD-5962B58596B3}.Debug|x86.Build.0 = Debug|Any CPU
		{AB093C9C-3DC8-4C31-8DFD-5962B58596B3}.Release with FxCop|Any CPU.ActiveCfg = Release|Any CPU
		{AB093C9C-3DC8-4C31-8DFD-5962B58596B3}.Release with FxCop|Any CPU.Build.0 = Release|Any CPU
		{AB093C9C-3DC8-4C31-8DFD-5962B58596B3}.Release with FxCop|Mixed Platforms.ActiveCfg = Release|Any CPU
		{AB093C9C-3DC8-4C31-8DFD-5962B58596B3}.Release with FxCop|Mixed Platforms.Build.0 = Release|Any CPU
		{AB093C9C-3DC8-4C31-8DFD-5962B58596B3}.Release with FxCop|x64.ActiveCfg = Release|Any CPU
		{AB093C9C-3DC8-4C31-8DFD-5962B58596B3}.Release with FxCop|x64.Build.0 = Release|Any CPU
		{AB093C9C-3DC8-4C31-8DFD-5962B58596B3}.Release with FxCop|x86.ActiveCfg = Release|Any CPU
		{AB093C9C-3DC8-4C31-8DFD-5962B58596B3}.Release with FxCop|x86.Build.0 = Release|Any CPU
		{AB093C9C-3DC8-4C31-8DFD-5962B58596B3}.Release|Any CPU.ActiveCfg = Release|Any CPU
		{AB093C9C-3DC8-4C31-8DFD-5962B58596B3}.Release|Any CPU.Build.0 = Release|Any CPU
		{AB093C9C-3DC8-4C31-8DFD-5962B58596B3}.Release|Mixed Platforms.ActiveCfg = Release|Any CPU
		{AB093C9C-3DC8-4C31-8DFD-5962B58596B3}.Release|Mixed Platforms.Build.0 = Release|Any CPU
		{AB093C9C-3DC8-4C31-8DFD-5962B58596B3}.Release|x64.ActiveCfg = Release|Any CPU
		{AB093C9C-3DC8-4C31-8DFD-5962B58596B3}.Release|x64.Build.0 = Release|Any CPU
		{AB093C9C-3DC8-4C31-8DFD-5962B58596B3}.Release|x86.ActiveCfg = Release|Any CPU
		{AB093C9C-3DC8-4C31-8DFD-5962B58596B3}.Release|x86.Build.0 = Release|Any CPU
		{8749FA54-AA81-4D77-B5A7-95D01E23A794}.CodeAnalysisDebug|Any CPU.ActiveCfg = Debug|Any CPU
		{8749FA54-AA81-4D77-B5A7-95D01E23A794}.CodeAnalysisDebug|Any CPU.Build.0 = Debug|Any CPU
		{8749FA54-AA81-4D77-B5A7-95D01E23A794}.CodeAnalysisDebug|Mixed Platforms.ActiveCfg = Debug|Any CPU
		{8749FA54-AA81-4D77-B5A7-95D01E23A794}.CodeAnalysisDebug|Mixed Platforms.Build.0 = Debug|Any CPU
		{8749FA54-AA81-4D77-B5A7-95D01E23A794}.CodeAnalysisDebug|x64.ActiveCfg = Debug|Any CPU
		{8749FA54-AA81-4D77-B5A7-95D01E23A794}.CodeAnalysisDebug|x64.Build.0 = Debug|Any CPU
		{8749FA54-AA81-4D77-B5A7-95D01E23A794}.CodeAnalysisDebug|x86.ActiveCfg = Debug|Any CPU
		{8749FA54-AA81-4D77-B5A7-95D01E23A794}.CodeAnalysisDebug|x86.Build.0 = Debug|Any CPU
		{8749FA54-AA81-4D77-B5A7-95D01E23A794}.Debug with FxCop|Any CPU.ActiveCfg = Debug|Any CPU
		{8749FA54-AA81-4D77-B5A7-95D01E23A794}.Debug with FxCop|Any CPU.Build.0 = Debug|Any CPU
		{8749FA54-AA81-4D77-B5A7-95D01E23A794}.Debug with FxCop|Mixed Platforms.ActiveCfg = Debug|Any CPU
		{8749FA54-AA81-4D77-B5A7-95D01E23A794}.Debug with FxCop|Mixed Platforms.Build.0 = Debug|Any CPU
		{8749FA54-AA81-4D77-B5A7-95D01E23A794}.Debug with FxCop|x64.ActiveCfg = Debug|Any CPU
		{8749FA54-AA81-4D77-B5A7-95D01E23A794}.Debug with FxCop|x64.Build.0 = Debug|Any CPU
		{8749FA54-AA81-4D77-B5A7-95D01E23A794}.Debug with FxCop|x86.ActiveCfg = Debug|Any CPU
		{8749FA54-AA81-4D77-B5A7-95D01E23A794}.Debug with FxCop|x86.Build.0 = Debug|Any CPU
		{8749FA54-AA81-4D77-B5A7-95D01E23A794}.Debug|Any CPU.ActiveCfg = Debug|Any CPU
		{8749FA54-AA81-4D77-B5A7-95D01E23A794}.Debug|Any CPU.Build.0 = Debug|Any CPU
		{8749FA54-AA81-4D77-B5A7-95D01E23A794}.Debug|Mixed Platforms.ActiveCfg = Debug|Any CPU
		{8749FA54-AA81-4D77-B5A7-95D01E23A794}.Debug|Mixed Platforms.Build.0 = Debug|Any CPU
		{8749FA54-AA81-4D77-B5A7-95D01E23A794}.Debug|x64.ActiveCfg = Debug|Any CPU
		{8749FA54-AA81-4D77-B5A7-95D01E23A794}.Debug|x64.Build.0 = Debug|Any CPU
		{8749FA54-AA81-4D77-B5A7-95D01E23A794}.Debug|x86.ActiveCfg = Debug|Any CPU
		{8749FA54-AA81-4D77-B5A7-95D01E23A794}.Debug|x86.Build.0 = Debug|Any CPU
		{8749FA54-AA81-4D77-B5A7-95D01E23A794}.Release with FxCop|Any CPU.ActiveCfg = Release|Any CPU
		{8749FA54-AA81-4D77-B5A7-95D01E23A794}.Release with FxCop|Any CPU.Build.0 = Release|Any CPU
		{8749FA54-AA81-4D77-B5A7-95D01E23A794}.Release with FxCop|Mixed Platforms.ActiveCfg = Release|Any CPU
		{8749FA54-AA81-4D77-B5A7-95D01E23A794}.Release with FxCop|Mixed Platforms.Build.0 = Release|Any CPU
		{8749FA54-AA81-4D77-B5A7-95D01E23A794}.Release with FxCop|x64.ActiveCfg = Release|Any CPU
		{8749FA54-AA81-4D77-B5A7-95D01E23A794}.Release with FxCop|x64.Build.0 = Release|Any CPU
		{8749FA54-AA81-4D77-B5A7-95D01E23A794}.Release with FxCop|x86.ActiveCfg = Release|Any CPU
		{8749FA54-AA81-4D77-B5A7-95D01E23A794}.Release with FxCop|x86.Build.0 = Release|Any CPU
		{8749FA54-AA81-4D77-B5A7-95D01E23A794}.Release|Any CPU.ActiveCfg = Release|Any CPU
		{8749FA54-AA81-4D77-B5A7-95D01E23A794}.Release|Any CPU.Build.0 = Release|Any CPU
		{8749FA54-AA81-4D77-B5A7-95D01E23A794}.Release|Mixed Platforms.ActiveCfg = Release|Any CPU
		{8749FA54-AA81-4D77-B5A7-95D01E23A794}.Release|Mixed Platforms.Build.0 = Release|Any CPU
		{8749FA54-AA81-4D77-B5A7-95D01E23A794}.Release|x64.ActiveCfg = Release|Any CPU
		{8749FA54-AA81-4D77-B5A7-95D01E23A794}.Release|x64.Build.0 = Release|Any CPU
		{8749FA54-AA81-4D77-B5A7-95D01E23A794}.Release|x86.ActiveCfg = Release|Any CPU
		{8749FA54-AA81-4D77-B5A7-95D01E23A794}.Release|x86.Build.0 = Release|Any CPU
		{DC708D14-D579-4901-B2F2-8DDADEB289DA}.CodeAnalysisDebug|Any CPU.ActiveCfg = Debug|Any CPU
		{DC708D14-D579-4901-B2F2-8DDADEB289DA}.CodeAnalysisDebug|Any CPU.Build.0 = Debug|Any CPU
		{DC708D14-D579-4901-B2F2-8DDADEB289DA}.CodeAnalysisDebug|Mixed Platforms.ActiveCfg = Debug|Any CPU
		{DC708D14-D579-4901-B2F2-8DDADEB289DA}.CodeAnalysisDebug|Mixed Platforms.Build.0 = Debug|Any CPU
		{DC708D14-D579-4901-B2F2-8DDADEB289DA}.CodeAnalysisDebug|x64.ActiveCfg = Debug|Any CPU
		{DC708D14-D579-4901-B2F2-8DDADEB289DA}.CodeAnalysisDebug|x64.Build.0 = Debug|Any CPU
		{DC708D14-D579-4901-B2F2-8DDADEB289DA}.CodeAnalysisDebug|x86.ActiveCfg = Debug|Any CPU
		{DC708D14-D579-4901-B2F2-8DDADEB289DA}.CodeAnalysisDebug|x86.Build.0 = Debug|Any CPU
		{DC708D14-D579-4901-B2F2-8DDADEB289DA}.Debug with FxCop|Any CPU.ActiveCfg = Debug|Any CPU
		{DC708D14-D579-4901-B2F2-8DDADEB289DA}.Debug with FxCop|Any CPU.Build.0 = Debug|Any CPU
		{DC708D14-D579-4901-B2F2-8DDADEB289DA}.Debug with FxCop|Mixed Platforms.ActiveCfg = Debug|Any CPU
		{DC708D14-D579-4901-B2F2-8DDADEB289DA}.Debug with FxCop|Mixed Platforms.Build.0 = Debug|Any CPU
		{DC708D14-D579-4901-B2F2-8DDADEB289DA}.Debug with FxCop|x64.ActiveCfg = Debug|Any CPU
		{DC708D14-D579-4901-B2F2-8DDADEB289DA}.Debug with FxCop|x64.Build.0 = Debug|Any CPU
		{DC708D14-D579-4901-B2F2-8DDADEB289DA}.Debug with FxCop|x86.ActiveCfg = Debug|Any CPU
		{DC708D14-D579-4901-B2F2-8DDADEB289DA}.Debug with FxCop|x86.Build.0 = Debug|Any CPU
		{DC708D14-D579-4901-B2F2-8DDADEB289DA}.Debug|Any CPU.ActiveCfg = Debug|Any CPU
		{DC708D14-D579-4901-B2F2-8DDADEB289DA}.Debug|Any CPU.Build.0 = Debug|Any CPU
		{DC708D14-D579-4901-B2F2-8DDADEB289DA}.Debug|Mixed Platforms.ActiveCfg = Debug|Any CPU
		{DC708D14-D579-4901-B2F2-8DDADEB289DA}.Debug|Mixed Platforms.Build.0 = Debug|Any CPU
		{DC708D14-D579-4901-B2F2-8DDADEB289DA}.Debug|x64.ActiveCfg = Debug|Any CPU
		{DC708D14-D579-4901-B2F2-8DDADEB289DA}.Debug|x64.Build.0 = Debug|Any CPU
		{DC708D14-D579-4901-B2F2-8DDADEB289DA}.Debug|x86.ActiveCfg = Debug|Any CPU
		{DC708D14-D579-4901-B2F2-8DDADEB289DA}.Debug|x86.Build.0 = Debug|Any CPU
		{DC708D14-D579-4901-B2F2-8DDADEB289DA}.Release with FxCop|Any CPU.ActiveCfg = Release|Any CPU
		{DC708D14-D579-4901-B2F2-8DDADEB289DA}.Release with FxCop|Any CPU.Build.0 = Release|Any CPU
		{DC708D14-D579-4901-B2F2-8DDADEB289DA}.Release with FxCop|Mixed Platforms.ActiveCfg = Release|Any CPU
		{DC708D14-D579-4901-B2F2-8DDADEB289DA}.Release with FxCop|Mixed Platforms.Build.0 = Release|Any CPU
		{DC708D14-D579-4901-B2F2-8DDADEB289DA}.Release with FxCop|x64.ActiveCfg = Release|Any CPU
		{DC708D14-D579-4901-B2F2-8DDADEB289DA}.Release with FxCop|x64.Build.0 = Release|Any CPU
		{DC708D14-D579-4901-B2F2-8DDADEB289DA}.Release with FxCop|x86.ActiveCfg = Release|Any CPU
		{DC708D14-D579-4901-B2F2-8DDADEB289DA}.Release with FxCop|x86.Build.0 = Release|Any CPU
		{DC708D14-D579-4901-B2F2-8DDADEB289DA}.Release|Any CPU.ActiveCfg = Release|Any CPU
		{DC708D14-D579-4901-B2F2-8DDADEB289DA}.Release|Any CPU.Build.0 = Release|Any CPU
		{DC708D14-D579-4901-B2F2-8DDADEB289DA}.Release|Mixed Platforms.ActiveCfg = Release|Any CPU
		{DC708D14-D579-4901-B2F2-8DDADEB289DA}.Release|Mixed Platforms.Build.0 = Release|Any CPU
		{DC708D14-D579-4901-B2F2-8DDADEB289DA}.Release|x64.ActiveCfg = Release|Any CPU
		{DC708D14-D579-4901-B2F2-8DDADEB289DA}.Release|x64.Build.0 = Release|Any CPU
		{DC708D14-D579-4901-B2F2-8DDADEB289DA}.Release|x86.ActiveCfg = Release|Any CPU
		{DC708D14-D579-4901-B2F2-8DDADEB289DA}.Release|x86.Build.0 = Release|Any CPU
	EndGlobalSection
	GlobalSection(SolutionProperties) = preSolution
		HideSolutionNode = FALSE
	EndGlobalSection
	GlobalSection(NestedProjects) = preSolution
		{7B7B5EA3-05E4-4060-8F9A-89736D03EA05} = {5738404B-DA1B-46EE-9918-8AC94B68385D}
		{4103A17C-283A-480D-94BA-34170A118995} = {5738404B-DA1B-46EE-9918-8AC94B68385D}
		{457C2F4C-CC4E-4DA0-B31E-4AEA52B9E694} = {5738404B-DA1B-46EE-9918-8AC94B68385D}
		{A816DAE1-1E90-4AFD-B1C8-099A0F3C57BB} = {5738404B-DA1B-46EE-9918-8AC94B68385D}
		{BF70532C-CF74-4035-822D-17F7F8D63185} = {5738404B-DA1B-46EE-9918-8AC94B68385D}
		{F9149A07-5537-4D04-8E2B-7F274E9E8FB1} = {5738404B-DA1B-46EE-9918-8AC94B68385D}
		{84429B6F-FB80-49C9-8BD1-B46C3C9CDDEE} = {5738404B-DA1B-46EE-9918-8AC94B68385D}
		{5468B521-714B-4D08-B563-43242CC898C4} = {5738404B-DA1B-46EE-9918-8AC94B68385D}
		{9CE25974-A49B-4FCF-AD20-F7188218697D} = {5738404B-DA1B-46EE-9918-8AC94B68385D}
		{2CBBD649-3A50-4B75-8D1F-9A5C784EB4D3} = {24933726-7153-4F64-8656-AB18EFAB0BA5}
		{AC892548-B138-4700-A9DF-D07273584854} = {24933726-7153-4F64-8656-AB18EFAB0BA5}
		{E8478D1A-74D5-4B91-906D-917031C41C52} = {24933726-7153-4F64-8656-AB18EFAB0BA5}
		{EC15EF2E-A8F7-4ECC-BB9B-228D94B13A29} = {24933726-7153-4F64-8656-AB18EFAB0BA5}
		{E4073296-7575-449A-9A41-EC9BAFC5F5B1} = {24933726-7153-4F64-8656-AB18EFAB0BA5}
		{AB9A3748-DB5D-4986-BD63-7F865423CEBD} = {24933726-7153-4F64-8656-AB18EFAB0BA5}
		{AB093C9C-3DC8-4C31-8DFD-5962B58596B3} = {24933726-7153-4F64-8656-AB18EFAB0BA5}
		{8749FA54-AA81-4D77-B5A7-95D01E23A794} = {24933726-7153-4F64-8656-AB18EFAB0BA5}
		{DC708D14-D579-4901-B2F2-8DDADEB289DA} = {24933726-7153-4F64-8656-AB18EFAB0BA5}
	EndGlobalSection
	GlobalSection(ExtensibilityGlobals) = postSolution
		SolutionGuid = {B754C752-6D53-4C13-BA50-D0152A1534E7}
	EndGlobalSection
EndGlobal
