
Microsoft Visual Studio Solution File, Format Version 12.00
# Visual Studio Version 16
VisualStudioVersion = 16.0.28803.352
MinimumVisualStudioVersion = 10.0.40219.1
Project("{FAE04EC0-301F-11D3-BF4B-00C04F79EFBC}") = "Shell", "Shell\Shell.csproj", "{AA0C00CB-8699-4F37-BFAE-40CA87ACC06D}"
EndProject
Project("{FAE04EC0-301F-11D3-BF4B-00C04F79EFBC}") = "Core", "Core\Core.csproj", "{2E1FB0DF-F9BB-4909-9F32-2D9D022A8E57}"
EndProject
Project("{FAE04EC0-301F-11D3-BF4B-00C04F79EFBC}") = "Sensors", "Sensors\Sensors.csproj", "{31421787-1A3C-427C-A8AD-C7E2561B2956}"
EndProject
Project("{FAE04EC0-301F-11D3-BF4B-00C04F79EFBC}") = "ExtendedLinguisticServices", "ExtendedLinguisticServices\ExtendedLinguisticServices.csproj", "{B2CE24B7-FC5D-49AC-806F-1D88F78A31E9}"
EndProject
Project("{FAE04EC0-301F-11D3-BF4B-00C04F79EFBC}") = "ShellExtensions", "ShellExtensions\ShellExtensions.csproj", "{F3C863EC-33F4-4ED2-9D67-00BF3EEEAB64}"
EndProject
Project("{FAE04EC0-301F-11D3-BF4B-00C04F79EFBC}") = "Win32Native", "Win32Native\Win32Native.csproj", "{6C1AD76C-8EEB-4B2D-B6B4-F9B7234A92FB}"
EndProject
Project("{2150E333-8FDC-42A3-9474-1A3956D46DE8}") = "Solution Items", "Solution Items", "{21C85C30-53C8-4CD7-8278-1FC0AE1188A9}"
	ProjectSection(SolutionItems) = preProject
		..\..\CHANGELOG.md = ..\..\CHANGELOG.md
		Directory.Build.props = Directory.Build.props
		..\..\LICENSE = ..\..\LICENSE
		..\..\README.md = ..\..\README.md
	EndProjectSection
EndProject
Project("{FAE04EC0-301F-11D3-BF4B-00C04F79EFBC}") = "WindowsPortableDevices", "WindowsPortableDevices\WindowsPortableDevices.csproj", "{2945CB31-1559-4BD9-A7C4-64475EB0F33B}"
EndProject
Global
	GlobalSection(SolutionConfigurationPlatforms) = preSolution
		Debug with FxCop|Any CPU = Debug with FxCop|Any CPU
		Debug with FxCop|Mixed Platforms = Debug with FxCop|Mixed Platforms
		Debug with FxCop|Win32 = Debug with FxCop|Win32
		Debug with FxCop|x64 = Debug with FxCop|x64
		Debug|Any CPU = Debug|Any CPU
		Debug|Mixed Platforms = Debug|Mixed Platforms
		Debug|Win32 = Debug|Win32
		Debug|x64 = Debug|x64
		Release with FxCop|Any CPU = Release with FxCop|Any CPU
		Release with FxCop|Mixed Platforms = Release with FxCop|Mixed Platforms
		Release with FxCop|Win32 = Release with FxCop|Win32
		Release with FxCop|x64 = Release with FxCop|x64
		Release|Any CPU = Release|Any CPU
		Release|Mixed Platforms = Release|Mixed Platforms
		Release|Win32 = Release|Win32
		Release|x64 = Release|x64
	EndGlobalSection
	GlobalSection(ProjectConfigurationPlatforms) = postSolution
		{AA0C00CB-8699-4F37-BFAE-40CA87ACC06D}.Debug with FxCop|Any CPU.ActiveCfg = Debug|Any CPU
		{AA0C00CB-8699-4F37-BFAE-40CA87ACC06D}.Debug with FxCop|Any CPU.Build.0 = Debug|Any CPU
		{AA0C00CB-8699-4F37-BFAE-40CA87ACC06D}.Debug with FxCop|Mixed Platforms.ActiveCfg = Debug|Any CPU
		{AA0C00CB-8699-4F37-BFAE-40CA87ACC06D}.Debug with FxCop|Mixed Platforms.Build.0 = Debug|Any CPU
		{AA0C00CB-8699-4F37-BFAE-40CA87ACC06D}.Debug with FxCop|Win32.ActiveCfg = Debug|Any CPU
		{AA0C00CB-8699-4F37-BFAE-40CA87ACC06D}.Debug with FxCop|Win32.Build.0 = Debug|Any CPU
		{AA0C00CB-8699-4F37-BFAE-40CA87ACC06D}.Debug with FxCop|x64.ActiveCfg = Debug|x64
		{AA0C00CB-8699-4F37-BFAE-40CA87ACC06D}.Debug with FxCop|x64.Build.0 = Debug|x64
		{AA0C00CB-8699-4F37-BFAE-40CA87ACC06D}.Debug|Any CPU.ActiveCfg = Debug|Any CPU
		{AA0C00CB-8699-4F37-BFAE-40CA87ACC06D}.Debug|Any CPU.Build.0 = Debug|Any CPU
		{AA0C00CB-8699-4F37-BFAE-40CA87ACC06D}.Debug|Mixed Platforms.ActiveCfg = Debug|Any CPU
		{AA0C00CB-8699-4F37-BFAE-40CA87ACC06D}.Debug|Mixed Platforms.Build.0 = Debug|Any CPU
		{AA0C00CB-8699-4F37-BFAE-40CA87ACC06D}.Debug|Win32.ActiveCfg = Debug|Any CPU
		{AA0C00CB-8699-4F37-BFAE-40CA87ACC06D}.Debug|x64.ActiveCfg = Debug|x64
		{AA0C00CB-8699-4F37-BFAE-40CA87ACC06D}.Debug|x64.Build.0 = Debug|x64
		{AA0C00CB-8699-4F37-BFAE-40CA87ACC06D}.Release with FxCop|Any CPU.ActiveCfg = Release|Any CPU
		{AA0C00CB-8699-4F37-BFAE-40CA87ACC06D}.Release with FxCop|Any CPU.Build.0 = Release|Any CPU
		{AA0C00CB-8699-4F37-BFAE-40CA87ACC06D}.Release with FxCop|Mixed Platforms.ActiveCfg = Release|Any CPU
		{AA0C00CB-8699-4F37-BFAE-40CA87ACC06D}.Release with FxCop|Mixed Platforms.Build.0 = Release|Any CPU
		{AA0C00CB-8699-4F37-BFAE-40CA87ACC06D}.Release with FxCop|Win32.ActiveCfg = Release|Any CPU
		{AA0C00CB-8699-4F37-BFAE-40CA87ACC06D}.Release with FxCop|Win32.Build.0 = Release|Any CPU
		{AA0C00CB-8699-4F37-BFAE-40CA87ACC06D}.Release with FxCop|x64.ActiveCfg = Release|x64
		{AA0C00CB-8699-4F37-BFAE-40CA87ACC06D}.Release with FxCop|x64.Build.0 = Release|x64
		{AA0C00CB-8699-4F37-BFAE-40CA87ACC06D}.Release|Any CPU.ActiveCfg = Release|Any CPU
		{AA0C00CB-8699-4F37-BFAE-40CA87ACC06D}.Release|Any CPU.Build.0 = Release|Any CPU
		{AA0C00CB-8699-4F37-BFAE-40CA87ACC06D}.Release|Mixed Platforms.ActiveCfg = Release|Any CPU
		{AA0C00CB-8699-4F37-BFAE-40CA87ACC06D}.Release|Mixed Platforms.Build.0 = Release|Any CPU
		{AA0C00CB-8699-4F37-BFAE-40CA87ACC06D}.Release|Win32.ActiveCfg = Release|Any CPU
		{AA0C00CB-8699-4F37-BFAE-40CA87ACC06D}.Release|x64.ActiveCfg = Release|x64
		{AA0C00CB-8699-4F37-BFAE-40CA87ACC06D}.Release|x64.Build.0 = Release|x64
		{2E1FB0DF-F9BB-4909-9F32-2D9D022A8E57}.Debug with FxCop|Any CPU.ActiveCfg = Debug|Any CPU
		{2E1FB0DF-F9BB-4909-9F32-2D9D022A8E57}.Debug with FxCop|Any CPU.Build.0 = Debug|Any CPU
		{2E1FB0DF-F9BB-4909-9F32-2D9D022A8E57}.Debug with FxCop|Mixed Platforms.ActiveCfg = Debug|Any CPU
		{2E1FB0DF-F9BB-4909-9F32-2D9D022A8E57}.Debug with FxCop|Mixed Platforms.Build.0 = Debug|Any CPU
		{2E1FB0DF-F9BB-4909-9F32-2D9D022A8E57}.Debug with FxCop|Win32.ActiveCfg = Debug|Any CPU
		{2E1FB0DF-F9BB-4909-9F32-2D9D022A8E57}.Debug with FxCop|Win32.Build.0 = Debug|Any CPU
		{2E1FB0DF-F9BB-4909-9F32-2D9D022A8E57}.Debug with FxCop|x64.ActiveCfg = Debug|x64
		{2E1FB0DF-F9BB-4909-9F32-2D9D022A8E57}.Debug with FxCop|x64.Build.0 = Debug|x64
		{2E1FB0DF-F9BB-4909-9F32-2D9D022A8E57}.Debug|Any CPU.ActiveCfg = Debug|Any CPU
		{2E1FB0DF-F9BB-4909-9F32-2D9D022A8E57}.Debug|Any CPU.Build.0 = Debug|Any CPU
		{2E1FB0DF-F9BB-4909-9F32-2D9D022A8E57}.Debug|Mixed Platforms.ActiveCfg = Debug|Any CPU
		{2E1FB0DF-F9BB-4909-9F32-2D9D022A8E57}.Debug|Mixed Platforms.Build.0 = Debug|Any CPU
		{2E1FB0DF-F9BB-4909-9F32-2D9D022A8E57}.Debug|Win32.ActiveCfg = Debug|Any CPU
		{2E1FB0DF-F9BB-4909-9F32-2D9D022A8E57}.Debug|x64.ActiveCfg = Debug|x64
		{2E1FB0DF-F9BB-4909-9F32-2D9D022A8E57}.Debug|x64.Build.0 = Debug|x64
		{2E1FB0DF-F9BB-4909-9F32-2D9D022A8E57}.Release with FxCop|Any CPU.ActiveCfg = Release|Any CPU
		{2E1FB0DF-F9BB-4909-9F32-2D9D022A8E57}.Release with FxCop|Any CPU.Build.0 = Release|Any CPU
		{2E1FB0DF-F9BB-4909-9F32-2D9D022A8E57}.Release with FxCop|Mixed Platforms.ActiveCfg = Release|Any CPU
		{2E1FB0DF-F9BB-4909-9F32-2D9D022A8E57}.Release with FxCop|Mixed Platforms.Build.0 = Release|Any CPU
		{2E1FB0DF-F9BB-4909-9F32-2D9D022A8E57}.Release with FxCop|Win32.ActiveCfg = Release|Any CPU
		{2E1FB0DF-F9BB-4909-9F32-2D9D022A8E57}.Release with FxCop|Win32.Build.0 = Release|Any CPU
		{2E1FB0DF-F9BB-4909-9F32-2D9D022A8E57}.Release with FxCop|x64.ActiveCfg = Release|x64
		{2E1FB0DF-F9BB-4909-9F32-2D9D022A8E57}.Release with FxCop|x64.Build.0 = Release|x64
		{2E1FB0DF-F9BB-4909-9F32-2D9D022A8E57}.Release|Any CPU.ActiveCfg = Release|Any CPU
		{2E1FB0DF-F9BB-4909-9F32-2D9D022A8E57}.Release|Any CPU.Build.0 = Release|Any CPU
		{2E1FB0DF-F9BB-4909-9F32-2D9D022A8E57}.Release|Mixed Platforms.ActiveCfg = Release|Any CPU
		{2E1FB0DF-F9BB-4909-9F32-2D9D022A8E57}.Release|Mixed Platforms.Build.0 = Release|Any CPU
		{2E1FB0DF-F9BB-4909-9F32-2D9D022A8E57}.Release|Win32.ActiveCfg = Release|Any CPU
		{2E1FB0DF-F9BB-4909-9F32-2D9D022A8E57}.Release|x64.ActiveCfg = Release|x64
		{2E1FB0DF-F9BB-4909-9F32-2D9D022A8E57}.Release|x64.Build.0 = Release|x64
		{31421787-1A3C-427C-A8AD-C7E2561B2956}.Debug with FxCop|Any CPU.ActiveCfg = Debug|Any CPU
		{31421787-1A3C-427C-A8AD-C7E2561B2956}.Debug with FxCop|Any CPU.Build.0 = Debug|Any CPU
		{31421787-1A3C-427C-A8AD-C7E2561B2956}.Debug with FxCop|Mixed Platforms.ActiveCfg = Debug|Any CPU
		{31421787-1A3C-427C-A8AD-C7E2561B2956}.Debug with FxCop|Mixed Platforms.Build.0 = Debug|Any CPU
		{31421787-1A3C-427C-A8AD-C7E2561B2956}.Debug with FxCop|Win32.ActiveCfg = Debug|Any CPU
		{31421787-1A3C-427C-A8AD-C7E2561B2956}.Debug with FxCop|Win32.Build.0 = Debug|Any CPU
		{31421787-1A3C-427C-A8AD-C7E2561B2956}.Debug with FxCop|x64.ActiveCfg = Debug|Any CPU
		{31421787-1A3C-427C-A8AD-C7E2561B2956}.Debug with FxCop|x64.Build.0 = Debug|Any CPU
		{31421787-1A3C-427C-A8AD-C7E2561B2956}.Debug|Any CPU.ActiveCfg = Debug|Any CPU
		{31421787-1A3C-427C-A8AD-C7E2561B2956}.Debug|Any CPU.Build.0 = Debug|Any CPU
		{31421787-1A3C-427C-A8AD-C7E2561B2956}.Debug|Mixed Platforms.ActiveCfg = Debug|Any CPU
		{31421787-1A3C-427C-A8AD-C7E2561B2956}.Debug|Mixed Platforms.Build.0 = Debug|Any CPU
		{31421787-1A3C-427C-A8AD-C7E2561B2956}.Debug|Win32.ActiveCfg = Debug|Any CPU
		{31421787-1A3C-427C-A8AD-C7E2561B2956}.Debug|x64.ActiveCfg = Debug|Any CPU
		{31421787-1A3C-427C-A8AD-C7E2561B2956}.Debug|x64.Build.0 = Debug|Any CPU
		{31421787-1A3C-427C-A8AD-C7E2561B2956}.Release with FxCop|Any CPU.ActiveCfg = Release|Any CPU
		{31421787-1A3C-427C-A8AD-C7E2561B2956}.Release with FxCop|Any CPU.Build.0 = Release|Any CPU
		{31421787-1A3C-427C-A8AD-C7E2561B2956}.Release with FxCop|Mixed Platforms.ActiveCfg = Release|Any CPU
		{31421787-1A3C-427C-A8AD-C7E2561B2956}.Release with FxCop|Mixed Platforms.Build.0 = Release|Any CPU
		{31421787-1A3C-427C-A8AD-C7E2561B2956}.Release with FxCop|Win32.ActiveCfg = Release|Any CPU
		{31421787-1A3C-427C-A8AD-C7E2561B2956}.Release with FxCop|Win32.Build.0 = Release|Any CPU
		{31421787-1A3C-427C-A8AD-C7E2561B2956}.Release with FxCop|x64.ActiveCfg = Release|Any CPU
		{31421787-1A3C-427C-A8AD-C7E2561B2956}.Release with FxCop|x64.Build.0 = Release|Any CPU
		{31421787-1A3C-427C-A8AD-C7E2561B2956}.Release|Any CPU.ActiveCfg = Release|Any CPU
		{31421787-1A3C-427C-A8AD-C7E2561B2956}.Release|Any CPU.Build.0 = Release|Any CPU
		{31421787-1A3C-427C-A8AD-C7E2561B2956}.Release|Mixed Platforms.ActiveCfg = Release|Any CPU
		{31421787-1A3C-427C-A8AD-C7E2561B2956}.Release|Mixed Platforms.Build.0 = Release|Any CPU
		{31421787-1A3C-427C-A8AD-C7E2561B2956}.Release|Win32.ActiveCfg = Release|Any CPU
		{31421787-1A3C-427C-A8AD-C7E2561B2956}.Release|x64.ActiveCfg = Release|Any CPU
		{31421787-1A3C-427C-A8AD-C7E2561B2956}.Release|x64.Build.0 = Release|Any CPU
		{B2CE24B7-FC5D-49AC-806F-1D88F78A31E9}.Debug with FxCop|Any CPU.ActiveCfg = Debug|Any CPU
		{B2CE24B7-FC5D-49AC-806F-1D88F78A31E9}.Debug with FxCop|Any CPU.Build.0 = Debug|Any CPU
		{B2CE24B7-FC5D-49AC-806F-1D88F78A31E9}.Debug with FxCop|Mixed Platforms.ActiveCfg = Debug|Any CPU
		{B2CE24B7-FC5D-49AC-806F-1D88F78A31E9}.Debug with FxCop|Mixed Platforms.Build.0 = Debug|Any CPU
		{B2CE24B7-FC5D-49AC-806F-1D88F78A31E9}.Debug with FxCop|Win32.ActiveCfg = Debug|Any CPU
		{B2CE24B7-FC5D-49AC-806F-1D88F78A31E9}.Debug with FxCop|Win32.Build.0 = Debug|Any CPU
		{B2CE24B7-FC5D-49AC-806F-1D88F78A31E9}.Debug with FxCop|x64.ActiveCfg = Debug|Any CPU
		{B2CE24B7-FC5D-49AC-806F-1D88F78A31E9}.Debug with FxCop|x64.Build.0 = Debug|Any CPU
		{B2CE24B7-FC5D-49AC-806F-1D88F78A31E9}.Debug|Any CPU.ActiveCfg = Debug|Any CPU
		{B2CE24B7-FC5D-49AC-806F-1D88F78A31E9}.Debug|Any CPU.Build.0 = Debug|Any CPU
		{B2CE24B7-FC5D-49AC-806F-1D88F78A31E9}.Debug|Mixed Platforms.ActiveCfg = Debug|Any CPU
		{B2CE24B7-FC5D-49AC-806F-1D88F78A31E9}.Debug|Mixed Platforms.Build.0 = Debug|Any CPU
		{B2CE24B7-FC5D-49AC-806F-1D88F78A31E9}.Debug|Win32.ActiveCfg = Debug|Any CPU
		{B2CE24B7-FC5D-49AC-806F-1D88F78A31E9}.Debug|x64.ActiveCfg = Debug|Any CPU
		{B2CE24B7-FC5D-49AC-806F-1D88F78A31E9}.Debug|x64.Build.0 = Debug|Any CPU
		{B2CE24B7-FC5D-49AC-806F-1D88F78A31E9}.Release with FxCop|Any CPU.ActiveCfg = Release|Any CPU
		{B2CE24B7-FC5D-49AC-806F-1D88F78A31E9}.Release with FxCop|Any CPU.Build.0 = Release|Any CPU
		{B2CE24B7-FC5D-49AC-806F-1D88F78A31E9}.Release with FxCop|Mixed Platforms.ActiveCfg = Release|Any CPU
		{B2CE24B7-FC5D-49AC-806F-1D88F78A31E9}.Release with FxCop|Mixed Platforms.Build.0 = Release|Any CPU
		{B2CE24B7-FC5D-49AC-806F-1D88F78A31E9}.Release with FxCop|Win32.ActiveCfg = Release|Any CPU
		{B2CE24B7-FC5D-49AC-806F-1D88F78A31E9}.Release with FxCop|Win32.Build.0 = Release|Any CPU
		{B2CE24B7-FC5D-49AC-806F-1D88F78A31E9}.Release with FxCop|x64.ActiveCfg = Release|Any CPU
		{B2CE24B7-FC5D-49AC-806F-1D88F78A31E9}.Release with FxCop|x64.Build.0 = Release|Any CPU
		{B2CE24B7-FC5D-49AC-806F-1D88F78A31E9}.Release|Any CPU.ActiveCfg = Release|Any CPU
		{B2CE24B7-FC5D-49AC-806F-1D88F78A31E9}.Release|Any CPU.Build.0 = Release|Any CPU
		{B2CE24B7-FC5D-49AC-806F-1D88F78A31E9}.Release|Mixed Platforms.ActiveCfg = Release|Any CPU
		{B2CE24B7-FC5D-49AC-806F-1D88F78A31E9}.Release|Mixed Platforms.Build.0 = Release|Any CPU
		{B2CE24B7-FC5D-49AC-806F-1D88F78A31E9}.Release|Win32.ActiveCfg = Release|Any CPU
		{B2CE24B7-FC5D-49AC-806F-1D88F78A31E9}.Release|x64.ActiveCfg = Release|Any CPU
		{B2CE24B7-FC5D-49AC-806F-1D88F78A31E9}.Release|x64.Build.0 = Release|Any CPU
		{F3C863EC-33F4-4ED2-9D67-00BF3EEEAB64}.Debug with FxCop|Any CPU.ActiveCfg = Debug|Any CPU
		{F3C863EC-33F4-4ED2-9D67-00BF3EEEAB64}.Debug with FxCop|Any CPU.Build.0 = Debug|Any CPU
		{F3C863EC-33F4-4ED2-9D67-00BF3EEEAB64}.Debug with FxCop|Mixed Platforms.ActiveCfg = Debug|Any CPU
		{F3C863EC-33F4-4ED2-9D67-00BF3EEEAB64}.Debug with FxCop|Mixed Platforms.Build.0 = Debug|Any CPU
		{F3C863EC-33F4-4ED2-9D67-00BF3EEEAB64}.Debug with FxCop|Win32.ActiveCfg = Debug|Any CPU
		{F3C863EC-33F4-4ED2-9D67-00BF3EEEAB64}.Debug with FxCop|Win32.Build.0 = Debug|Any CPU
		{F3C863EC-33F4-4ED2-9D67-00BF3EEEAB64}.Debug with FxCop|x64.ActiveCfg = Debug|x64
		{F3C863EC-33F4-4ED2-9D67-00BF3EEEAB64}.Debug with FxCop|x64.Build.0 = Debug|x64
		{F3C863EC-33F4-4ED2-9D67-00BF3EEEAB64}.Debug|Any CPU.ActiveCfg = Debug|Any CPU
		{F3C863EC-33F4-4ED2-9D67-00BF3EEEAB64}.Debug|Any CPU.Build.0 = Debug|Any CPU
		{F3C863EC-33F4-4ED2-9D67-00BF3EEEAB64}.Debug|Mixed Platforms.ActiveCfg = Debug|Any CPU
		{F3C863EC-33F4-4ED2-9D67-00BF3EEEAB64}.Debug|Mixed Platforms.Build.0 = Debug|Any CPU
		{F3C863EC-33F4-4ED2-9D67-00BF3EEEAB64}.Debug|Win32.ActiveCfg = Debug|Any CPU
		{F3C863EC-33F4-4ED2-9D67-00BF3EEEAB64}.Debug|x64.ActiveCfg = Debug|x64
		{F3C863EC-33F4-4ED2-9D67-00BF3EEEAB64}.Debug|x64.Build.0 = Debug|x64
		{F3C863EC-33F4-4ED2-9D67-00BF3EEEAB64}.Release with FxCop|Any CPU.ActiveCfg = Release|Any CPU
		{F3C863EC-33F4-4ED2-9D67-00BF3EEEAB64}.Release with FxCop|Any CPU.Build.0 = Release|Any CPU
		{F3C863EC-33F4-4ED2-9D67-00BF3EEEAB64}.Release with FxCop|Mixed Platforms.ActiveCfg = Release|Any CPU
		{F3C863EC-33F4-4ED2-9D67-00BF3EEEAB64}.Release with FxCop|Mixed Platforms.Build.0 = Release|Any CPU
		{F3C863EC-33F4-4ED2-9D67-00BF3EEEAB64}.Release with FxCop|Win32.ActiveCfg = Release|Any CPU
		{F3C863EC-33F4-4ED2-9D67-00BF3EEEAB64}.Release with FxCop|Win32.Build.0 = Release|Any CPU
		{F3C863EC-33F4-4ED2-9D67-00BF3EEEAB64}.Release with FxCop|x64.ActiveCfg = Release|x64
		{F3C863EC-33F4-4ED2-9D67-00BF3EEEAB64}.Release with FxCop|x64.Build.0 = Release|x64
		{F3C863EC-33F4-4ED2-9D67-00BF3EEEAB64}.Release|Any CPU.ActiveCfg = Release|Any CPU
		{F3C863EC-33F4-4ED2-9D67-00BF3EEEAB64}.Release|Any CPU.Build.0 = Release|Any CPU
		{F3C863EC-33F4-4ED2-9D67-00BF3EEEAB64}.Release|Mixed Platforms.ActiveCfg = Release|Any CPU
		{F3C863EC-33F4-4ED2-9D67-00BF3EEEAB64}.Release|Mixed Platforms.Build.0 = Release|Any CPU
		{F3C863EC-33F4-4ED2-9D67-00BF3EEEAB64}.Release|Win32.ActiveCfg = Release|Any CPU
		{F3C863EC-33F4-4ED2-9D67-00BF3EEEAB64}.Release|x64.ActiveCfg = Release|x64
		{F3C863EC-33F4-4ED2-9D67-00BF3EEEAB64}.Release|x64.Build.0 = Release|x64
		{6C1AD76C-8EEB-4B2D-B6B4-F9B7234A92FB}.Debug with FxCop|Any CPU.ActiveCfg = Debug|Any CPU
		{6C1AD76C-8EEB-4B2D-B6B4-F9B7234A92FB}.Debug with FxCop|Any CPU.Build.0 = Debug|Any CPU
		{6C1AD76C-8EEB-4B2D-B6B4-F9B7234A92FB}.Debug with FxCop|Mixed Platforms.ActiveCfg = Debug|Any CPU
		{6C1AD76C-8EEB-4B2D-B6B4-F9B7234A92FB}.Debug with FxCop|Mixed Platforms.Build.0 = Debug|Any CPU
		{6C1AD76C-8EEB-4B2D-B6B4-F9B7234A92FB}.Debug with FxCop|Win32.ActiveCfg = Debug|Any CPU
		{6C1AD76C-8EEB-4B2D-B6B4-F9B7234A92FB}.Debug with FxCop|Win32.Build.0 = Debug|Any CPU
		{6C1AD76C-8EEB-4B2D-B6B4-F9B7234A92FB}.Debug with FxCop|x64.ActiveCfg = Debug|Any CPU
		{6C1AD76C-8EEB-4B2D-B6B4-F9B7234A92FB}.Debug with FxCop|x64.Build.0 = Debug|Any CPU
		{6C1AD76C-8EEB-4B2D-B6B4-F9B7234A92FB}.Debug|Any CPU.ActiveCfg = Debug|Any CPU
		{6C1AD76C-8EEB-4B2D-B6B4-F9B7234A92FB}.Debug|Any CPU.Build.0 = Debug|Any CPU
		{6C1AD76C-8EEB-4B2D-B6B4-F9B7234A92FB}.Debug|Mixed Platforms.ActiveCfg = Debug|Any CPU
		{6C1AD76C-8EEB-4B2D-B6B4-F9B7234A92FB}.Debug|Mixed Platforms.Build.0 = Debug|Any CPU
		{6C1AD76C-8EEB-4B2D-B6B4-F9B7234A92FB}.Debug|Win32.ActiveCfg = Debug|Any CPU
		{6C1AD76C-8EEB-4B2D-B6B4-F9B7234A92FB}.Debug|Win32.Build.0 = Debug|Any CPU
		{6C1AD76C-8EEB-4B2D-B6B4-F9B7234A92FB}.Debug|x64.ActiveCfg = Debug|Any CPU
		{6C1AD76C-8EEB-4B2D-B6B4-F9B7234A92FB}.Debug|x64.Build.0 = Debug|Any CPU
		{6C1AD76C-8EEB-4B2D-B6B4-F9B7234A92FB}.Release with FxCop|Any CPU.ActiveCfg = Release|Any CPU
		{6C1AD76C-8EEB-4B2D-B6B4-F9B7234A92FB}.Release with FxCop|Any CPU.Build.0 = Release|Any CPU
		{6C1AD76C-8EEB-4B2D-B6B4-F9B7234A92FB}.Release with FxCop|Mixed Platforms.ActiveCfg = Release|Any CPU
		{6C1AD76C-8EEB-4B2D-B6B4-F9B7234A92FB}.Release with FxCop|Mixed Platforms.Build.0 = Release|Any CPU
		{6C1AD76C-8EEB-4B2D-B6B4-F9B7234A92FB}.Release with FxCop|Win32.ActiveCfg = Release|Any CPU
		{6C1AD76C-8EEB-4B2D-B6B4-F9B7234A92FB}.Release with FxCop|Win32.Build.0 = Release|Any CPU
		{6C1AD76C-8EEB-4B2D-B6B4-F9B7234A92FB}.Release with FxCop|x64.ActiveCfg = Release|Any CPU
		{6C1AD76C-8EEB-4B2D-B6B4-F9B7234A92FB}.Release with FxCop|x64.Build.0 = Release|Any CPU
		{6C1AD76C-8EEB-4B2D-B6B4-F9B7234A92FB}.Release|Any CPU.ActiveCfg = Release|Any CPU
		{6C1AD76C-8EEB-4B2D-B6B4-F9B7234A92FB}.Release|Any CPU.Build.0 = Release|Any CPU
		{6C1AD76C-8EEB-4B2D-B6B4-F9B7234A92FB}.Release|Mixed Platforms.ActiveCfg = Release|Any CPU
		{6C1AD76C-8EEB-4B2D-B6B4-F9B7234A92FB}.Release|Mixed Platforms.Build.0 = Release|Any CPU
		{6C1AD76C-8EEB-4B2D-B6B4-F9B7234A92FB}.Release|Win32.ActiveCfg = Release|Any CPU
		{6C1AD76C-8EEB-4B2D-B6B4-F9B7234A92FB}.Release|Win32.Build.0 = Release|Any CPU
		{6C1AD76C-8EEB-4B2D-B6B4-F9B7234A92FB}.Release|x64.ActiveCfg = Release|Any CPU
		{6C1AD76C-8EEB-4B2D-B6B4-F9B7234A92FB}.Release|x64.Build.0 = Release|Any CPU
		{2945CB31-1559-4BD9-A7C4-64475EB0F33B}.Debug with FxCop|Any CPU.ActiveCfg = Debug|Any CPU
		{2945CB31-1559-4BD9-A7C4-64475EB0F33B}.Debug with FxCop|Any CPU.Build.0 = Debug|Any CPU
		{2945CB31-1559-4BD9-A7C4-64475EB0F33B}.Debug with FxCop|Mixed Platforms.ActiveCfg = Debug|Any CPU
		{2945CB31-1559-4BD9-A7C4-64475EB0F33B}.Debug with FxCop|Mixed Platforms.Build.0 = Debug|Any CPU
		{2945CB31-1559-4BD9-A7C4-64475EB0F33B}.Debug with FxCop|Win32.ActiveCfg = Debug|Any CPU
		{2945CB31-1559-4BD9-A7C4-64475EB0F33B}.Debug with FxCop|Win32.Build.0 = Debug|Any CPU
		{2945CB31-1559-4BD9-A7C4-64475EB0F33B}.Debug with FxCop|x64.ActiveCfg = Debug|Any CPU
		{2945CB31-1559-4BD9-A7C4-64475EB0F33B}.Debug with FxCop|x64.Build.0 = Debug|Any CPU
		{2945CB31-1559-4BD9-A7C4-64475EB0F33B}.Debug|Any CPU.ActiveCfg = Debug|Any CPU
		{2945CB31-1559-4BD9-A7C4-64475EB0F33B}.Debug|Any CPU.Build.0 = Debug|Any CPU
		{2945CB31-1559-4BD9-A7C4-64475EB0F33B}.Debug|Mixed Platforms.ActiveCfg = Debug|Any CPU
		{2945CB31-1559-4BD9-A7C4-64475EB0F33B}.Debug|Mixed Platforms.Build.0 = Debug|Any CPU
		{2945CB31-1559-4BD9-A7C4-64475EB0F33B}.Debug|Win32.ActiveCfg = Debug|Any CPU
		{2945CB31-1559-4BD9-A7C4-64475EB0F33B}.Debug|Win32.Build.0 = Debug|Any CPU
		{2945CB31-1559-4BD9-A7C4-64475EB0F33B}.Debug|x64.ActiveCfg = Debug|Any CPU
		{2945CB31-1559-4BD9-A7C4-64475EB0F33B}.Debug|x64.Build.0 = Debug|Any CPU
		{2945CB31-1559-4BD9-A7C4-64475EB0F33B}.Release with FxCop|Any CPU.ActiveCfg = Release|Any CPU
		{2945CB31-1559-4BD9-A7C4-64475EB0F33B}.Release with FxCop|Any CPU.Build.0 = Release|Any CPU
		{2945CB31-1559-4BD9-A7C4-64475EB0F33B}.Release with FxCop|Mixed Platforms.ActiveCfg = Release|Any CPU
		{2945CB31-1559-4BD9-A7C4-64475EB0F33B}.Release with FxCop|Mixed Platforms.Build.0 = Release|Any CPU
		{2945CB31-1559-4BD9-A7C4-64475EB0F33B}.Release with FxCop|Win32.ActiveCfg = Release|Any CPU
		{2945CB31-1559-4BD9-A7C4-64475EB0F33B}.Release with FxCop|Win32.Build.0 = Release|Any CPU
		{2945CB31-1559-4BD9-A7C4-64475EB0F33B}.Release with FxCop|x64.ActiveCfg = Release|Any CPU
		{2945CB31-1559-4BD9-A7C4-64475EB0F33B}.Release with FxCop|x64.Build.0 = Release|Any CPU
		{2945CB31-1559-4BD9-A7C4-64475EB0F33B}.Release|Any CPU.ActiveCfg = Release|Any CPU
		{2945CB31-1559-4BD9-A7C4-64475EB0F33B}.Release|Any CPU.Build.0 = Release|Any CPU
		{2945CB31-1559-4BD9-A7C4-64475EB0F33B}.Release|Mixed Platforms.ActiveCfg = Release|Any CPU
		{2945CB31-1559-4BD9-A7C4-64475EB0F33B}.Release|Mixed Platforms.Build.0 = Release|Any CPU
		{2945CB31-1559-4BD9-A7C4-64475EB0F33B}.Release|Win32.ActiveCfg = Release|Any CPU
		{2945CB31-1559-4BD9-A7C4-64475EB0F33B}.Release|Win32.Build.0 = Release|Any CPU
		{2945CB31-1559-4BD9-A7C4-64475EB0F33B}.Release|x64.ActiveCfg = Release|Any CPU
		{2945CB31-1559-4BD9-A7C4-64475EB0F33B}.Release|x64.Build.0 = Release|Any CPU
	EndGlobalSection
	GlobalSection(SolutionProperties) = preSolution
		HideSolutionNode = FALSE
	EndGlobalSection
	GlobalSection(ExtensibilityGlobals) = postSolution
		SolutionGuid = {B754C752-6D53-4C13-BA50-D0152A1534E7}
	EndGlobalSection
EndGlobal
