
Microsoft Visual Studio Solution File, Format Version 12.00
# Visual Studio Version 16
VisualStudioVersion = 16.0.29418.71
MinimumVisualStudioVersion = 10.0.40219.1
Project("{2150E333-8FDC-42A3-9474-1A3956D46DE8}") = "Solution Items", "Solution Items", "{C607FEC2-B0B6-4A21-B6F7-60CEB9322C29}"
	ProjectSection(SolutionItems) = preProject
		..\..\CHANGELOG.md = ..\..\CHANGELOG.md
		..\..\Directory.Build.props = ..\..\Directory.Build.props
		..\..\LICENSE = ..\..\LICENSE
		Local.testsettings = Local.testsettings
		..\..\README.md = ..\..\README.md
		ReadMeFirst.txt = ReadMeFirst.txt
		Tests10.vsmdi = Tests10.vsmdi
		TraceAndTestImpact.testsettings = TraceAndTestImpact.testsettings
	EndProjectSection
EndProject
Project("{2150E333-8FDC-42A3-9474-1A3956D46DE8}") = "Codepack", "Codepack", "{4402274F-C9CF-45EB-BBF2-4FF15ED32A30}"
EndProject
Project("{2150E333-8FDC-42A3-9474-1A3956D46DE8}") = "Tests", "Tests", "{6DFBDAF3-FC7C-45CC-8901-D1A6322DE052}"
EndProject
Project("{2150E333-8FDC-42A3-9474-1A3956D46DE8}") = "2.x", "2.x", "{DFBF07B1-0CE8-49DD-A806-C8361AC3A055}"
EndProject
Project("{2150E333-8FDC-42A3-9474-1A3956D46DE8}") = "3.x", "3.x", "{31571F5B-B04B-483A-9E2D-805ADCD0ADDB}"
EndProject
Project("{9A19103F-16F7-4668-BE54-9A1E7A4F7556}") = "Consts.2.x", "..\WindowsAPICodePack\2.x\Consts.2.x\Consts.2.x.csproj", "{D0CD063E-C4C9-4BAD-8B41-7A986299E523}"
EndProject
Project("{9A19103F-16F7-4668-BE54-9A1E7A4F7556}") = "Win32Native.2.x", "..\WindowsAPICodePack\2.x\Win32Native.2.x\Win32Native.2.x.csproj", "{17F3FCC9-5FF1-448E-B63B-5F81B56A927A}"
EndProject
Project("{9A19103F-16F7-4668-BE54-9A1E7A4F7556}") = "COMNative.2.x", "..\WindowsAPICodePack\2.x\COMNative.2.x\COMNative.2.x.csproj", "{C99151D7-4D4B-4137-BF57-E1D20FDF4E4D}"
EndProject
Project("{9A19103F-16F7-4668-BE54-9A1E7A4F7556}") = "Core.2.x", "..\WindowsAPICodePack\2.x\Core.2.x\Core.2.x.csproj", "{FD931E6C-F271-4AF1-9C58-557C2DB7209F}"
EndProject
Project("{9A19103F-16F7-4668-BE54-9A1E7A4F7556}") = "ExtendedLinguisticServices.2.x", "..\WindowsAPICodePack\2.x\ExtendedLinguisticServices.2.x\ExtendedLinguisticServices.2.x.csproj", "{33B417BD-3CD6-4D67-8A07-A8D1DEC1590D}"
EndProject
Project("{9A19103F-16F7-4668-BE54-9A1E7A4F7556}") = "Shell.2.x", "..\WindowsAPICodePack\2.x\Shell.2.x\Shell.2.x.csproj", "{BF7332D2-E6F9-4D47-8E17-E279ED45D69B}"
EndProject
Project("{9A19103F-16F7-4668-BE54-9A1E7A4F7556}") = "ShellExtensions.2.x", "..\WindowsAPICodePack\2.x\ShellExtensions.2.x\ShellExtensions.2.x.csproj", "{4AC1B5FB-D425-4518-B96A-1A733AE8A508}"
EndProject
Project("{9A19103F-16F7-4668-BE54-9A1E7A4F7556}") = "Sensors.2.x", "..\WindowsAPICodePack\2.x\Sensors.2.x\Sensors.2.x.csproj", "{B343D0F9-4D70-4131-ADBF-EBB19AAA07B4}"
EndProject
Project("{9A19103F-16F7-4668-BE54-9A1E7A4F7556}") = "PortableDevices.2.x", "..\WindowsAPICodePack\2.x\PortableDevices.2.x\PortableDevices.2.x.csproj", "{A43A0B25-B174-4C9A-85BC-9E104B0E8478}"
EndProject
Project("{9A19103F-16F7-4668-BE54-9A1E7A4F7556}") = "COMNative", "..\WindowsAPICodePack\COMNative\COMNative.csproj", "{9E4FE7C8-B996-4462-8FC5-E64C10F5E00B}"
EndProject
Project("{9A19103F-16F7-4668-BE54-9A1E7A4F7556}") = "Consts", "..\WindowsAPICodePack\Consts\Consts.csproj", "{ACB21F49-584B-4D96-B368-D0E971D76F5C}"
EndProject
Project("{9A19103F-16F7-4668-BE54-9A1E7A4F7556}") = "Core", "..\WindowsAPICodePack\Core\Core.csproj", "{E40DAA5E-056C-4BA4-8839-0FA9AB5090E5}"
EndProject
Project("{9A19103F-16F7-4668-BE54-9A1E7A4F7556}") = "ExtendedLinguisticServices", "..\WindowsAPICodePack\ExtendedLinguisticServices\ExtendedLinguisticServices.csproj", "{23567769-E59D-49BB-ABAF-1A05624BB5F6}"
EndProject
Project("{9A19103F-16F7-4668-BE54-9A1E7A4F7556}") = "PortableDevices", "..\WindowsAPICodePack\PortableDevices\PortableDevices.csproj", "{82FE32F9-3C6C-4240-B910-38227A52D8AE}"
EndProject
Project("{9A19103F-16F7-4668-BE54-9A1E7A4F7556}") = "Sensors", "..\WindowsAPICodePack\Sensors\Sensors.csproj", "{0466ECF3-82DD-45FD-AFE6-B446F22230FE}"
EndProject
Project("{9A19103F-16F7-4668-BE54-9A1E7A4F7556}") = "Shell", "..\WindowsAPICodePack\Shell\Shell.csproj", "{670DF228-78C2-4E69-9731-AB752D36E4B7}"
EndProject
Project("{9A19103F-16F7-4668-BE54-9A1E7A4F7556}") = "ShellExtensions", "..\WindowsAPICodePack\ShellExtensions\ShellExtensions.csproj", "{6CD5D14E-872A-45E3-8941-0B01E49E7EC5}"
EndProject
Project("{9A19103F-16F7-4668-BE54-9A1E7A4F7556}") = "Win32Native", "..\WindowsAPICodePack\Win32Native\Win32Native.csproj", "{FA86D53A-9578-498B-896D-13BF15985023}"
EndProject
Project("{D954291E-2A0B-460D-934E-DC6B0785DB48}") = "CoreTests.Shared", "CoreTests.Shared\CoreTests.Shared.shproj", "{2A7299CE-8995-4394-B9E1-2F7086745DC4}"
EndProject
Project("{D954291E-2A0B-460D-934E-DC6B0785DB48}") = "ExtendedLinguisticServicesTests.Shared", "ExtendedLinguisticServicesTests.Shared\ExtendedLinguisticServicesTests.Shared.shproj", "{44352729-38DF-4268-9B32-10DDA92EF165}"
EndProject
Project("{9A19103F-16F7-4668-BE54-9A1E7A4F7556}") = "ExtendedLinguisticServicesTests", "ExtendedLinguisticServicesTests\ExtendedLinguisticServicesTests.csproj", "{8576B038-B7BE-466F-B903-6CA935BC45B6}"
EndProject
Project("{D954291E-2A0B-460D-934E-DC6B0785DB48}") = "SensorsTests.Shared", "SensorsTests.Shared\SensorsTests.Shared.shproj", "{5F7E29A4-B314-4AE5-A3B8-327A5AD4110F}"
EndProject
Project("{9A19103F-16F7-4668-BE54-9A1E7A4F7556}") = "SensorsTests", "SensorsTests\SensorsTests.csproj", "{4F31BF53-0384-4E14-9895-65C88D37F66C}"
EndProject
Project("{D954291E-2A0B-460D-934E-DC6B0785DB48}") = "ShellTests.Shared", "ShellTests.Shared\ShellTests.Shared.shproj", "{A53E21A7-D398-427A-805E-247F5AA9FF2B}"
EndProject
Project("{9A19103F-16F7-4668-BE54-9A1E7A4F7556}") = "ShellTests", "ShellTests\ShellTests.csproj", "{B2BBE395-9A95-45C3-8566-7880F3F07F05}"
EndProject
Project("{9A19103F-16F7-4668-BE54-9A1E7A4F7556}") = "CoreTests", "CoreTests\CoreTests.csproj", "{6B2E7255-7142-4A9C-B7F2-F2B87D2F0794}"
EndProject
Project("{D954291E-2A0B-460D-934E-DC6B0785DB48}") = "ShellExtensionTests.Shared", "ShellExtensionTests.Shared\ShellExtensionTests.Shared.shproj", "{6DCA464A-D42A-4E1B-8C96-C660F65E712E}"
EndProject
Project("{9A19103F-16F7-4668-BE54-9A1E7A4F7556}") = "ShellExtensionTests", "ShellExtensionTests\ShellExtensionTests.csproj", "{345F99BA-904C-43B3-89ED-422C72B91F97}"
EndProject
Project("{2150E333-8FDC-42A3-9474-1A3956D46DE8}") = "2.x", "2.x", "{368629A4-03C1-43D6-826B-879CA8D5A1A3}"
EndProject
Project("{2150E333-8FDC-42A3-9474-1A3956D46DE8}") = "3.x", "3.x", "{312BA879-5A33-4603-B72F-46740AAF7704}"
EndProject
Project("{9A19103F-16F7-4668-BE54-9A1E7A4F7556}") = "CoreTests.2.x", "2.x\CoreTests.2.x\CoreTests.2.x.csproj", "{BCAE6B28-3DFA-4C1C-924C-054F2870F388}"
EndProject
Project("{9A19103F-16F7-4668-BE54-9A1E7A4F7556}") = "ExtendedLinguisticServicesTests.2.x", "2.x\ExtendedLinguisticServicesTests.2.x\ExtendedLinguisticServicesTests.2.x.csproj", "{E13D2911-D19A-426C-A710-1555C1EE5093}"
EndProject
Project("{9A19103F-16F7-4668-BE54-9A1E7A4F7556}") = "SensorsTests.2.x", "2.x\SensorsTests.2.x\SensorsTests.2.x.csproj", "{65E298EB-9754-4DC5-BC78-99969B3F7B62}"
EndProject
Project("{9A19103F-16F7-4668-BE54-9A1E7A4F7556}") = "ShellTests.2.x", "2.x\ShellTests.2.x\ShellTests.2.x.csproj", "{7707E309-078E-4553-A138-550B4C29EAAA}"
EndProject
Project("{9A19103F-16F7-4668-BE54-9A1E7A4F7556}") = "ShellExtensionTests.2.x", "2.x\ShellExtensionTests.2.x\ShellExtensionTests.2.x.csproj", "{DE005773-9B18-4F55-A174-F5C2A2F6574F}"
EndProject
Project("{D954291E-2A0B-460D-934E-DC6B0785DB48}") = "COMNative.Shared", "..\WindowsAPICodePack\COMNative.Shared\COMNative.Shared.shproj", "{0D3D2287-7D7C-464D-977A-B6663A231389}"
EndProject
Project("{D954291E-2A0B-460D-934E-DC6B0785DB48}") = "Consts.Shared", "..\WindowsAPICodePack\Consts.Shared\Consts.Shared.shproj", "{AB530093-4FEB-4F6F-A34D-6DC5FF9B3881}"
EndProject
Project("{D954291E-2A0B-460D-934E-DC6B0785DB48}") = "Core.Shared", "..\WindowsAPICodePack\Core.Shared\Core.Shared.shproj", "{3C3964DD-26D2-4497-A8EE-AAD7DC73A52D}"
EndProject
Project("{D954291E-2A0B-460D-934E-DC6B0785DB48}") = "ExtendedLinguisticServices.Shared", "..\WindowsAPICodePack\ExtendedLinguisticServices.Shared\ExtendedLinguisticServices.Shared.shproj", "{CE862078-C419-483A-AE32-DCC933AEB787}"
EndProject
Project("{D954291E-2A0B-460D-934E-DC6B0785DB48}") = "PortableDevices.Shared", "..\WindowsAPICodePack\PortableDevices.Shared\PortableDevices.Shared.shproj", "{DFE309F3-5FC4-48E2-B26D-274F1033B41E}"
EndProject
Project("{D954291E-2A0B-460D-934E-DC6B0785DB48}") = "Sensors.Shared", "..\WindowsAPICodePack\Sensors.Shared\Sensors.Shared.shproj", "{A873C775-CCBA-437D-BC62-9AC7C821E7D7}"
EndProject
Project("{D954291E-2A0B-460D-934E-DC6B0785DB48}") = "Shell.Shared", "..\WindowsAPICodePack\Shell.Shared\Shell.Shared.shproj", "{EC2B98CC-6F10-4E51-8D2A-17595DAD65EB}"
EndProject
Project("{D954291E-2A0B-460D-934E-DC6B0785DB48}") = "ShellExtensions.Shared", "..\WindowsAPICodePack\ShellExtensions.Shared\ShellExtensions.Shared.shproj", "{EFD811BF-9FA7-4925-B1C9-30C96200E0F7}"
EndProject
Project("{D954291E-2A0B-460D-934E-DC6B0785DB48}") = "Win32Native.Shared", "..\WindowsAPICodePack\Win32Native.Shared\Win32Native.Shared.shproj", "{EECA348E-F9E7-44D5-9C50-A307C7F44D48}"
EndProject
Project("{9A19103F-16F7-4668-BE54-9A1E7A4F7556}") = "Tests", "Tests\Tests.csproj", "{D4461BCE-7474-4B2A-A838-EF7F932664F4}"
EndProject
Global
	GlobalSection(SharedMSBuildProjectFiles) = preSolution
		..\WindowsAPICodePack\Sensors.Shared\Sensors.Shared.projitems*{0466ecf3-82dd-45fd-afe6-b446f22230fe}*SharedItemsImports = 5
		..\WindowsAPICodePack\COMNative.Shared\COMNative.Shared.projitems*{0d3d2287-7d7c-464d-977a-b6663a231389}*SharedItemsImports = 13
		..\WindowsAPICodePack\Win32Native.Shared\Win32Native.Shared.projitems*{17f3fcc9-5ff1-448e-b63b-5f81b56a927a}*SharedItemsImports = 5
		..\WindowsAPICodePack\ExtendedLinguisticServices.Shared\ExtendedLinguisticServices.Shared.projitems*{23567769-e59d-49bb-abaf-1a05624bb5f6}*SharedItemsImports = 5
		CoreTests.Shared\CoreTests.Shared.projitems*{2a7299ce-8995-4394-b9e1-2f7086745dc4}*SharedItemsImports = 13
		..\WindowsAPICodePack\ExtendedLinguisticServices.Shared\ExtendedLinguisticServices.Shared.projitems*{33b417bd-3cd6-4d67-8a07-a8d1dec1590d}*SharedItemsImports = 5
		ShellExtensionTests.Shared\ShellExtensionTests.Shared.projitems*{345f99ba-904c-43b3-89ed-422c72b91f97}*SharedItemsImports = 5
		..\WindowsAPICodePack\Core.Shared\Core.Shared.projitems*{3c3964dd-26d2-4497-a8ee-aad7dc73a52d}*SharedItemsImports = 13
		ExtendedLinguisticServicesTests.Shared\ExtendedLinguisticServicesTests.Shared.projitems*{44352729-38df-4268-9b32-10dda92ef165}*SharedItemsImports = 13
		..\WindowsAPICodePack\ShellExtensions.Shared\ShellExtensions.Shared.projitems*{4ac1b5fb-d425-4518-b96a-1a733ae8a508}*SharedItemsImports = 5
		SensorsTests.Shared\SensorsTests.Shared.projitems*{4f31bf53-0384-4e14-9895-65c88d37f66c}*SharedItemsImports = 5
		SensorsTests.Shared\SensorsTests.Shared.projitems*{5f7e29a4-b314-4ae5-a3b8-327a5ad4110f}*SharedItemsImports = 13
		SensorsTests.Shared\SensorsTests.Shared.projitems*{65e298eb-9754-4dc5-bc78-99969b3f7b62}*SharedItemsImports = 5
		..\WindowsAPICodePack\Shell.Shared\Shell.Shared.projitems*{670df228-78c2-4e69-9731-ab752d36e4b7}*SharedItemsImports = 5
		CoreTests.Shared\CoreTests.Shared.projitems*{6b2e7255-7142-4a9c-b7f2-f2b87d2f0794}*SharedItemsImports = 5
		..\WindowsAPICodePack\ShellExtensions.Shared\ShellExtensions.Shared.projitems*{6cd5d14e-872a-45e3-8941-0b01e49e7ec5}*SharedItemsImports = 5
		ShellExtensionTests.Shared\ShellExtensionTests.Shared.projitems*{6dca464a-d42a-4e1b-8c96-c660f65e712e}*SharedItemsImports = 13
		ShellTests.Shared\ShellTests.Shared.projitems*{7707e309-078e-4553-a138-550b4c29eaaa}*SharedItemsImports = 5
		..\WindowsAPICodePack\PortableDevices.Shared\PortableDevices.Shared.projitems*{82fe32f9-3c6c-4240-b910-38227a52d8ae}*SharedItemsImports = 5
		ExtendedLinguisticServicesTests.Shared\ExtendedLinguisticServicesTests.Shared.projitems*{8576b038-b7be-466f-b903-6ca935bc45b6}*SharedItemsImports = 5
		..\WindowsAPICodePack\COMNative.Shared\COMNative.Shared.projitems*{9e4fe7c8-b996-4462-8fc5-e64c10f5e00b}*SharedItemsImports = 5
		..\WindowsAPICodePack\PortableDevices.Shared\PortableDevices.Shared.projitems*{a43a0b25-b174-4c9a-85bc-9e104b0e8478}*SharedItemsImports = 5
		ShellTests.Shared\ShellTests.Shared.projitems*{a53e21a7-d398-427a-805e-247f5aa9ff2b}*SharedItemsImports = 13
		..\WindowsAPICodePack\Sensors.Shared\Sensors.Shared.projitems*{a873c775-ccba-437d-bc62-9ac7c821e7d7}*SharedItemsImports = 13
		..\WindowsAPICodePack\Consts.Shared\Consts.Shared.projitems*{ab530093-4feb-4f6f-a34d-6dc5ff9b3881}*SharedItemsImports = 13
		..\WindowsAPICodePack\Consts.Shared\Consts.Shared.projitems*{acb21f49-584b-4d96-b368-d0e971d76f5c}*SharedItemsImports = 5
		ShellTests.Shared\ShellTests.Shared.projitems*{b2bbe395-9a95-45c3-8566-7880f3f07f05}*SharedItemsImports = 5
		..\WindowsAPICodePack\Sensors.Shared\Sensors.Shared.projitems*{b343d0f9-4d70-4131-adbf-ebb19aaa07b4}*SharedItemsImports = 5
		CoreTests.Shared\CoreTests.Shared.projitems*{bcae6b28-3dfa-4c1c-924c-054f2870f388}*SharedItemsImports = 5
		..\WindowsAPICodePack\Shell.Shared\Shell.Shared.projitems*{bf7332d2-e6f9-4d47-8e17-e279ed45d69b}*SharedItemsImports = 5
		..\WindowsAPICodePack\COMNative.Shared\COMNative.Shared.projitems*{c99151d7-4d4b-4137-bf57-e1d20fdf4e4d}*SharedItemsImports = 5
		..\WindowsAPICodePack\ExtendedLinguisticServices.Shared\ExtendedLinguisticServices.Shared.projitems*{ce862078-c419-483a-ae32-dcc933aeb787}*SharedItemsImports = 13
		..\WindowsAPICodePack\Consts.Shared\Consts.Shared.projitems*{d0cd063e-c4c9-4bad-8b41-7a986299e523}*SharedItemsImports = 5
		ShellExtensionTests.Shared\ShellExtensionTests.Shared.projitems*{de005773-9b18-4f55-a174-f5c2a2f6574f}*SharedItemsImports = 5
		..\WindowsAPICodePack\PortableDevices.Shared\PortableDevices.Shared.projitems*{dfe309f3-5fc4-48e2-b26d-274f1033b41e}*SharedItemsImports = 13
		ExtendedLinguisticServicesTests.Shared\ExtendedLinguisticServicesTests.Shared.projitems*{e13d2911-d19a-426c-a710-1555c1ee5093}*SharedItemsImports = 5
		..\WindowsAPICodePack\Core.Shared\Core.Shared.projitems*{e40daa5e-056c-4ba4-8839-0fa9ab5090e5}*SharedItemsImports = 5
		..\WindowsAPICodePack\Shell.Shared\Shell.Shared.projitems*{ec2b98cc-6f10-4e51-8d2a-17595dad65eb}*SharedItemsImports = 13
		..\WindowsAPICodePack\Win32Native.Shared\Win32Native.Shared.projitems*{eeca348e-f9e7-44d5-9c50-a307c7f44d48}*SharedItemsImports = 13
		..\WindowsAPICodePack\ShellExtensions.Shared\ShellExtensions.Shared.projitems*{efd811bf-9fa7-4925-b1c9-30c96200e0f7}*SharedItemsImports = 13
		..\WindowsAPICodePack\Win32Native.Shared\Win32Native.Shared.projitems*{fa86d53a-9578-498b-896d-13bf15985023}*SharedItemsImports = 5
		..\WindowsAPICodePack\Core.Shared\Core.Shared.projitems*{fd931e6c-f271-4af1-9c58-557c2db7209f}*SharedItemsImports = 5
	EndGlobalSection
	GlobalSection(SolutionConfigurationPlatforms) = preSolution
		CodeAnalysisDebug|Any CPU = CodeAnalysisDebug|Any CPU
		CodeAnalysisDebug|x64 = CodeAnalysisDebug|x64
		CodeAnalysisDebug|x86 = CodeAnalysisDebug|x86
		Debug|Any CPU = Debug|Any CPU
		Debug|x64 = Debug|x64
		Debug|x86 = Debug|x86
		Release|Any CPU = Release|Any CPU
		Release|x64 = Release|x64
		Release|x86 = Release|x86
	EndGlobalSection
	GlobalSection(ProjectConfigurationPlatforms) = postSolution
		{D0CD063E-C4C9-4BAD-8B41-7A986299E523}.CodeAnalysisDebug|Any CPU.ActiveCfg = Debug|Any CPU
		{D0CD063E-C4C9-4BAD-8B41-7A986299E523}.CodeAnalysisDebug|Any CPU.Build.0 = Debug|Any CPU
		{D0CD063E-C4C9-4BAD-8B41-7A986299E523}.CodeAnalysisDebug|x64.ActiveCfg = Debug|Any CPU
		{D0CD063E-C4C9-4BAD-8B41-7A986299E523}.CodeAnalysisDebug|x64.Build.0 = Debug|Any CPU
		{D0CD063E-C4C9-4BAD-8B41-7A986299E523}.CodeAnalysisDebug|x86.ActiveCfg = Debug|Any CPU
		{D0CD063E-C4C9-4BAD-8B41-7A986299E523}.CodeAnalysisDebug|x86.Build.0 = Debug|Any CPU
		{D0CD063E-C4C9-4BAD-8B41-7A986299E523}.Debug|Any CPU.ActiveCfg = Debug|Any CPU
		{D0CD063E-C4C9-4BAD-8B41-7A986299E523}.Debug|Any CPU.Build.0 = Debug|Any CPU
		{D0CD063E-C4C9-4BAD-8B41-7A986299E523}.Debug|x64.ActiveCfg = Debug|Any CPU
		{D0CD063E-C4C9-4BAD-8B41-7A986299E523}.Debug|x64.Build.0 = Debug|Any CPU
		{D0CD063E-C4C9-4BAD-8B41-7A986299E523}.Debug|x86.ActiveCfg = Debug|Any CPU
		{D0CD063E-C4C9-4BAD-8B41-7A986299E523}.Debug|x86.Build.0 = Debug|Any CPU
		{D0CD063E-C4C9-4BAD-8B41-7A986299E523}.Release|Any CPU.ActiveCfg = Release|Any CPU
		{D0CD063E-C4C9-4BAD-8B41-7A986299E523}.Release|Any CPU.Build.0 = Release|Any CPU
		{D0CD063E-C4C9-4BAD-8B41-7A986299E523}.Release|x64.ActiveCfg = Release|Any CPU
		{D0CD063E-C4C9-4BAD-8B41-7A986299E523}.Release|x64.Build.0 = Release|Any CPU
		{D0CD063E-C4C9-4BAD-8B41-7A986299E523}.Release|x86.ActiveCfg = Release|Any CPU
		{D0CD063E-C4C9-4BAD-8B41-7A986299E523}.Release|x86.Build.0 = Release|Any CPU
		{17F3FCC9-5FF1-448E-B63B-5F81B56A927A}.CodeAnalysisDebug|Any CPU.ActiveCfg = Debug|Any CPU
		{17F3FCC9-5FF1-448E-B63B-5F81B56A927A}.CodeAnalysisDebug|Any CPU.Build.0 = Debug|Any CPU
		{17F3FCC9-5FF1-448E-B63B-5F81B56A927A}.CodeAnalysisDebug|x64.ActiveCfg = Debug|Any CPU
		{17F3FCC9-5FF1-448E-B63B-5F81B56A927A}.CodeAnalysisDebug|x64.Build.0 = Debug|Any CPU
		{17F3FCC9-5FF1-448E-B63B-5F81B56A927A}.CodeAnalysisDebug|x86.ActiveCfg = Debug|Any CPU
		{17F3FCC9-5FF1-448E-B63B-5F81B56A927A}.CodeAnalysisDebug|x86.Build.0 = Debug|Any CPU
		{17F3FCC9-5FF1-448E-B63B-5F81B56A927A}.Debug|Any CPU.ActiveCfg = Debug|Any CPU
		{17F3FCC9-5FF1-448E-B63B-5F81B56A927A}.Debug|Any CPU.Build.0 = Debug|Any CPU
		{17F3FCC9-5FF1-448E-B63B-5F81B56A927A}.Debug|x64.ActiveCfg = Debug|Any CPU
		{17F3FCC9-5FF1-448E-B63B-5F81B56A927A}.Debug|x64.Build.0 = Debug|Any CPU
		{17F3FCC9-5FF1-448E-B63B-5F81B56A927A}.Debug|x86.ActiveCfg = Debug|Any CPU
		{17F3FCC9-5FF1-448E-B63B-5F81B56A927A}.Debug|x86.Build.0 = Debug|Any CPU
		{17F3FCC9-5FF1-448E-B63B-5F81B56A927A}.Release|Any CPU.ActiveCfg = Release|Any CPU
		{17F3FCC9-5FF1-448E-B63B-5F81B56A927A}.Release|Any CPU.Build.0 = Release|Any CPU
		{17F3FCC9-5FF1-448E-B63B-5F81B56A927A}.Release|x64.ActiveCfg = Release|Any CPU
		{17F3FCC9-5FF1-448E-B63B-5F81B56A927A}.Release|x64.Build.0 = Release|Any CPU
		{17F3FCC9-5FF1-448E-B63B-5F81B56A927A}.Release|x86.ActiveCfg = Release|Any CPU
		{17F3FCC9-5FF1-448E-B63B-5F81B56A927A}.Release|x86.Build.0 = Release|Any CPU
		{C99151D7-4D4B-4137-BF57-E1D20FDF4E4D}.CodeAnalysisDebug|Any CPU.ActiveCfg = Debug|Any CPU
		{C99151D7-4D4B-4137-BF57-E1D20FDF4E4D}.CodeAnalysisDebug|Any CPU.Build.0 = Debug|Any CPU
		{C99151D7-4D4B-4137-BF57-E1D20FDF4E4D}.CodeAnalysisDebug|x64.ActiveCfg = Debug|Any CPU
		{C99151D7-4D4B-4137-BF57-E1D20FDF4E4D}.CodeAnalysisDebug|x64.Build.0 = Debug|Any CPU
		{C99151D7-4D4B-4137-BF57-E1D20FDF4E4D}.CodeAnalysisDebug|x86.ActiveCfg = Debug|Any CPU
		{C99151D7-4D4B-4137-BF57-E1D20FDF4E4D}.CodeAnalysisDebug|x86.Build.0 = Debug|Any CPU
		{C99151D7-4D4B-4137-BF57-E1D20FDF4E4D}.Debug|Any CPU.ActiveCfg = Debug|Any CPU
		{C99151D7-4D4B-4137-BF57-E1D20FDF4E4D}.Debug|Any CPU.Build.0 = Debug|Any CPU
		{C99151D7-4D4B-4137-BF57-E1D20FDF4E4D}.Debug|x64.ActiveCfg = Debug|Any CPU
		{C99151D7-4D4B-4137-BF57-E1D20FDF4E4D}.Debug|x64.Build.0 = Debug|Any CPU
		{C99151D7-4D4B-4137-BF57-E1D20FDF4E4D}.Debug|x86.ActiveCfg = Debug|Any CPU
		{C99151D7-4D4B-4137-BF57-E1D20FDF4E4D}.Debug|x86.Build.0 = Debug|Any CPU
		{C99151D7-4D4B-4137-BF57-E1D20FDF4E4D}.Release|Any CPU.ActiveCfg = Release|Any CPU
		{C99151D7-4D4B-4137-BF57-E1D20FDF4E4D}.Release|Any CPU.Build.0 = Release|Any CPU
		{C99151D7-4D4B-4137-BF57-E1D20FDF4E4D}.Release|x64.ActiveCfg = Release|Any CPU
		{C99151D7-4D4B-4137-BF57-E1D20FDF4E4D}.Release|x64.Build.0 = Release|Any CPU
		{C99151D7-4D4B-4137-BF57-E1D20FDF4E4D}.Release|x86.ActiveCfg = Release|Any CPU
		{C99151D7-4D4B-4137-BF57-E1D20FDF4E4D}.Release|x86.Build.0 = Release|Any CPU
		{FD931E6C-F271-4AF1-9C58-557C2DB7209F}.CodeAnalysisDebug|Any CPU.ActiveCfg = Debug|Any CPU
		{FD931E6C-F271-4AF1-9C58-557C2DB7209F}.CodeAnalysisDebug|Any CPU.Build.0 = Debug|Any CPU
		{FD931E6C-F271-4AF1-9C58-557C2DB7209F}.CodeAnalysisDebug|x64.ActiveCfg = Debug|Any CPU
		{FD931E6C-F271-4AF1-9C58-557C2DB7209F}.CodeAnalysisDebug|x64.Build.0 = Debug|Any CPU
		{FD931E6C-F271-4AF1-9C58-557C2DB7209F}.CodeAnalysisDebug|x86.ActiveCfg = Debug|Any CPU
		{FD931E6C-F271-4AF1-9C58-557C2DB7209F}.CodeAnalysisDebug|x86.Build.0 = Debug|Any CPU
		{FD931E6C-F271-4AF1-9C58-557C2DB7209F}.Debug|Any CPU.ActiveCfg = Debug|Any CPU
		{FD931E6C-F271-4AF1-9C58-557C2DB7209F}.Debug|Any CPU.Build.0 = Debug|Any CPU
		{FD931E6C-F271-4AF1-9C58-557C2DB7209F}.Debug|x64.ActiveCfg = Debug|Any CPU
		{FD931E6C-F271-4AF1-9C58-557C2DB7209F}.Debug|x64.Build.0 = Debug|Any CPU
		{FD931E6C-F271-4AF1-9C58-557C2DB7209F}.Debug|x86.ActiveCfg = Debug|Any CPU
		{FD931E6C-F271-4AF1-9C58-557C2DB7209F}.Debug|x86.Build.0 = Debug|Any CPU
		{FD931E6C-F271-4AF1-9C58-557C2DB7209F}.Release|Any CPU.ActiveCfg = Release|Any CPU
		{FD931E6C-F271-4AF1-9C58-557C2DB7209F}.Release|Any CPU.Build.0 = Release|Any CPU
		{FD931E6C-F271-4AF1-9C58-557C2DB7209F}.Release|x64.ActiveCfg = Release|Any CPU
		{FD931E6C-F271-4AF1-9C58-557C2DB7209F}.Release|x64.Build.0 = Release|Any CPU
		{FD931E6C-F271-4AF1-9C58-557C2DB7209F}.Release|x86.ActiveCfg = Release|Any CPU
		{FD931E6C-F271-4AF1-9C58-557C2DB7209F}.Release|x86.Build.0 = Release|Any CPU
		{33B417BD-3CD6-4D67-8A07-A8D1DEC1590D}.CodeAnalysisDebug|Any CPU.ActiveCfg = Debug|Any CPU
		{33B417BD-3CD6-4D67-8A07-A8D1DEC1590D}.CodeAnalysisDebug|Any CPU.Build.0 = Debug|Any CPU
		{33B417BD-3CD6-4D67-8A07-A8D1DEC1590D}.CodeAnalysisDebug|x64.ActiveCfg = Debug|Any CPU
		{33B417BD-3CD6-4D67-8A07-A8D1DEC1590D}.CodeAnalysisDebug|x64.Build.0 = Debug|Any CPU
		{33B417BD-3CD6-4D67-8A07-A8D1DEC1590D}.CodeAnalysisDebug|x86.ActiveCfg = Debug|Any CPU
		{33B417BD-3CD6-4D67-8A07-A8D1DEC1590D}.CodeAnalysisDebug|x86.Build.0 = Debug|Any CPU
		{33B417BD-3CD6-4D67-8A07-A8D1DEC1590D}.Debug|Any CPU.ActiveCfg = Debug|Any CPU
		{33B417BD-3CD6-4D67-8A07-A8D1DEC1590D}.Debug|Any CPU.Build.0 = Debug|Any CPU
		{33B417BD-3CD6-4D67-8A07-A8D1DEC1590D}.Debug|x64.ActiveCfg = Debug|Any CPU
		{33B417BD-3CD6-4D67-8A07-A8D1DEC1590D}.Debug|x64.Build.0 = Debug|Any CPU
		{33B417BD-3CD6-4D67-8A07-A8D1DEC1590D}.Debug|x86.ActiveCfg = Debug|Any CPU
		{33B417BD-3CD6-4D67-8A07-A8D1DEC1590D}.Debug|x86.Build.0 = Debug|Any CPU
		{33B417BD-3CD6-4D67-8A07-A8D1DEC1590D}.Release|Any CPU.ActiveCfg = Release|Any CPU
		{33B417BD-3CD6-4D67-8A07-A8D1DEC1590D}.Release|Any CPU.Build.0 = Release|Any CPU
		{33B417BD-3CD6-4D67-8A07-A8D1DEC1590D}.Release|x64.ActiveCfg = Release|Any CPU
		{33B417BD-3CD6-4D67-8A07-A8D1DEC1590D}.Release|x64.Build.0 = Release|Any CPU
		{33B417BD-3CD6-4D67-8A07-A8D1DEC1590D}.Release|x86.ActiveCfg = Release|Any CPU
		{33B417BD-3CD6-4D67-8A07-A8D1DEC1590D}.Release|x86.Build.0 = Release|Any CPU
		{BF7332D2-E6F9-4D47-8E17-E279ED45D69B}.CodeAnalysisDebug|Any CPU.ActiveCfg = Debug|Any CPU
		{BF7332D2-E6F9-4D47-8E17-E279ED45D69B}.CodeAnalysisDebug|Any CPU.Build.0 = Debug|Any CPU
		{BF7332D2-E6F9-4D47-8E17-E279ED45D69B}.CodeAnalysisDebug|x64.ActiveCfg = Debug|Any CPU
		{BF7332D2-E6F9-4D47-8E17-E279ED45D69B}.CodeAnalysisDebug|x64.Build.0 = Debug|Any CPU
		{BF7332D2-E6F9-4D47-8E17-E279ED45D69B}.CodeAnalysisDebug|x86.ActiveCfg = Debug|Any CPU
		{BF7332D2-E6F9-4D47-8E17-E279ED45D69B}.CodeAnalysisDebug|x86.Build.0 = Debug|Any CPU
		{BF7332D2-E6F9-4D47-8E17-E279ED45D69B}.Debug|Any CPU.ActiveCfg = Debug|Any CPU
		{BF7332D2-E6F9-4D47-8E17-E279ED45D69B}.Debug|Any CPU.Build.0 = Debug|Any CPU
		{BF7332D2-E6F9-4D47-8E17-E279ED45D69B}.Debug|x64.ActiveCfg = Debug|Any CPU
		{BF7332D2-E6F9-4D47-8E17-E279ED45D69B}.Debug|x64.Build.0 = Debug|Any CPU
		{BF7332D2-E6F9-4D47-8E17-E279ED45D69B}.Debug|x86.ActiveCfg = Debug|Any CPU
		{BF7332D2-E6F9-4D47-8E17-E279ED45D69B}.Debug|x86.Build.0 = Debug|Any CPU
		{BF7332D2-E6F9-4D47-8E17-E279ED45D69B}.Release|Any CPU.ActiveCfg = Release|Any CPU
		{BF7332D2-E6F9-4D47-8E17-E279ED45D69B}.Release|Any CPU.Build.0 = Release|Any CPU
		{BF7332D2-E6F9-4D47-8E17-E279ED45D69B}.Release|x64.ActiveCfg = Release|Any CPU
		{BF7332D2-E6F9-4D47-8E17-E279ED45D69B}.Release|x64.Build.0 = Release|Any CPU
		{BF7332D2-E6F9-4D47-8E17-E279ED45D69B}.Release|x86.ActiveCfg = Release|Any CPU
		{BF7332D2-E6F9-4D47-8E17-E279ED45D69B}.Release|x86.Build.0 = Release|Any CPU
		{4AC1B5FB-D425-4518-B96A-1A733AE8A508}.CodeAnalysisDebug|Any CPU.ActiveCfg = Debug|Any CPU
		{4AC1B5FB-D425-4518-B96A-1A733AE8A508}.CodeAnalysisDebug|Any CPU.Build.0 = Debug|Any CPU
		{4AC1B5FB-D425-4518-B96A-1A733AE8A508}.CodeAnalysisDebug|x64.ActiveCfg = Debug|Any CPU
		{4AC1B5FB-D425-4518-B96A-1A733AE8A508}.CodeAnalysisDebug|x64.Build.0 = Debug|Any CPU
		{4AC1B5FB-D425-4518-B96A-1A733AE8A508}.CodeAnalysisDebug|x86.ActiveCfg = Debug|Any CPU
		{4AC1B5FB-D425-4518-B96A-1A733AE8A508}.CodeAnalysisDebug|x86.Build.0 = Debug|Any CPU
		{4AC1B5FB-D425-4518-B96A-1A733AE8A508}.Debug|Any CPU.ActiveCfg = Debug|Any CPU
		{4AC1B5FB-D425-4518-B96A-1A733AE8A508}.Debug|Any CPU.Build.0 = Debug|Any CPU
		{4AC1B5FB-D425-4518-B96A-1A733AE8A508}.Debug|x64.ActiveCfg = Debug|Any CPU
		{4AC1B5FB-D425-4518-B96A-1A733AE8A508}.Debug|x64.Build.0 = Debug|Any CPU
		{4AC1B5FB-D425-4518-B96A-1A733AE8A508}.Debug|x86.ActiveCfg = Debug|Any CPU
		{4AC1B5FB-D425-4518-B96A-1A733AE8A508}.Debug|x86.Build.0 = Debug|Any CPU
		{4AC1B5FB-D425-4518-B96A-1A733AE8A508}.Release|Any CPU.ActiveCfg = Release|Any CPU
		{4AC1B5FB-D425-4518-B96A-1A733AE8A508}.Release|Any CPU.Build.0 = Release|Any CPU
		{4AC1B5FB-D425-4518-B96A-1A733AE8A508}.Release|x64.ActiveCfg = Release|Any CPU
		{4AC1B5FB-D425-4518-B96A-1A733AE8A508}.Release|x64.Build.0 = Release|Any CPU
		{4AC1B5FB-D425-4518-B96A-1A733AE8A508}.Release|x86.ActiveCfg = Release|Any CPU
		{4AC1B5FB-D425-4518-B96A-1A733AE8A508}.Release|x86.Build.0 = Release|Any CPU
		{B343D0F9-4D70-4131-ADBF-EBB19AAA07B4}.CodeAnalysisDebug|Any CPU.ActiveCfg = Debug|Any CPU
		{B343D0F9-4D70-4131-ADBF-EBB19AAA07B4}.CodeAnalysisDebug|Any CPU.Build.0 = Debug|Any CPU
		{B343D0F9-4D70-4131-ADBF-EBB19AAA07B4}.CodeAnalysisDebug|x64.ActiveCfg = Debug|Any CPU
		{B343D0F9-4D70-4131-ADBF-EBB19AAA07B4}.CodeAnalysisDebug|x64.Build.0 = Debug|Any CPU
		{B343D0F9-4D70-4131-ADBF-EBB19AAA07B4}.CodeAnalysisDebug|x86.ActiveCfg = Debug|Any CPU
		{B343D0F9-4D70-4131-ADBF-EBB19AAA07B4}.CodeAnalysisDebug|x86.Build.0 = Debug|Any CPU
		{B343D0F9-4D70-4131-ADBF-EBB19AAA07B4}.Debug|Any CPU.ActiveCfg = Debug|Any CPU
		{B343D0F9-4D70-4131-ADBF-EBB19AAA07B4}.Debug|Any CPU.Build.0 = Debug|Any CPU
		{B343D0F9-4D70-4131-ADBF-EBB19AAA07B4}.Debug|x64.ActiveCfg = Debug|Any CPU
		{B343D0F9-4D70-4131-ADBF-EBB19AAA07B4}.Debug|x64.Build.0 = Debug|Any CPU
		{B343D0F9-4D70-4131-ADBF-EBB19AAA07B4}.Debug|x86.ActiveCfg = Debug|Any CPU
		{B343D0F9-4D70-4131-ADBF-EBB19AAA07B4}.Debug|x86.Build.0 = Debug|Any CPU
		{B343D0F9-4D70-4131-ADBF-EBB19AAA07B4}.Release|Any CPU.ActiveCfg = Release|Any CPU
		{B343D0F9-4D70-4131-ADBF-EBB19AAA07B4}.Release|Any CPU.Build.0 = Release|Any CPU
		{B343D0F9-4D70-4131-ADBF-EBB19AAA07B4}.Release|x64.ActiveCfg = Release|Any CPU
		{B343D0F9-4D70-4131-ADBF-EBB19AAA07B4}.Release|x64.Build.0 = Release|Any CPU
		{B343D0F9-4D70-4131-ADBF-EBB19AAA07B4}.Release|x86.ActiveCfg = Release|Any CPU
		{B343D0F9-4D70-4131-ADBF-EBB19AAA07B4}.Release|x86.Build.0 = Release|Any CPU
		{A43A0B25-B174-4C9A-85BC-9E104B0E8478}.CodeAnalysisDebug|Any CPU.ActiveCfg = Debug|Any CPU
		{A43A0B25-B174-4C9A-85BC-9E104B0E8478}.CodeAnalysisDebug|Any CPU.Build.0 = Debug|Any CPU
		{A43A0B25-B174-4C9A-85BC-9E104B0E8478}.CodeAnalysisDebug|x64.ActiveCfg = Debug|Any CPU
		{A43A0B25-B174-4C9A-85BC-9E104B0E8478}.CodeAnalysisDebug|x64.Build.0 = Debug|Any CPU
		{A43A0B25-B174-4C9A-85BC-9E104B0E8478}.CodeAnalysisDebug|x86.ActiveCfg = Debug|Any CPU
		{A43A0B25-B174-4C9A-85BC-9E104B0E8478}.CodeAnalysisDebug|x86.Build.0 = Debug|Any CPU
		{A43A0B25-B174-4C9A-85BC-9E104B0E8478}.Debug|Any CPU.ActiveCfg = Debug|Any CPU
		{A43A0B25-B174-4C9A-85BC-9E104B0E8478}.Debug|Any CPU.Build.0 = Debug|Any CPU
		{A43A0B25-B174-4C9A-85BC-9E104B0E8478}.Debug|x64.ActiveCfg = Debug|Any CPU
		{A43A0B25-B174-4C9A-85BC-9E104B0E8478}.Debug|x64.Build.0 = Debug|Any CPU
		{A43A0B25-B174-4C9A-85BC-9E104B0E8478}.Debug|x86.ActiveCfg = Debug|Any CPU
		{A43A0B25-B174-4C9A-85BC-9E104B0E8478}.Debug|x86.Build.0 = Debug|Any CPU
		{A43A0B25-B174-4C9A-85BC-9E104B0E8478}.Release|Any CPU.ActiveCfg = Release|Any CPU
		{A43A0B25-B174-4C9A-85BC-9E104B0E8478}.Release|Any CPU.Build.0 = Release|Any CPU
		{A43A0B25-B174-4C9A-85BC-9E104B0E8478}.Release|x64.ActiveCfg = Release|Any CPU
		{A43A0B25-B174-4C9A-85BC-9E104B0E8478}.Release|x64.Build.0 = Release|Any CPU
		{A43A0B25-B174-4C9A-85BC-9E104B0E8478}.Release|x86.ActiveCfg = Release|Any CPU
		{A43A0B25-B174-4C9A-85BC-9E104B0E8478}.Release|x86.Build.0 = Release|Any CPU
		{9E4FE7C8-B996-4462-8FC5-E64C10F5E00B}.CodeAnalysisDebug|Any CPU.ActiveCfg = Debug|Any CPU
		{9E4FE7C8-B996-4462-8FC5-E64C10F5E00B}.CodeAnalysisDebug|Any CPU.Build.0 = Debug|Any CPU
		{9E4FE7C8-B996-4462-8FC5-E64C10F5E00B}.CodeAnalysisDebug|x64.ActiveCfg = Debug|Any CPU
		{9E4FE7C8-B996-4462-8FC5-E64C10F5E00B}.CodeAnalysisDebug|x64.Build.0 = Debug|Any CPU
		{9E4FE7C8-B996-4462-8FC5-E64C10F5E00B}.CodeAnalysisDebug|x86.ActiveCfg = Debug|Any CPU
		{9E4FE7C8-B996-4462-8FC5-E64C10F5E00B}.CodeAnalysisDebug|x86.Build.0 = Debug|Any CPU
		{9E4FE7C8-B996-4462-8FC5-E64C10F5E00B}.Debug|Any CPU.ActiveCfg = Debug|Any CPU
		{9E4FE7C8-B996-4462-8FC5-E64C10F5E00B}.Debug|Any CPU.Build.0 = Debug|Any CPU
		{9E4FE7C8-B996-4462-8FC5-E64C10F5E00B}.Debug|x64.ActiveCfg = Debug|Any CPU
		{9E4FE7C8-B996-4462-8FC5-E64C10F5E00B}.Debug|x64.Build.0 = Debug|Any CPU
		{9E4FE7C8-B996-4462-8FC5-E64C10F5E00B}.Debug|x86.ActiveCfg = Debug|Any CPU
		{9E4FE7C8-B996-4462-8FC5-E64C10F5E00B}.Debug|x86.Build.0 = Debug|Any CPU
		{9E4FE7C8-B996-4462-8FC5-E64C10F5E00B}.Release|Any CPU.ActiveCfg = Release|Any CPU
		{9E4FE7C8-B996-4462-8FC5-E64C10F5E00B}.Release|Any CPU.Build.0 = Release|Any CPU
		{9E4FE7C8-B996-4462-8FC5-E64C10F5E00B}.Release|x64.ActiveCfg = Release|Any CPU
		{9E4FE7C8-B996-4462-8FC5-E64C10F5E00B}.Release|x64.Build.0 = Release|Any CPU
		{9E4FE7C8-B996-4462-8FC5-E64C10F5E00B}.Release|x86.ActiveCfg = Release|Any CPU
		{9E4FE7C8-B996-4462-8FC5-E64C10F5E00B}.Release|x86.Build.0 = Release|Any CPU
		{ACB21F49-584B-4D96-B368-D0E971D76F5C}.CodeAnalysisDebug|Any CPU.ActiveCfg = Debug|Any CPU
		{ACB21F49-584B-4D96-B368-D0E971D76F5C}.CodeAnalysisDebug|Any CPU.Build.0 = Debug|Any CPU
		{ACB21F49-584B-4D96-B368-D0E971D76F5C}.CodeAnalysisDebug|x64.ActiveCfg = Debug|Any CPU
		{ACB21F49-584B-4D96-B368-D0E971D76F5C}.CodeAnalysisDebug|x64.Build.0 = Debug|Any CPU
		{ACB21F49-584B-4D96-B368-D0E971D76F5C}.CodeAnalysisDebug|x86.ActiveCfg = Debug|Any CPU
		{ACB21F49-584B-4D96-B368-D0E971D76F5C}.CodeAnalysisDebug|x86.Build.0 = Debug|Any CPU
		{ACB21F49-584B-4D96-B368-D0E971D76F5C}.Debug|Any CPU.ActiveCfg = Debug|Any CPU
		{ACB21F49-584B-4D96-B368-D0E971D76F5C}.Debug|Any CPU.Build.0 = Debug|Any CPU
		{ACB21F49-584B-4D96-B368-D0E971D76F5C}.Debug|x64.ActiveCfg = Debug|Any CPU
		{ACB21F49-584B-4D96-B368-D0E971D76F5C}.Debug|x64.Build.0 = Debug|Any CPU
		{ACB21F49-584B-4D96-B368-D0E971D76F5C}.Debug|x86.ActiveCfg = Debug|Any CPU
		{ACB21F49-584B-4D96-B368-D0E971D76F5C}.Debug|x86.Build.0 = Debug|Any CPU
		{ACB21F49-584B-4D96-B368-D0E971D76F5C}.Release|Any CPU.ActiveCfg = Release|Any CPU
		{ACB21F49-584B-4D96-B368-D0E971D76F5C}.Release|Any CPU.Build.0 = Release|Any CPU
		{ACB21F49-584B-4D96-B368-D0E971D76F5C}.Release|x64.ActiveCfg = Release|Any CPU
		{ACB21F49-584B-4D96-B368-D0E971D76F5C}.Release|x64.Build.0 = Release|Any CPU
		{ACB21F49-584B-4D96-B368-D0E971D76F5C}.Release|x86.ActiveCfg = Release|Any CPU
		{ACB21F49-584B-4D96-B368-D0E971D76F5C}.Release|x86.Build.0 = Release|Any CPU
		{E40DAA5E-056C-4BA4-8839-0FA9AB5090E5}.CodeAnalysisDebug|Any CPU.ActiveCfg = Debug|Any CPU
		{E40DAA5E-056C-4BA4-8839-0FA9AB5090E5}.CodeAnalysisDebug|Any CPU.Build.0 = Debug|Any CPU
		{E40DAA5E-056C-4BA4-8839-0FA9AB5090E5}.CodeAnalysisDebug|x64.ActiveCfg = Debug|Any CPU
		{E40DAA5E-056C-4BA4-8839-0FA9AB5090E5}.CodeAnalysisDebug|x64.Build.0 = Debug|Any CPU
		{E40DAA5E-056C-4BA4-8839-0FA9AB5090E5}.CodeAnalysisDebug|x86.ActiveCfg = Debug|Any CPU
		{E40DAA5E-056C-4BA4-8839-0FA9AB5090E5}.CodeAnalysisDebug|x86.Build.0 = Debug|Any CPU
		{E40DAA5E-056C-4BA4-8839-0FA9AB5090E5}.Debug|Any CPU.ActiveCfg = Debug|Any CPU
		{E40DAA5E-056C-4BA4-8839-0FA9AB5090E5}.Debug|Any CPU.Build.0 = Debug|Any CPU
		{E40DAA5E-056C-4BA4-8839-0FA9AB5090E5}.Debug|x64.ActiveCfg = Debug|Any CPU
		{E40DAA5E-056C-4BA4-8839-0FA9AB5090E5}.Debug|x64.Build.0 = Debug|Any CPU
		{E40DAA5E-056C-4BA4-8839-0FA9AB5090E5}.Debug|x86.ActiveCfg = Debug|Any CPU
		{E40DAA5E-056C-4BA4-8839-0FA9AB5090E5}.Debug|x86.Build.0 = Debug|Any CPU
		{E40DAA5E-056C-4BA4-8839-0FA9AB5090E5}.Release|Any CPU.ActiveCfg = Release|Any CPU
		{E40DAA5E-056C-4BA4-8839-0FA9AB5090E5}.Release|Any CPU.Build.0 = Release|Any CPU
		{E40DAA5E-056C-4BA4-8839-0FA9AB5090E5}.Release|x64.ActiveCfg = Release|Any CPU
		{E40DAA5E-056C-4BA4-8839-0FA9AB5090E5}.Release|x64.Build.0 = Release|Any CPU
		{E40DAA5E-056C-4BA4-8839-0FA9AB5090E5}.Release|x86.ActiveCfg = Release|Any CPU
		{E40DAA5E-056C-4BA4-8839-0FA9AB5090E5}.Release|x86.Build.0 = Release|Any CPU
		{23567769-E59D-49BB-ABAF-1A05624BB5F6}.CodeAnalysisDebug|Any CPU.ActiveCfg = Debug|Any CPU
		{23567769-E59D-49BB-ABAF-1A05624BB5F6}.CodeAnalysisDebug|Any CPU.Build.0 = Debug|Any CPU
		{23567769-E59D-49BB-ABAF-1A05624BB5F6}.CodeAnalysisDebug|x64.ActiveCfg = Debug|Any CPU
		{23567769-E59D-49BB-ABAF-1A05624BB5F6}.CodeAnalysisDebug|x64.Build.0 = Debug|Any CPU
		{23567769-E59D-49BB-ABAF-1A05624BB5F6}.CodeAnalysisDebug|x86.ActiveCfg = Debug|Any CPU
		{23567769-E59D-49BB-ABAF-1A05624BB5F6}.CodeAnalysisDebug|x86.Build.0 = Debug|Any CPU
		{23567769-E59D-49BB-ABAF-1A05624BB5F6}.Debug|Any CPU.ActiveCfg = Debug|Any CPU
		{23567769-E59D-49BB-ABAF-1A05624BB5F6}.Debug|Any CPU.Build.0 = Debug|Any CPU
		{23567769-E59D-49BB-ABAF-1A05624BB5F6}.Debug|x64.ActiveCfg = Debug|Any CPU
		{23567769-E59D-49BB-ABAF-1A05624BB5F6}.Debug|x64.Build.0 = Debug|Any CPU
		{23567769-E59D-49BB-ABAF-1A05624BB5F6}.Debug|x86.ActiveCfg = Debug|Any CPU
		{23567769-E59D-49BB-ABAF-1A05624BB5F6}.Debug|x86.Build.0 = Debug|Any CPU
		{23567769-E59D-49BB-ABAF-1A05624BB5F6}.Release|Any CPU.ActiveCfg = Release|Any CPU
		{23567769-E59D-49BB-ABAF-1A05624BB5F6}.Release|Any CPU.Build.0 = Release|Any CPU
		{23567769-E59D-49BB-ABAF-1A05624BB5F6}.Release|x64.ActiveCfg = Release|Any CPU
		{23567769-E59D-49BB-ABAF-1A05624BB5F6}.Release|x64.Build.0 = Release|Any CPU
		{23567769-E59D-49BB-ABAF-1A05624BB5F6}.Release|x86.ActiveCfg = Release|Any CPU
		{23567769-E59D-49BB-ABAF-1A05624BB5F6}.Release|x86.Build.0 = Release|Any CPU
		{82FE32F9-3C6C-4240-B910-38227A52D8AE}.CodeAnalysisDebug|Any CPU.ActiveCfg = Debug|Any CPU
		{82FE32F9-3C6C-4240-B910-38227A52D8AE}.CodeAnalysisDebug|Any CPU.Build.0 = Debug|Any CPU
		{82FE32F9-3C6C-4240-B910-38227A52D8AE}.CodeAnalysisDebug|x64.ActiveCfg = Debug|Any CPU
		{82FE32F9-3C6C-4240-B910-38227A52D8AE}.CodeAnalysisDebug|x64.Build.0 = Debug|Any CPU
		{82FE32F9-3C6C-4240-B910-38227A52D8AE}.CodeAnalysisDebug|x86.ActiveCfg = Debug|Any CPU
		{82FE32F9-3C6C-4240-B910-38227A52D8AE}.CodeAnalysisDebug|x86.Build.0 = Debug|Any CPU
		{82FE32F9-3C6C-4240-B910-38227A52D8AE}.Debug|Any CPU.ActiveCfg = Debug|Any CPU
		{82FE32F9-3C6C-4240-B910-38227A52D8AE}.Debug|Any CPU.Build.0 = Debug|Any CPU
		{82FE32F9-3C6C-4240-B910-38227A52D8AE}.Debug|x64.ActiveCfg = Debug|Any CPU
		{82FE32F9-3C6C-4240-B910-38227A52D8AE}.Debug|x64.Build.0 = Debug|Any CPU
		{82FE32F9-3C6C-4240-B910-38227A52D8AE}.Debug|x86.ActiveCfg = Debug|Any CPU
		{82FE32F9-3C6C-4240-B910-38227A52D8AE}.Debug|x86.Build.0 = Debug|Any CPU
		{82FE32F9-3C6C-4240-B910-38227A52D8AE}.Release|Any CPU.ActiveCfg = Release|Any CPU
		{82FE32F9-3C6C-4240-B910-38227A52D8AE}.Release|Any CPU.Build.0 = Release|Any CPU
		{82FE32F9-3C6C-4240-B910-38227A52D8AE}.Release|x64.ActiveCfg = Release|Any CPU
		{82FE32F9-3C6C-4240-B910-38227A52D8AE}.Release|x64.Build.0 = Release|Any CPU
		{82FE32F9-3C6C-4240-B910-38227A52D8AE}.Release|x86.ActiveCfg = Release|Any CPU
		{82FE32F9-3C6C-4240-B910-38227A52D8AE}.Release|x86.Build.0 = Release|Any CPU
		{0466ECF3-82DD-45FD-AFE6-B446F22230FE}.CodeAnalysisDebug|Any CPU.ActiveCfg = Debug|Any CPU
		{0466ECF3-82DD-45FD-AFE6-B446F22230FE}.CodeAnalysisDebug|Any CPU.Build.0 = Debug|Any CPU
		{0466ECF3-82DD-45FD-AFE6-B446F22230FE}.CodeAnalysisDebug|x64.ActiveCfg = Debug|Any CPU
		{0466ECF3-82DD-45FD-AFE6-B446F22230FE}.CodeAnalysisDebug|x64.Build.0 = Debug|Any CPU
		{0466ECF3-82DD-45FD-AFE6-B446F22230FE}.CodeAnalysisDebug|x86.ActiveCfg = Debug|Any CPU
		{0466ECF3-82DD-45FD-AFE6-B446F22230FE}.CodeAnalysisDebug|x86.Build.0 = Debug|Any CPU
		{0466ECF3-82DD-45FD-AFE6-B446F22230FE}.Debug|Any CPU.ActiveCfg = Debug|Any CPU
		{0466ECF3-82DD-45FD-AFE6-B446F22230FE}.Debug|Any CPU.Build.0 = Debug|Any CPU
		{0466ECF3-82DD-45FD-AFE6-B446F22230FE}.Debug|x64.ActiveCfg = Debug|Any CPU
		{0466ECF3-82DD-45FD-AFE6-B446F22230FE}.Debug|x64.Build.0 = Debug|Any CPU
		{0466ECF3-82DD-45FD-AFE6-B446F22230FE}.Debug|x86.ActiveCfg = Debug|Any CPU
		{0466ECF3-82DD-45FD-AFE6-B446F22230FE}.Debug|x86.Build.0 = Debug|Any CPU
		{0466ECF3-82DD-45FD-AFE6-B446F22230FE}.Release|Any CPU.ActiveCfg = Release|Any CPU
		{0466ECF3-82DD-45FD-AFE6-B446F22230FE}.Release|Any CPU.Build.0 = Release|Any CPU
		{0466ECF3-82DD-45FD-AFE6-B446F22230FE}.Release|x64.ActiveCfg = Release|Any CPU
		{0466ECF3-82DD-45FD-AFE6-B446F22230FE}.Release|x64.Build.0 = Release|Any CPU
		{0466ECF3-82DD-45FD-AFE6-B446F22230FE}.Release|x86.ActiveCfg = Release|Any CPU
		{0466ECF3-82DD-45FD-AFE6-B446F22230FE}.Release|x86.Build.0 = Release|Any CPU
		{670DF228-78C2-4E69-9731-AB752D36E4B7}.CodeAnalysisDebug|Any CPU.ActiveCfg = Debug|Any CPU
		{670DF228-78C2-4E69-9731-AB752D36E4B7}.CodeAnalysisDebug|Any CPU.Build.0 = Debug|Any CPU
		{670DF228-78C2-4E69-9731-AB752D36E4B7}.CodeAnalysisDebug|x64.ActiveCfg = Debug|Any CPU
		{670DF228-78C2-4E69-9731-AB752D36E4B7}.CodeAnalysisDebug|x64.Build.0 = Debug|Any CPU
		{670DF228-78C2-4E69-9731-AB752D36E4B7}.CodeAnalysisDebug|x86.ActiveCfg = Debug|Any CPU
		{670DF228-78C2-4E69-9731-AB752D36E4B7}.CodeAnalysisDebug|x86.Build.0 = Debug|Any CPU
		{670DF228-78C2-4E69-9731-AB752D36E4B7}.Debug|Any CPU.ActiveCfg = Debug|Any CPU
		{670DF228-78C2-4E69-9731-AB752D36E4B7}.Debug|Any CPU.Build.0 = Debug|Any CPU
		{670DF228-78C2-4E69-9731-AB752D36E4B7}.Debug|x64.ActiveCfg = Debug|Any CPU
		{670DF228-78C2-4E69-9731-AB752D36E4B7}.Debug|x64.Build.0 = Debug|Any CPU
		{670DF228-78C2-4E69-9731-AB752D36E4B7}.Debug|x86.ActiveCfg = Debug|Any CPU
		{670DF228-78C2-4E69-9731-AB752D36E4B7}.Debug|x86.Build.0 = Debug|Any CPU
		{670DF228-78C2-4E69-9731-AB752D36E4B7}.Release|Any CPU.ActiveCfg = Release|Any CPU
		{670DF228-78C2-4E69-9731-AB752D36E4B7}.Release|Any CPU.Build.0 = Release|Any CPU
		{670DF228-78C2-4E69-9731-AB752D36E4B7}.Release|x64.ActiveCfg = Release|Any CPU
		{670DF228-78C2-4E69-9731-AB752D36E4B7}.Release|x64.Build.0 = Release|Any CPU
		{670DF228-78C2-4E69-9731-AB752D36E4B7}.Release|x86.ActiveCfg = Release|Any CPU
		{670DF228-78C2-4E69-9731-AB752D36E4B7}.Release|x86.Build.0 = Release|Any CPU
		{6CD5D14E-872A-45E3-8941-0B01E49E7EC5}.CodeAnalysisDebug|Any CPU.ActiveCfg = Debug|Any CPU
		{6CD5D14E-872A-45E3-8941-0B01E49E7EC5}.CodeAnalysisDebug|Any CPU.Build.0 = Debug|Any CPU
		{6CD5D14E-872A-45E3-8941-0B01E49E7EC5}.CodeAnalysisDebug|x64.ActiveCfg = Debug|Any CPU
		{6CD5D14E-872A-45E3-8941-0B01E49E7EC5}.CodeAnalysisDebug|x64.Build.0 = Debug|Any CPU
		{6CD5D14E-872A-45E3-8941-0B01E49E7EC5}.CodeAnalysisDebug|x86.ActiveCfg = Debug|Any CPU
		{6CD5D14E-872A-45E3-8941-0B01E49E7EC5}.CodeAnalysisDebug|x86.Build.0 = Debug|Any CPU
		{6CD5D14E-872A-45E3-8941-0B01E49E7EC5}.Debug|Any CPU.ActiveCfg = Debug|Any CPU
		{6CD5D14E-872A-45E3-8941-0B01E49E7EC5}.Debug|Any CPU.Build.0 = Debug|Any CPU
		{6CD5D14E-872A-45E3-8941-0B01E49E7EC5}.Debug|x64.ActiveCfg = Debug|Any CPU
		{6CD5D14E-872A-45E3-8941-0B01E49E7EC5}.Debug|x64.Build.0 = Debug|Any CPU
		{6CD5D14E-872A-45E3-8941-0B01E49E7EC5}.Debug|x86.ActiveCfg = Debug|Any CPU
		{6CD5D14E-872A-45E3-8941-0B01E49E7EC5}.Debug|x86.Build.0 = Debug|Any CPU
		{6CD5D14E-872A-45E3-8941-0B01E49E7EC5}.Release|Any CPU.ActiveCfg = Release|Any CPU
		{6CD5D14E-872A-45E3-8941-0B01E49E7EC5}.Release|Any CPU.Build.0 = Release|Any CPU
		{6CD5D14E-872A-45E3-8941-0B01E49E7EC5}.Release|x64.ActiveCfg = Release|Any CPU
		{6CD5D14E-872A-45E3-8941-0B01E49E7EC5}.Release|x64.Build.0 = Release|Any CPU
		{6CD5D14E-872A-45E3-8941-0B01E49E7EC5}.Release|x86.ActiveCfg = Release|Any CPU
		{6CD5D14E-872A-45E3-8941-0B01E49E7EC5}.Release|x86.Build.0 = Release|Any CPU
		{FA86D53A-9578-498B-896D-13BF15985023}.CodeAnalysisDebug|Any CPU.ActiveCfg = Debug|Any CPU
		{FA86D53A-9578-498B-896D-13BF15985023}.CodeAnalysisDebug|Any CPU.Build.0 = Debug|Any CPU
		{FA86D53A-9578-498B-896D-13BF15985023}.CodeAnalysisDebug|x64.ActiveCfg = Debug|Any CPU
		{FA86D53A-9578-498B-896D-13BF15985023}.CodeAnalysisDebug|x64.Build.0 = Debug|Any CPU
		{FA86D53A-9578-498B-896D-13BF15985023}.CodeAnalysisDebug|x86.ActiveCfg = Debug|Any CPU
		{FA86D53A-9578-498B-896D-13BF15985023}.CodeAnalysisDebug|x86.Build.0 = Debug|Any CPU
		{FA86D53A-9578-498B-896D-13BF15985023}.Debug|Any CPU.ActiveCfg = Debug|Any CPU
		{FA86D53A-9578-498B-896D-13BF15985023}.Debug|Any CPU.Build.0 = Debug|Any CPU
		{FA86D53A-9578-498B-896D-13BF15985023}.Debug|x64.ActiveCfg = Debug|Any CPU
		{FA86D53A-9578-498B-896D-13BF15985023}.Debug|x64.Build.0 = Debug|Any CPU
		{FA86D53A-9578-498B-896D-13BF15985023}.Debug|x86.ActiveCfg = Debug|Any CPU
		{FA86D53A-9578-498B-896D-13BF15985023}.Debug|x86.Build.0 = Debug|Any CPU
		{FA86D53A-9578-498B-896D-13BF15985023}.Release|Any CPU.ActiveCfg = Release|Any CPU
		{FA86D53A-9578-498B-896D-13BF15985023}.Release|Any CPU.Build.0 = Release|Any CPU
		{FA86D53A-9578-498B-896D-13BF15985023}.Release|x64.ActiveCfg = Release|Any CPU
		{FA86D53A-9578-498B-896D-13BF15985023}.Release|x64.Build.0 = Release|Any CPU
		{FA86D53A-9578-498B-896D-13BF15985023}.Release|x86.ActiveCfg = Release|Any CPU
		{FA86D53A-9578-498B-896D-13BF15985023}.Release|x86.Build.0 = Release|Any CPU
		{8576B038-B7BE-466F-B903-6CA935BC45B6}.CodeAnalysisDebug|Any CPU.ActiveCfg = Debug|Any CPU
		{8576B038-B7BE-466F-B903-6CA935BC45B6}.CodeAnalysisDebug|Any CPU.Build.0 = Debug|Any CPU
		{8576B038-B7BE-466F-B903-6CA935BC45B6}.CodeAnalysisDebug|x64.ActiveCfg = Debug|Any CPU
		{8576B038-B7BE-466F-B903-6CA935BC45B6}.CodeAnalysisDebug|x64.Build.0 = Debug|Any CPU
		{8576B038-B7BE-466F-B903-6CA935BC45B6}.CodeAnalysisDebug|x86.ActiveCfg = Debug|Any CPU
		{8576B038-B7BE-466F-B903-6CA935BC45B6}.CodeAnalysisDebug|x86.Build.0 = Debug|Any CPU
		{8576B038-B7BE-466F-B903-6CA935BC45B6}.Debug|Any CPU.ActiveCfg = Debug|Any CPU
		{8576B038-B7BE-466F-B903-6CA935BC45B6}.Debug|Any CPU.Build.0 = Debug|Any CPU
		{8576B038-B7BE-466F-B903-6CA935BC45B6}.Debug|x64.ActiveCfg = Debug|Any CPU
		{8576B038-B7BE-466F-B903-6CA935BC45B6}.Debug|x64.Build.0 = Debug|Any CPU
		{8576B038-B7BE-466F-B903-6CA935BC45B6}.Debug|x86.ActiveCfg = Debug|Any CPU
		{8576B038-B7BE-466F-B903-6CA935BC45B6}.Debug|x86.Build.0 = Debug|Any CPU
		{8576B038-B7BE-466F-B903-6CA935BC45B6}.Release|Any CPU.ActiveCfg = Release|Any CPU
		{8576B038-B7BE-466F-B903-6CA935BC45B6}.Release|Any CPU.Build.0 = Release|Any CPU
		{8576B038-B7BE-466F-B903-6CA935BC45B6}.Release|x64.ActiveCfg = Release|Any CPU
		{8576B038-B7BE-466F-B903-6CA935BC45B6}.Release|x64.Build.0 = Release|Any CPU
		{8576B038-B7BE-466F-B903-6CA935BC45B6}.Release|x86.ActiveCfg = Release|Any CPU
		{8576B038-B7BE-466F-B903-6CA935BC45B6}.Release|x86.Build.0 = Release|Any CPU
		{4F31BF53-0384-4E14-9895-65C88D37F66C}.CodeAnalysisDebug|Any CPU.ActiveCfg = Debug|Any CPU
		{4F31BF53-0384-4E14-9895-65C88D37F66C}.CodeAnalysisDebug|Any CPU.Build.0 = Debug|Any CPU
		{4F31BF53-0384-4E14-9895-65C88D37F66C}.CodeAnalysisDebug|x64.ActiveCfg = Debug|Any CPU
		{4F31BF53-0384-4E14-9895-65C88D37F66C}.CodeAnalysisDebug|x64.Build.0 = Debug|Any CPU
		{4F31BF53-0384-4E14-9895-65C88D37F66C}.CodeAnalysisDebug|x86.ActiveCfg = Debug|Any CPU
		{4F31BF53-0384-4E14-9895-65C88D37F66C}.CodeAnalysisDebug|x86.Build.0 = Debug|Any CPU
		{4F31BF53-0384-4E14-9895-65C88D37F66C}.Debug|Any CPU.ActiveCfg = Debug|Any CPU
		{4F31BF53-0384-4E14-9895-65C88D37F66C}.Debug|Any CPU.Build.0 = Debug|Any CPU
		{4F31BF53-0384-4E14-9895-65C88D37F66C}.Debug|x64.ActiveCfg = Debug|Any CPU
		{4F31BF53-0384-4E14-9895-65C88D37F66C}.Debug|x64.Build.0 = Debug|Any CPU
		{4F31BF53-0384-4E14-9895-65C88D37F66C}.Debug|x86.ActiveCfg = Debug|Any CPU
		{4F31BF53-0384-4E14-9895-65C88D37F66C}.Debug|x86.Build.0 = Debug|Any CPU
		{4F31BF53-0384-4E14-9895-65C88D37F66C}.Release|Any CPU.ActiveCfg = Release|Any CPU
		{4F31BF53-0384-4E14-9895-65C88D37F66C}.Release|Any CPU.Build.0 = Release|Any CPU
		{4F31BF53-0384-4E14-9895-65C88D37F66C}.Release|x64.ActiveCfg = Release|Any CPU
		{4F31BF53-0384-4E14-9895-65C88D37F66C}.Release|x64.Build.0 = Release|Any CPU
		{4F31BF53-0384-4E14-9895-65C88D37F66C}.Release|x86.ActiveCfg = Release|Any CPU
		{4F31BF53-0384-4E14-9895-65C88D37F66C}.Release|x86.Build.0 = Release|Any CPU
		{B2BBE395-9A95-45C3-8566-7880F3F07F05}.CodeAnalysisDebug|Any CPU.ActiveCfg = Debug|Any CPU
		{B2BBE395-9A95-45C3-8566-7880F3F07F05}.CodeAnalysisDebug|Any CPU.Build.0 = Debug|Any CPU
		{B2BBE395-9A95-45C3-8566-7880F3F07F05}.CodeAnalysisDebug|x64.ActiveCfg = Debug|Any CPU
		{B2BBE395-9A95-45C3-8566-7880F3F07F05}.CodeAnalysisDebug|x64.Build.0 = Debug|Any CPU
		{B2BBE395-9A95-45C3-8566-7880F3F07F05}.CodeAnalysisDebug|x86.ActiveCfg = Debug|Any CPU
		{B2BBE395-9A95-45C3-8566-7880F3F07F05}.CodeAnalysisDebug|x86.Build.0 = Debug|Any CPU
		{B2BBE395-9A95-45C3-8566-7880F3F07F05}.Debug|Any CPU.ActiveCfg = Debug|Any CPU
		{B2BBE395-9A95-45C3-8566-7880F3F07F05}.Debug|Any CPU.Build.0 = Debug|Any CPU
		{B2BBE395-9A95-45C3-8566-7880F3F07F05}.Debug|x64.ActiveCfg = Debug|Any CPU
		{B2BBE395-9A95-45C3-8566-7880F3F07F05}.Debug|x64.Build.0 = Debug|Any CPU
		{B2BBE395-9A95-45C3-8566-7880F3F07F05}.Debug|x86.ActiveCfg = Debug|Any CPU
		{B2BBE395-9A95-45C3-8566-7880F3F07F05}.Debug|x86.Build.0 = Debug|Any CPU
		{B2BBE395-9A95-45C3-8566-7880F3F07F05}.Release|Any CPU.ActiveCfg = Release|Any CPU
		{B2BBE395-9A95-45C3-8566-7880F3F07F05}.Release|Any CPU.Build.0 = Release|Any CPU
		{B2BBE395-9A95-45C3-8566-7880F3F07F05}.Release|x64.ActiveCfg = Release|Any CPU
		{B2BBE395-9A95-45C3-8566-7880F3F07F05}.Release|x64.Build.0 = Release|Any CPU
		{B2BBE395-9A95-45C3-8566-7880F3F07F05}.Release|x86.ActiveCfg = Release|Any CPU
		{B2BBE395-9A95-45C3-8566-7880F3F07F05}.Release|x86.Build.0 = Release|Any CPU
		{6B2E7255-7142-4A9C-B7F2-F2B87D2F0794}.CodeAnalysisDebug|Any CPU.ActiveCfg = Debug|Any CPU
		{6B2E7255-7142-4A9C-B7F2-F2B87D2F0794}.CodeAnalysisDebug|Any CPU.Build.0 = Debug|Any CPU
		{6B2E7255-7142-4A9C-B7F2-F2B87D2F0794}.CodeAnalysisDebug|x64.ActiveCfg = Debug|Any CPU
		{6B2E7255-7142-4A9C-B7F2-F2B87D2F0794}.CodeAnalysisDebug|x64.Build.0 = Debug|Any CPU
		{6B2E7255-7142-4A9C-B7F2-F2B87D2F0794}.CodeAnalysisDebug|x86.ActiveCfg = Debug|Any CPU
		{6B2E7255-7142-4A9C-B7F2-F2B87D2F0794}.CodeAnalysisDebug|x86.Build.0 = Debug|Any CPU
		{6B2E7255-7142-4A9C-B7F2-F2B87D2F0794}.Debug|Any CPU.ActiveCfg = Debug|Any CPU
		{6B2E7255-7142-4A9C-B7F2-F2B87D2F0794}.Debug|Any CPU.Build.0 = Debug|Any CPU
		{6B2E7255-7142-4A9C-B7F2-F2B87D2F0794}.Debug|x64.ActiveCfg = Debug|Any CPU
		{6B2E7255-7142-4A9C-B7F2-F2B87D2F0794}.Debug|x64.Build.0 = Debug|Any CPU
		{6B2E7255-7142-4A9C-B7F2-F2B87D2F0794}.Debug|x86.ActiveCfg = Debug|Any CPU
		{6B2E7255-7142-4A9C-B7F2-F2B87D2F0794}.Debug|x86.Build.0 = Debug|Any CPU
		{6B2E7255-7142-4A9C-B7F2-F2B87D2F0794}.Release|Any CPU.ActiveCfg = Release|Any CPU
		{6B2E7255-7142-4A9C-B7F2-F2B87D2F0794}.Release|Any CPU.Build.0 = Release|Any CPU
		{6B2E7255-7142-4A9C-B7F2-F2B87D2F0794}.Release|x64.ActiveCfg = Release|Any CPU
		{6B2E7255-7142-4A9C-B7F2-F2B87D2F0794}.Release|x64.Build.0 = Release|Any CPU
		{6B2E7255-7142-4A9C-B7F2-F2B87D2F0794}.Release|x86.ActiveCfg = Release|Any CPU
		{6B2E7255-7142-4A9C-B7F2-F2B87D2F0794}.Release|x86.Build.0 = Release|Any CPU
		{345F99BA-904C-43B3-89ED-422C72B91F97}.CodeAnalysisDebug|Any CPU.ActiveCfg = Debug|Any CPU
		{345F99BA-904C-43B3-89ED-422C72B91F97}.CodeAnalysisDebug|Any CPU.Build.0 = Debug|Any CPU
		{345F99BA-904C-43B3-89ED-422C72B91F97}.CodeAnalysisDebug|x64.ActiveCfg = Debug|Any CPU
		{345F99BA-904C-43B3-89ED-422C72B91F97}.CodeAnalysisDebug|x64.Build.0 = Debug|Any CPU
		{345F99BA-904C-43B3-89ED-422C72B91F97}.CodeAnalysisDebug|x86.ActiveCfg = Debug|Any CPU
		{345F99BA-904C-43B3-89ED-422C72B91F97}.CodeAnalysisDebug|x86.Build.0 = Debug|Any CPU
		{345F99BA-904C-43B3-89ED-422C72B91F97}.Debug|Any CPU.ActiveCfg = Debug|Any CPU
		{345F99BA-904C-43B3-89ED-422C72B91F97}.Debug|Any CPU.Build.0 = Debug|Any CPU
		{345F99BA-904C-43B3-89ED-422C72B91F97}.Debug|x64.ActiveCfg = Debug|Any CPU
		{345F99BA-904C-43B3-89ED-422C72B91F97}.Debug|x64.Build.0 = Debug|Any CPU
		{345F99BA-904C-43B3-89ED-422C72B91F97}.Debug|x86.ActiveCfg = Debug|Any CPU
		{345F99BA-904C-43B3-89ED-422C72B91F97}.Debug|x86.Build.0 = Debug|Any CPU
		{345F99BA-904C-43B3-89ED-422C72B91F97}.Release|Any CPU.ActiveCfg = Release|Any CPU
		{345F99BA-904C-43B3-89ED-422C72B91F97}.Release|Any CPU.Build.0 = Release|Any CPU
		{345F99BA-904C-43B3-89ED-422C72B91F97}.Release|x64.ActiveCfg = Release|Any CPU
		{345F99BA-904C-43B3-89ED-422C72B91F97}.Release|x64.Build.0 = Release|Any CPU
		{345F99BA-904C-43B3-89ED-422C72B91F97}.Release|x86.ActiveCfg = Release|Any CPU
		{345F99BA-904C-43B3-89ED-422C72B91F97}.Release|x86.Build.0 = Release|Any CPU
		{BCAE6B28-3DFA-4C1C-924C-054F2870F388}.CodeAnalysisDebug|Any CPU.ActiveCfg = Debug|Any CPU
		{BCAE6B28-3DFA-4C1C-924C-054F2870F388}.CodeAnalysisDebug|Any CPU.Build.0 = Debug|Any CPU
		{BCAE6B28-3DFA-4C1C-924C-054F2870F388}.CodeAnalysisDebug|x64.ActiveCfg = Debug|Any CPU
		{BCAE6B28-3DFA-4C1C-924C-054F2870F388}.CodeAnalysisDebug|x64.Build.0 = Debug|Any CPU
		{BCAE6B28-3DFA-4C1C-924C-054F2870F388}.CodeAnalysisDebug|x86.ActiveCfg = Debug|Any CPU
		{BCAE6B28-3DFA-4C1C-924C-054F2870F388}.CodeAnalysisDebug|x86.Build.0 = Debug|Any CPU
		{BCAE6B28-3DFA-4C1C-924C-054F2870F388}.Debug|Any CPU.ActiveCfg = Debug|Any CPU
		{BCAE6B28-3DFA-4C1C-924C-054F2870F388}.Debug|Any CPU.Build.0 = Debug|Any CPU
		{BCAE6B28-3DFA-4C1C-924C-054F2870F388}.Debug|x64.ActiveCfg = Debug|Any CPU
		{BCAE6B28-3DFA-4C1C-924C-054F2870F388}.Debug|x64.Build.0 = Debug|Any CPU
		{BCAE6B28-3DFA-4C1C-924C-054F2870F388}.Debug|x86.ActiveCfg = Debug|Any CPU
		{BCAE6B28-3DFA-4C1C-924C-054F2870F388}.Debug|x86.Build.0 = Debug|Any CPU
		{BCAE6B28-3DFA-4C1C-924C-054F2870F388}.Release|Any CPU.ActiveCfg = Release|Any CPU
		{BCAE6B28-3DFA-4C1C-924C-054F2870F388}.Release|Any CPU.Build.0 = Release|Any CPU
		{BCAE6B28-3DFA-4C1C-924C-054F2870F388}.Release|x64.ActiveCfg = Release|Any CPU
		{BCAE6B28-3DFA-4C1C-924C-054F2870F388}.Release|x64.Build.0 = Release|Any CPU
		{BCAE6B28-3DFA-4C1C-924C-054F2870F388}.Release|x86.ActiveCfg = Release|Any CPU
		{BCAE6B28-3DFA-4C1C-924C-054F2870F388}.Release|x86.Build.0 = Release|Any CPU
		{E13D2911-D19A-426C-A710-1555C1EE5093}.CodeAnalysisDebug|Any CPU.ActiveCfg = Debug|Any CPU
		{E13D2911-D19A-426C-A710-1555C1EE5093}.CodeAnalysisDebug|Any CPU.Build.0 = Debug|Any CPU
		{E13D2911-D19A-426C-A710-1555C1EE5093}.CodeAnalysisDebug|x64.ActiveCfg = Debug|Any CPU
		{E13D2911-D19A-426C-A710-1555C1EE5093}.CodeAnalysisDebug|x64.Build.0 = Debug|Any CPU
		{E13D2911-D19A-426C-A710-1555C1EE5093}.CodeAnalysisDebug|x86.ActiveCfg = Debug|Any CPU
		{E13D2911-D19A-426C-A710-1555C1EE5093}.CodeAnalysisDebug|x86.Build.0 = Debug|Any CPU
		{E13D2911-D19A-426C-A710-1555C1EE5093}.Debug|Any CPU.ActiveCfg = Debug|Any CPU
		{E13D2911-D19A-426C-A710-1555C1EE5093}.Debug|Any CPU.Build.0 = Debug|Any CPU
		{E13D2911-D19A-426C-A710-1555C1EE5093}.Debug|x64.ActiveCfg = Debug|Any CPU
		{E13D2911-D19A-426C-A710-1555C1EE5093}.Debug|x64.Build.0 = Debug|Any CPU
		{E13D2911-D19A-426C-A710-1555C1EE5093}.Debug|x86.ActiveCfg = Debug|Any CPU
		{E13D2911-D19A-426C-A710-1555C1EE5093}.Debug|x86.Build.0 = Debug|Any CPU
		{E13D2911-D19A-426C-A710-1555C1EE5093}.Release|Any CPU.ActiveCfg = Release|Any CPU
		{E13D2911-D19A-426C-A710-1555C1EE5093}.Release|Any CPU.Build.0 = Release|Any CPU
		{E13D2911-D19A-426C-A710-1555C1EE5093}.Release|x64.ActiveCfg = Release|Any CPU
		{E13D2911-D19A-426C-A710-1555C1EE5093}.Release|x64.Build.0 = Release|Any CPU
		{E13D2911-D19A-426C-A710-1555C1EE5093}.Release|x86.ActiveCfg = Release|Any CPU
		{E13D2911-D19A-426C-A710-1555C1EE5093}.Release|x86.Build.0 = Release|Any CPU
		{65E298EB-9754-4DC5-BC78-99969B3F7B62}.CodeAnalysisDebug|Any CPU.ActiveCfg = Debug|Any CPU
		{65E298EB-9754-4DC5-BC78-99969B3F7B62}.CodeAnalysisDebug|Any CPU.Build.0 = Debug|Any CPU
		{65E298EB-9754-4DC5-BC78-99969B3F7B62}.CodeAnalysisDebug|x64.ActiveCfg = Debug|Any CPU
		{65E298EB-9754-4DC5-BC78-99969B3F7B62}.CodeAnalysisDebug|x64.Build.0 = Debug|Any CPU
		{65E298EB-9754-4DC5-BC78-99969B3F7B62}.CodeAnalysisDebug|x86.ActiveCfg = Debug|Any CPU
		{65E298EB-9754-4DC5-BC78-99969B3F7B62}.CodeAnalysisDebug|x86.Build.0 = Debug|Any CPU
		{65E298EB-9754-4DC5-BC78-99969B3F7B62}.Debug|Any CPU.ActiveCfg = Debug|Any CPU
		{65E298EB-9754-4DC5-BC78-99969B3F7B62}.Debug|Any CPU.Build.0 = Debug|Any CPU
		{65E298EB-9754-4DC5-BC78-99969B3F7B62}.Debug|x64.ActiveCfg = Debug|Any CPU
		{65E298EB-9754-4DC5-BC78-99969B3F7B62}.Debug|x64.Build.0 = Debug|Any CPU
		{65E298EB-9754-4DC5-BC78-99969B3F7B62}.Debug|x86.ActiveCfg = Debug|Any CPU
		{65E298EB-9754-4DC5-BC78-99969B3F7B62}.Debug|x86.Build.0 = Debug|Any CPU
		{65E298EB-9754-4DC5-BC78-99969B3F7B62}.Release|Any CPU.ActiveCfg = Release|Any CPU
		{65E298EB-9754-4DC5-BC78-99969B3F7B62}.Release|Any CPU.Build.0 = Release|Any CPU
		{65E298EB-9754-4DC5-BC78-99969B3F7B62}.Release|x64.ActiveCfg = Release|Any CPU
		{65E298EB-9754-4DC5-BC78-99969B3F7B62}.Release|x64.Build.0 = Release|Any CPU
		{65E298EB-9754-4DC5-BC78-99969B3F7B62}.Release|x86.ActiveCfg = Release|Any CPU
		{65E298EB-9754-4DC5-BC78-99969B3F7B62}.Release|x86.Build.0 = Release|Any CPU
		{7707E309-078E-4553-A138-550B4C29EAAA}.CodeAnalysisDebug|Any CPU.ActiveCfg = Debug|Any CPU
		{7707E309-078E-4553-A138-550B4C29EAAA}.CodeAnalysisDebug|Any CPU.Build.0 = Debug|Any CPU
		{7707E309-078E-4553-A138-550B4C29EAAA}.CodeAnalysisDebug|x64.ActiveCfg = Debug|Any CPU
		{7707E309-078E-4553-A138-550B4C29EAAA}.CodeAnalysisDebug|x64.Build.0 = Debug|Any CPU
		{7707E309-078E-4553-A138-550B4C29EAAA}.CodeAnalysisDebug|x86.ActiveCfg = Debug|Any CPU
		{7707E309-078E-4553-A138-550B4C29EAAA}.CodeAnalysisDebug|x86.Build.0 = Debug|Any CPU
		{7707E309-078E-4553-A138-550B4C29EAAA}.Debug|Any CPU.ActiveCfg = Debug|Any CPU
		{7707E309-078E-4553-A138-550B4C29EAAA}.Debug|Any CPU.Build.0 = Debug|Any CPU
		{7707E309-078E-4553-A138-550B4C29EAAA}.Debug|x64.ActiveCfg = Debug|Any CPU
		{7707E309-078E-4553-A138-550B4C29EAAA}.Debug|x64.Build.0 = Debug|Any CPU
		{7707E309-078E-4553-A138-550B4C29EAAA}.Debug|x86.ActiveCfg = Debug|Any CPU
		{7707E309-078E-4553-A138-550B4C29EAAA}.Debug|x86.Build.0 = Debug|Any CPU
		{7707E309-078E-4553-A138-550B4C29EAAA}.Release|Any CPU.ActiveCfg = Release|Any CPU
		{7707E309-078E-4553-A138-550B4C29EAAA}.Release|Any CPU.Build.0 = Release|Any CPU
		{7707E309-078E-4553-A138-550B4C29EAAA}.Release|x64.ActiveCfg = Release|Any CPU
		{7707E309-078E-4553-A138-550B4C29EAAA}.Release|x64.Build.0 = Release|Any CPU
		{7707E309-078E-4553-A138-550B4C29EAAA}.Release|x86.ActiveCfg = Release|Any CPU
		{7707E309-078E-4553-A138-550B4C29EAAA}.Release|x86.Build.0 = Release|Any CPU
		{DE005773-9B18-4F55-A174-F5C2A2F6574F}.CodeAnalysisDebug|Any CPU.ActiveCfg = Debug|Any CPU
		{DE005773-9B18-4F55-A174-F5C2A2F6574F}.CodeAnalysisDebug|Any CPU.Build.0 = Debug|Any CPU
		{DE005773-9B18-4F55-A174-F5C2A2F6574F}.CodeAnalysisDebug|x64.ActiveCfg = Debug|Any CPU
		{DE005773-9B18-4F55-A174-F5C2A2F6574F}.CodeAnalysisDebug|x64.Build.0 = Debug|Any CPU
		{DE005773-9B18-4F55-A174-F5C2A2F6574F}.CodeAnalysisDebug|x86.ActiveCfg = Debug|Any CPU
		{DE005773-9B18-4F55-A174-F5C2A2F6574F}.CodeAnalysisDebug|x86.Build.0 = Debug|Any CPU
		{DE005773-9B18-4F55-A174-F5C2A2F6574F}.Debug|Any CPU.ActiveCfg = Debug|Any CPU
		{DE005773-9B18-4F55-A174-F5C2A2F6574F}.Debug|Any CPU.Build.0 = Debug|Any CPU
		{DE005773-9B18-4F55-A174-F5C2A2F6574F}.Debug|x64.ActiveCfg = Debug|Any CPU
		{DE005773-9B18-4F55-A174-F5C2A2F6574F}.Debug|x64.Build.0 = Debug|Any CPU
		{DE005773-9B18-4F55-A174-F5C2A2F6574F}.Debug|x86.ActiveCfg = Debug|Any CPU
		{DE005773-9B18-4F55-A174-F5C2A2F6574F}.Debug|x86.Build.0 = Debug|Any CPU
		{DE005773-9B18-4F55-A174-F5C2A2F6574F}.Release|Any CPU.ActiveCfg = Release|Any CPU
		{DE005773-9B18-4F55-A174-F5C2A2F6574F}.Release|Any CPU.Build.0 = Release|Any CPU
		{DE005773-9B18-4F55-A174-F5C2A2F6574F}.Release|x64.ActiveCfg = Release|Any CPU
		{DE005773-9B18-4F55-A174-F5C2A2F6574F}.Release|x64.Build.0 = Release|Any CPU
		{DE005773-9B18-4F55-A174-F5C2A2F6574F}.Release|x86.ActiveCfg = Release|Any CPU
		{DE005773-9B18-4F55-A174-F5C2A2F6574F}.Release|x86.Build.0 = Release|Any CPU
		{D4461BCE-7474-4B2A-A838-EF7F932664F4}.CodeAnalysisDebug|Any CPU.ActiveCfg = Debug|Any CPU
		{D4461BCE-7474-4B2A-A838-EF7F932664F4}.CodeAnalysisDebug|Any CPU.Build.0 = Debug|Any CPU
		{D4461BCE-7474-4B2A-A838-EF7F932664F4}.CodeAnalysisDebug|x64.ActiveCfg = Debug|Any CPU
		{D4461BCE-7474-4B2A-A838-EF7F932664F4}.CodeAnalysisDebug|x64.Build.0 = Debug|Any CPU
		{D4461BCE-7474-4B2A-A838-EF7F932664F4}.CodeAnalysisDebug|x86.ActiveCfg = Debug|Any CPU
		{D4461BCE-7474-4B2A-A838-EF7F932664F4}.CodeAnalysisDebug|x86.Build.0 = Debug|Any CPU
		{D4461BCE-7474-4B2A-A838-EF7F932664F4}.Debug|Any CPU.ActiveCfg = Debug|Any CPU
		{D4461BCE-7474-4B2A-A838-EF7F932664F4}.Debug|Any CPU.Build.0 = Debug|Any CPU
		{D4461BCE-7474-4B2A-A838-EF7F932664F4}.Debug|x64.ActiveCfg = Debug|Any CPU
		{D4461BCE-7474-4B2A-A838-EF7F932664F4}.Debug|x64.Build.0 = Debug|Any CPU
		{D4461BCE-7474-4B2A-A838-EF7F932664F4}.Debug|x86.ActiveCfg = Debug|Any CPU
		{D4461BCE-7474-4B2A-A838-EF7F932664F4}.Debug|x86.Build.0 = Debug|Any CPU
		{D4461BCE-7474-4B2A-A838-EF7F932664F4}.Release|Any CPU.ActiveCfg = Release|Any CPU
		{D4461BCE-7474-4B2A-A838-EF7F932664F4}.Release|Any CPU.Build.0 = Release|Any CPU
		{D4461BCE-7474-4B2A-A838-EF7F932664F4}.Release|x64.ActiveCfg = Release|Any CPU
		{D4461BCE-7474-4B2A-A838-EF7F932664F4}.Release|x64.Build.0 = Release|Any CPU
		{D4461BCE-7474-4B2A-A838-EF7F932664F4}.Release|x86.ActiveCfg = Release|Any CPU
		{D4461BCE-7474-4B2A-A838-EF7F932664F4}.Release|x86.Build.0 = Release|Any CPU
	EndGlobalSection
	GlobalSection(SolutionProperties) = preSolution
		HideSolutionNode = FALSE
	EndGlobalSection
	GlobalSection(NestedProjects) = preSolution
		{DFBF07B1-0CE8-49DD-A806-C8361AC3A055} = {4402274F-C9CF-45EB-BBF2-4FF15ED32A30}
		{31571F5B-B04B-483A-9E2D-805ADCD0ADDB} = {4402274F-C9CF-45EB-BBF2-4FF15ED32A30}
		{D0CD063E-C4C9-4BAD-8B41-7A986299E523} = {DFBF07B1-0CE8-49DD-A806-C8361AC3A055}
		{17F3FCC9-5FF1-448E-B63B-5F81B56A927A} = {DFBF07B1-0CE8-49DD-A806-C8361AC3A055}
		{C99151D7-4D4B-4137-BF57-E1D20FDF4E4D} = {DFBF07B1-0CE8-49DD-A806-C8361AC3A055}
		{FD931E6C-F271-4AF1-9C58-557C2DB7209F} = {DFBF07B1-0CE8-49DD-A806-C8361AC3A055}
		{33B417BD-3CD6-4D67-8A07-A8D1DEC1590D} = {DFBF07B1-0CE8-49DD-A806-C8361AC3A055}
		{BF7332D2-E6F9-4D47-8E17-E279ED45D69B} = {DFBF07B1-0CE8-49DD-A806-C8361AC3A055}
		{4AC1B5FB-D425-4518-B96A-1A733AE8A508} = {DFBF07B1-0CE8-49DD-A806-C8361AC3A055}
		{B343D0F9-4D70-4131-ADBF-EBB19AAA07B4} = {DFBF07B1-0CE8-49DD-A806-C8361AC3A055}
		{A43A0B25-B174-4C9A-85BC-9E104B0E8478} = {DFBF07B1-0CE8-49DD-A806-C8361AC3A055}
		{9E4FE7C8-B996-4462-8FC5-E64C10F5E00B} = {31571F5B-B04B-483A-9E2D-805ADCD0ADDB}
		{ACB21F49-584B-4D96-B368-D0E971D76F5C} = {31571F5B-B04B-483A-9E2D-805ADCD0ADDB}
		{E40DAA5E-056C-4BA4-8839-0FA9AB5090E5} = {31571F5B-B04B-483A-9E2D-805ADCD0ADDB}
		{23567769-E59D-49BB-ABAF-1A05624BB5F6} = {31571F5B-B04B-483A-9E2D-805ADCD0ADDB}
		{82FE32F9-3C6C-4240-B910-38227A52D8AE} = {31571F5B-B04B-483A-9E2D-805ADCD0ADDB}
		{0466ECF3-82DD-45FD-AFE6-B446F22230FE} = {31571F5B-B04B-483A-9E2D-805ADCD0ADDB}
		{670DF228-78C2-4E69-9731-AB752D36E4B7} = {31571F5B-B04B-483A-9E2D-805ADCD0ADDB}
		{6CD5D14E-872A-45E3-8941-0B01E49E7EC5} = {31571F5B-B04B-483A-9E2D-805ADCD0ADDB}
		{FA86D53A-9578-498B-896D-13BF15985023} = {31571F5B-B04B-483A-9E2D-805ADCD0ADDB}
		{2A7299CE-8995-4394-B9E1-2F7086745DC4} = {6DFBDAF3-FC7C-45CC-8901-D1A6322DE052}
		{44352729-38DF-4268-9B32-10DDA92EF165} = {6DFBDAF3-FC7C-45CC-8901-D1A6322DE052}
		{8576B038-B7BE-466F-B903-6CA935BC45B6} = {312BA879-5A33-4603-B72F-46740AAF7704}
		{5F7E29A4-B314-4AE5-A3B8-327A5AD4110F} = {6DFBDAF3-FC7C-45CC-8901-D1A6322DE052}
		{4F31BF53-0384-4E14-9895-65C88D37F66C} = {312BA879-5A33-4603-B72F-46740AAF7704}
		{A53E21A7-D398-427A-805E-247F5AA9FF2B} = {6DFBDAF3-FC7C-45CC-8901-D1A6322DE052}
		{B2BBE395-9A95-45C3-8566-7880F3F07F05} = {312BA879-5A33-4603-B72F-46740AAF7704}
		{6B2E7255-7142-4A9C-B7F2-F2B87D2F0794} = {312BA879-5A33-4603-B72F-46740AAF7704}
		{6DCA464A-D42A-4E1B-8C96-C660F65E712E} = {6DFBDAF3-FC7C-45CC-8901-D1A6322DE052}
		{345F99BA-904C-43B3-89ED-422C72B91F97} = {312BA879-5A33-4603-B72F-46740AAF7704}
		{368629A4-03C1-43D6-826B-879CA8D5A1A3} = {6DFBDAF3-FC7C-45CC-8901-D1A6322DE052}
		{312BA879-5A33-4603-B72F-46740AAF7704} = {6DFBDAF3-FC7C-45CC-8901-D1A6322DE052}
		{BCAE6B28-3DFA-4C1C-924C-054F2870F388} = {368629A4-03C1-43D6-826B-879CA8D5A1A3}
		{E13D2911-D19A-426C-A710-1555C1EE5093} = {368629A4-03C1-43D6-826B-879CA8D5A1A3}
		{65E298EB-9754-4DC5-BC78-99969B3F7B62} = {368629A4-03C1-43D6-826B-879CA8D5A1A3}
		{7707E309-078E-4553-A138-550B4C29EAAA} = {368629A4-03C1-43D6-826B-879CA8D5A1A3}
		{DE005773-9B18-4F55-A174-F5C2A2F6574F} = {368629A4-03C1-43D6-826B-879CA8D5A1A3}
		{0D3D2287-7D7C-464D-977A-B6663A231389} = {4402274F-C9CF-45EB-BBF2-4FF15ED32A30}
		{AB530093-4FEB-4F6F-A34D-6DC5FF9B3881} = {4402274F-C9CF-45EB-BBF2-4FF15ED32A30}
		{3C3964DD-26D2-4497-A8EE-AAD7DC73A52D} = {4402274F-C9CF-45EB-BBF2-4FF15ED32A30}
		{CE862078-C419-483A-AE32-DCC933AEB787} = {4402274F-C9CF-45EB-BBF2-4FF15ED32A30}
		{DFE309F3-5FC4-48E2-B26D-274F1033B41E} = {4402274F-C9CF-45EB-BBF2-4FF15ED32A30}
		{A873C775-CCBA-437D-BC62-9AC7C821E7D7} = {4402274F-C9CF-45EB-BBF2-4FF15ED32A30}
		{EC2B98CC-6F10-4E51-8D2A-17595DAD65EB} = {4402274F-C9CF-45EB-BBF2-4FF15ED32A30}
		{EFD811BF-9FA7-4925-B1C9-30C96200E0F7} = {4402274F-C9CF-45EB-BBF2-4FF15ED32A30}
		{EECA348E-F9E7-44D5-9C50-A307C7F44D48} = {4402274F-C9CF-45EB-BBF2-4FF15ED32A30}
		{D4461BCE-7474-4B2A-A838-EF7F932664F4} = {6DFBDAF3-FC7C-45CC-8901-D1A6322DE052}
	EndGlobalSection
	GlobalSection(ExtensibilityGlobals) = postSolution
		SolutionGuid = {2C2E89CE-4940-4852-AC34-C995472506A1}
	EndGlobalSection
	GlobalSection(TestCaseManagementSettings) = postSolution
		CategoryFile = Tests10.vsmdi
	EndGlobalSection
EndGlobal
