
Microsoft Visual Studio Solution File, Format Version 12.00
# Visual Studio Version 16
VisualStudioVersion = 16.0.29418.71
MinimumVisualStudioVersion = 10.0.40219.1
Project("{2150E333-8FDC-42A3-9474-1A3956D46DE8}") = "Solution Items", "Solution Items", "{C607FEC2-B0B6-4A21-B6F7-60CEB9322C29}"
	ProjectSection(SolutionItems) = preProject
		..\..\CHANGELOG.md = ..\..\CHANGELOG.md
		..\..\Directory.Build.props = ..\..\Directory.Build.props
		..\..\LICENSE = ..\..\LICENSE
		Local.testsettings = Local.testsettings
		..\..\README.md = ..\..\README.md
		ReadMeFirst.txt = ReadMeFirst.txt
		Tests10.vsmdi = Tests10.vsmdi
		TraceAndTestImpact.testsettings = TraceAndTestImpact.testsettings
	EndProjectSection
EndProject
Project("{2150E333-8FDC-42A3-9474-1A3956D46DE8}") = "Codepack", "Codepack", "{4402274F-C9CF-45EB-BBF2-4FF15ED32A30}"
EndProject
Project("{2150E333-8FDC-42A3-9474-1A3956D46DE8}") = "Tests", "Tests", "{6DFBDAF3-FC7C-45CC-8901-D1A6322DE052}"
EndProject
Project("{FAE04EC0-301F-11D3-BF4B-00C04F79EFBC}") = "ExtendedLinguisticServicesTests", "ExtendedLinguisticServices\ExtendedLinguisticServicesTests.csproj", "{3995A0E5-379E-4682-9986-473AF4E7E818}"
EndProject
Project("{FAE04EC0-301F-11D3-BF4B-00C04F79EFBC}") = "SensorsTests", "Sensors\SensorsTests.csproj", "{730B7513-6B75-4D76-9CB4-18214FD58263}"
EndProject
Project("{FAE04EC0-301F-11D3-BF4B-00C04F79EFBC}") = "CoreTests", "Core\CoreTests.csproj", "{605A0E8A-E237-4240-9727-73D927556862}"
EndProject
Project("{FAE04EC0-301F-11D3-BF4B-00C04F79EFBC}") = "ShellTests", "Shell\ShellTests.csproj", "{69A3898C-DD4B-4DED-B1FE-AB2F9E539E66}"
EndProject
Project("{FAE04EC0-301F-11D3-BF4B-00C04F79EFBC}") = "ShellExtensionTests", "ShellExtensionTests\ShellExtensionTests.csproj", "{8E82E837-B4D1-4817-B51A-3F7BAF4723AE}"
EndProject
Project("{D954291E-2A0B-460D-934E-DC6B0785DB48}") = "Core", "..\WindowsAPICodePack\Core\Core.shproj", "{3C3964DD-26D2-4497-A8EE-AAD7DC73A52D}"
EndProject
Project("{FAE04EC0-301F-11D3-BF4B-00C04F79EFBC}") = "Core.Net4.7", "..\WindowsAPICodePack\Core.Net4.7\Core.Net4.7.csproj", "{2E1FB0DF-F9BB-4909-9F32-2D9D022A8E57}"
EndProject
Project("{D954291E-2A0B-460D-934E-DC6B0785DB48}") = "ExtendedLinguisticServices", "..\WindowsAPICodePack\ExtendedLinguisticServices\ExtendedLinguisticServices.shproj", "{CE862078-C419-483A-AE32-DCC933AEB787}"
EndProject
Project("{FAE04EC0-301F-11D3-BF4B-00C04F79EFBC}") = "ExtendedLinguisticServices.Net4.7", "..\WindowsAPICodePack\ExtendedLinguisticServices.Net4.7\ExtendedLinguisticServices.Net4.7.csproj", "{B2CE24B7-FC5D-49AC-806F-1D88F78A31E9}"
EndProject
Project("{D954291E-2A0B-460D-934E-DC6B0785DB48}") = "Sensors", "..\WindowsAPICodePack\Sensors\Sensors.shproj", "{A873C775-CCBA-437D-BC62-9AC7C821E7D7}"
EndProject
Project("{FAE04EC0-301F-11D3-BF4B-00C04F79EFBC}") = "Sensors.Net4.7", "..\WindowsAPICodePack\Sensors.Net4.7\Sensors.Net4.7.csproj", "{31421787-1A3C-427C-A8AD-C7E2561B2956}"
EndProject
Project("{D954291E-2A0B-460D-934E-DC6B0785DB48}") = "Shell", "..\WindowsAPICodePack\Shell\Shell.shproj", "{EC2B98CC-6F10-4E51-8D2A-17595DAD65EB}"
EndProject
Project("{FAE04EC0-301F-11D3-BF4B-00C04F79EFBC}") = "Shell.Net4.7", "..\WindowsAPICodePack\Shell.Net4.7\Shell.Net4.7.csproj", "{9DD9CF03-2D27-4868-8A8A-0727B8805188}"
EndProject
Project("{D954291E-2A0B-460D-934E-DC6B0785DB48}") = "ShellExtensions", "..\WindowsAPICodePack\ShellExtensions\ShellExtensions.shproj", "{EFD811BF-9FA7-4925-B1C9-30C96200E0F7}"
EndProject
Project("{FAE04EC0-301F-11D3-BF4B-00C04F79EFBC}") = "ShellExtensions.Net4.7", "..\WindowsAPICodePack\ShellExtensions.Net4.7\ShellExtensions.Net4.7.csproj", "{F3C863EC-33F4-4ED2-9D67-00BF3EEEAB64}"
EndProject
Project("{D954291E-2A0B-460D-934E-DC6B0785DB48}") = "Win32Native", "..\WindowsAPICodePack\Win32Native\Win32Native.shproj", "{EECA348E-F9E7-44D5-9C50-A307C7F44D48}"
EndProject
Project("{FAE04EC0-301F-11D3-BF4B-00C04F79EFBC}") = "Win32Native.Net4.7", "..\WindowsAPICodePack\Win32Native.Net4.7\Win32Native.Net4.7.csproj", "{6C1AD76C-8EEB-4B2D-B6B4-F9B7234A92FB}"
EndProject
Global
	GlobalSection(SharedMSBuildProjectFiles) = preSolution
		..\WindowsAPICodePack\Core\Core.projitems*{2e1fb0df-f9bb-4909-9f32-2d9d022a8e57}*SharedItemsImports = 4
		..\WindowsAPICodePack\Sensors\Sensors.projitems*{31421787-1a3c-427c-a8ad-c7e2561b2956}*SharedItemsImports = 4
		..\WindowsAPICodePack\Core\Core.projitems*{3c3964dd-26d2-4497-a8ee-aad7dc73a52d}*SharedItemsImports = 13
		..\WindowsAPICodePack\Win32Native\Win32Native.projitems*{6c1ad76c-8eeb-4b2d-b6b4-f9b7234a92fb}*SharedItemsImports = 4
		..\WindowsAPICodePack\Shell\Shell.projitems*{9dd9cf03-2d27-4868-8a8a-0727b8805188}*SharedItemsImports = 4
		..\WindowsAPICodePack\Sensors\Sensors.projitems*{a873c775-ccba-437d-bc62-9ac7c821e7d7}*SharedItemsImports = 13
		..\WindowsAPICodePack\ExtendedLinguisticServices\ExtendedLinguisticServices.projitems*{b2ce24b7-fc5d-49ac-806f-1d88f78a31e9}*SharedItemsImports = 4
		..\WindowsAPICodePack\ExtendedLinguisticServices\ExtendedLinguisticServices.projitems*{ce862078-c419-483a-ae32-dcc933aeb787}*SharedItemsImports = 13
		..\WindowsAPICodePack\Shell\Shell.projitems*{ec2b98cc-6f10-4e51-8d2a-17595dad65eb}*SharedItemsImports = 13
		..\WindowsAPICodePack\Win32Native\Win32Native.projitems*{eeca348e-f9e7-44d5-9c50-a307c7f44d48}*SharedItemsImports = 13
		..\WindowsAPICodePack\ShellExtensions\ShellExtensions.projitems*{efd811bf-9fa7-4925-b1c9-30c96200e0f7}*SharedItemsImports = 13
	EndGlobalSection
	GlobalSection(SolutionConfigurationPlatforms) = preSolution
		CodeAnalysisDebug|Any CPU = CodeAnalysisDebug|Any CPU
		CodeAnalysisDebug|x64 = CodeAnalysisDebug|x64
		CodeAnalysisDebug|x86 = CodeAnalysisDebug|x86
		Debug|Any CPU = Debug|Any CPU
		Debug|x64 = Debug|x64
		Debug|x86 = Debug|x86
		Release|Any CPU = Release|Any CPU
		Release|x64 = Release|x64
		Release|x86 = Release|x86
	EndGlobalSection
	GlobalSection(ProjectConfigurationPlatforms) = postSolution
		{3995A0E5-379E-4682-9986-473AF4E7E818}.CodeAnalysisDebug|Any CPU.ActiveCfg = Debug|Any CPU
		{3995A0E5-379E-4682-9986-473AF4E7E818}.CodeAnalysisDebug|Any CPU.Build.0 = Debug|Any CPU
		{3995A0E5-379E-4682-9986-473AF4E7E818}.CodeAnalysisDebug|x64.ActiveCfg = Debug|Any CPU
		{3995A0E5-379E-4682-9986-473AF4E7E818}.CodeAnalysisDebug|x86.ActiveCfg = Debug|Any CPU
		{3995A0E5-379E-4682-9986-473AF4E7E818}.CodeAnalysisDebug|x86.Build.0 = Debug|Any CPU
		{3995A0E5-379E-4682-9986-473AF4E7E818}.Debug|Any CPU.ActiveCfg = Debug|Any CPU
		{3995A0E5-379E-4682-9986-473AF4E7E818}.Debug|Any CPU.Build.0 = Debug|Any CPU
		{3995A0E5-379E-4682-9986-473AF4E7E818}.Debug|x64.ActiveCfg = Debug|Any CPU
		{3995A0E5-379E-4682-9986-473AF4E7E818}.Debug|x86.ActiveCfg = Debug|Any CPU
		{3995A0E5-379E-4682-9986-473AF4E7E818}.Debug|x86.Build.0 = Debug|Any CPU
		{3995A0E5-379E-4682-9986-473AF4E7E818}.Release|Any CPU.ActiveCfg = Release|Any CPU
		{3995A0E5-379E-4682-9986-473AF4E7E818}.Release|Any CPU.Build.0 = Release|Any CPU
		{3995A0E5-379E-4682-9986-473AF4E7E818}.Release|x64.ActiveCfg = Release|Any CPU
		{3995A0E5-379E-4682-9986-473AF4E7E818}.Release|x86.ActiveCfg = Release|Any CPU
		{3995A0E5-379E-4682-9986-473AF4E7E818}.Release|x86.Build.0 = Release|Any CPU
		{730B7513-6B75-4D76-9CB4-18214FD58263}.CodeAnalysisDebug|Any CPU.ActiveCfg = Debug|Any CPU
		{730B7513-6B75-4D76-9CB4-18214FD58263}.CodeAnalysisDebug|Any CPU.Build.0 = Debug|Any CPU
		{730B7513-6B75-4D76-9CB4-18214FD58263}.CodeAnalysisDebug|x64.ActiveCfg = Debug|Any CPU
		{730B7513-6B75-4D76-9CB4-18214FD58263}.CodeAnalysisDebug|x86.ActiveCfg = Debug|Any CPU
		{730B7513-6B75-4D76-9CB4-18214FD58263}.CodeAnalysisDebug|x86.Build.0 = Debug|Any CPU
		{730B7513-6B75-4D76-9CB4-18214FD58263}.Debug|Any CPU.ActiveCfg = Debug|Any CPU
		{730B7513-6B75-4D76-9CB4-18214FD58263}.Debug|Any CPU.Build.0 = Debug|Any CPU
		{730B7513-6B75-4D76-9CB4-18214FD58263}.Debug|x64.ActiveCfg = Debug|Any CPU
		{730B7513-6B75-4D76-9CB4-18214FD58263}.Debug|x86.ActiveCfg = Debug|Any CPU
		{730B7513-6B75-4D76-9CB4-18214FD58263}.Debug|x86.Build.0 = Debug|Any CPU
		{730B7513-6B75-4D76-9CB4-18214FD58263}.Release|Any CPU.ActiveCfg = Release|Any CPU
		{730B7513-6B75-4D76-9CB4-18214FD58263}.Release|Any CPU.Build.0 = Release|Any CPU
		{730B7513-6B75-4D76-9CB4-18214FD58263}.Release|x64.ActiveCfg = Release|Any CPU
		{730B7513-6B75-4D76-9CB4-18214FD58263}.Release|x86.ActiveCfg = Release|Any CPU
		{730B7513-6B75-4D76-9CB4-18214FD58263}.Release|x86.Build.0 = Release|Any CPU
		{605A0E8A-E237-4240-9727-73D927556862}.CodeAnalysisDebug|Any CPU.ActiveCfg = Debug|Any CPU
		{605A0E8A-E237-4240-9727-73D927556862}.CodeAnalysisDebug|Any CPU.Build.0 = Debug|Any CPU
		{605A0E8A-E237-4240-9727-73D927556862}.CodeAnalysisDebug|x64.ActiveCfg = Debug|Any CPU
		{605A0E8A-E237-4240-9727-73D927556862}.CodeAnalysisDebug|x86.ActiveCfg = Debug|Any CPU
		{605A0E8A-E237-4240-9727-73D927556862}.CodeAnalysisDebug|x86.Build.0 = Debug|Any CPU
		{605A0E8A-E237-4240-9727-73D927556862}.Debug|Any CPU.ActiveCfg = Debug|Any CPU
		{605A0E8A-E237-4240-9727-73D927556862}.Debug|Any CPU.Build.0 = Debug|Any CPU
		{605A0E8A-E237-4240-9727-73D927556862}.Debug|x64.ActiveCfg = Debug|Any CPU
		{605A0E8A-E237-4240-9727-73D927556862}.Debug|x86.ActiveCfg = Debug|Any CPU
		{605A0E8A-E237-4240-9727-73D927556862}.Debug|x86.Build.0 = Debug|Any CPU
		{605A0E8A-E237-4240-9727-73D927556862}.Release|Any CPU.ActiveCfg = Release|Any CPU
		{605A0E8A-E237-4240-9727-73D927556862}.Release|Any CPU.Build.0 = Release|Any CPU
		{605A0E8A-E237-4240-9727-73D927556862}.Release|x64.ActiveCfg = Release|Any CPU
		{605A0E8A-E237-4240-9727-73D927556862}.Release|x86.ActiveCfg = Release|Any CPU
		{605A0E8A-E237-4240-9727-73D927556862}.Release|x86.Build.0 = Release|Any CPU
		{69A3898C-DD4B-4DED-B1FE-AB2F9E539E66}.CodeAnalysisDebug|Any CPU.ActiveCfg = Debug|Any CPU
		{69A3898C-DD4B-4DED-B1FE-AB2F9E539E66}.CodeAnalysisDebug|Any CPU.Build.0 = Debug|Any CPU
		{69A3898C-DD4B-4DED-B1FE-AB2F9E539E66}.CodeAnalysisDebug|x64.ActiveCfg = Debug|Any CPU
		{69A3898C-DD4B-4DED-B1FE-AB2F9E539E66}.CodeAnalysisDebug|x86.ActiveCfg = Debug|Any CPU
		{69A3898C-DD4B-4DED-B1FE-AB2F9E539E66}.CodeAnalysisDebug|x86.Build.0 = Debug|Any CPU
		{69A3898C-DD4B-4DED-B1FE-AB2F9E539E66}.Debug|Any CPU.ActiveCfg = Debug|Any CPU
		{69A3898C-DD4B-4DED-B1FE-AB2F9E539E66}.Debug|Any CPU.Build.0 = Debug|Any CPU
		{69A3898C-DD4B-4DED-B1FE-AB2F9E539E66}.Debug|x64.ActiveCfg = Debug|Any CPU
		{69A3898C-DD4B-4DED-B1FE-AB2F9E539E66}.Debug|x86.ActiveCfg = Debug|Any CPU
		{69A3898C-DD4B-4DED-B1FE-AB2F9E539E66}.Debug|x86.Build.0 = Debug|Any CPU
		{69A3898C-DD4B-4DED-B1FE-AB2F9E539E66}.Release|Any CPU.ActiveCfg = Release|Any CPU
		{69A3898C-DD4B-4DED-B1FE-AB2F9E539E66}.Release|Any CPU.Build.0 = Release|Any CPU
		{69A3898C-DD4B-4DED-B1FE-AB2F9E539E66}.Release|x64.ActiveCfg = Release|Any CPU
		{69A3898C-DD4B-4DED-B1FE-AB2F9E539E66}.Release|x86.ActiveCfg = Release|Any CPU
		{69A3898C-DD4B-4DED-B1FE-AB2F9E539E66}.Release|x86.Build.0 = Release|Any CPU
		{8E82E837-B4D1-4817-B51A-3F7BAF4723AE}.CodeAnalysisDebug|Any CPU.ActiveCfg = Debug|Any CPU
		{8E82E837-B4D1-4817-B51A-3F7BAF4723AE}.CodeAnalysisDebug|Any CPU.Build.0 = Debug|Any CPU
		{8E82E837-B4D1-4817-B51A-3F7BAF4723AE}.CodeAnalysisDebug|x64.ActiveCfg = Debug|Any CPU
		{8E82E837-B4D1-4817-B51A-3F7BAF4723AE}.CodeAnalysisDebug|x86.ActiveCfg = Debug|Any CPU
		{8E82E837-B4D1-4817-B51A-3F7BAF4723AE}.CodeAnalysisDebug|x86.Build.0 = Debug|Any CPU
		{8E82E837-B4D1-4817-B51A-3F7BAF4723AE}.Debug|Any CPU.ActiveCfg = Debug|Any CPU
		{8E82E837-B4D1-4817-B51A-3F7BAF4723AE}.Debug|Any CPU.Build.0 = Debug|Any CPU
		{8E82E837-B4D1-4817-B51A-3F7BAF4723AE}.Debug|x64.ActiveCfg = Debug|Any CPU
		{8E82E837-B4D1-4817-B51A-3F7BAF4723AE}.Debug|x86.ActiveCfg = Debug|Any CPU
		{8E82E837-B4D1-4817-B51A-3F7BAF4723AE}.Debug|x86.Build.0 = Debug|Any CPU
		{8E82E837-B4D1-4817-B51A-3F7BAF4723AE}.Release|Any CPU.ActiveCfg = Release|Any CPU
		{8E82E837-B4D1-4817-B51A-3F7BAF4723AE}.Release|Any CPU.Build.0 = Release|Any CPU
		{8E82E837-B4D1-4817-B51A-3F7BAF4723AE}.Release|x64.ActiveCfg = Release|Any CPU
		{8E82E837-B4D1-4817-B51A-3F7BAF4723AE}.Release|x86.ActiveCfg = Release|Any CPU
		{8E82E837-B4D1-4817-B51A-3F7BAF4723AE}.Release|x86.Build.0 = Release|Any CPU
		{2E1FB0DF-F9BB-4909-9F32-2D9D022A8E57}.CodeAnalysisDebug|Any CPU.ActiveCfg = Debug|Any CPU
		{2E1FB0DF-F9BB-4909-9F32-2D9D022A8E57}.CodeAnalysisDebug|Any CPU.Build.0 = Debug|Any CPU
		{2E1FB0DF-F9BB-4909-9F32-2D9D022A8E57}.CodeAnalysisDebug|x64.ActiveCfg = Debug|x64
		{2E1FB0DF-F9BB-4909-9F32-2D9D022A8E57}.CodeAnalysisDebug|x64.Build.0 = Debug|x64
		{2E1FB0DF-F9BB-4909-9F32-2D9D022A8E57}.CodeAnalysisDebug|x86.ActiveCfg = Debug|Any CPU
		{2E1FB0DF-F9BB-4909-9F32-2D9D022A8E57}.CodeAnalysisDebug|x86.Build.0 = Debug|Any CPU
		{2E1FB0DF-F9BB-4909-9F32-2D9D022A8E57}.Debug|Any CPU.ActiveCfg = Debug|Any CPU
		{2E1FB0DF-F9BB-4909-9F32-2D9D022A8E57}.Debug|Any CPU.Build.0 = Debug|Any CPU
		{2E1FB0DF-F9BB-4909-9F32-2D9D022A8E57}.Debug|x64.ActiveCfg = Debug|x64
		{2E1FB0DF-F9BB-4909-9F32-2D9D022A8E57}.Debug|x64.Build.0 = Debug|x64
		{2E1FB0DF-F9BB-4909-9F32-2D9D022A8E57}.Debug|x86.ActiveCfg = Debug|Any CPU
		{2E1FB0DF-F9BB-4909-9F32-2D9D022A8E57}.Debug|x86.Build.0 = Debug|Any CPU
		{2E1FB0DF-F9BB-4909-9F32-2D9D022A8E57}.Release|Any CPU.ActiveCfg = Release|Any CPU
		{2E1FB0DF-F9BB-4909-9F32-2D9D022A8E57}.Release|Any CPU.Build.0 = Release|Any CPU
		{2E1FB0DF-F9BB-4909-9F32-2D9D022A8E57}.Release|x64.ActiveCfg = Release|x64
		{2E1FB0DF-F9BB-4909-9F32-2D9D022A8E57}.Release|x64.Build.0 = Release|x64
		{2E1FB0DF-F9BB-4909-9F32-2D9D022A8E57}.Release|x86.ActiveCfg = Release|Any CPU
		{2E1FB0DF-F9BB-4909-9F32-2D9D022A8E57}.Release|x86.Build.0 = Release|Any CPU
		{B2CE24B7-FC5D-49AC-806F-1D88F78A31E9}.CodeAnalysisDebug|Any CPU.ActiveCfg = Debug|Any CPU
		{B2CE24B7-FC5D-49AC-806F-1D88F78A31E9}.CodeAnalysisDebug|Any CPU.Build.0 = Debug|Any CPU
		{B2CE24B7-FC5D-49AC-806F-1D88F78A31E9}.CodeAnalysisDebug|x64.ActiveCfg = Debug|Any CPU
		{B2CE24B7-FC5D-49AC-806F-1D88F78A31E9}.CodeAnalysisDebug|x64.Build.0 = Debug|Any CPU
		{B2CE24B7-FC5D-49AC-806F-1D88F78A31E9}.CodeAnalysisDebug|x86.ActiveCfg = Debug|Any CPU
		{B2CE24B7-FC5D-49AC-806F-1D88F78A31E9}.CodeAnalysisDebug|x86.Build.0 = Debug|Any CPU
		{B2CE24B7-FC5D-49AC-806F-1D88F78A31E9}.Debug|Any CPU.ActiveCfg = Debug|Any CPU
		{B2CE24B7-FC5D-49AC-806F-1D88F78A31E9}.Debug|Any CPU.Build.0 = Debug|Any CPU
		{B2CE24B7-FC5D-49AC-806F-1D88F78A31E9}.Debug|x64.ActiveCfg = Debug|Any CPU
		{B2CE24B7-FC5D-49AC-806F-1D88F78A31E9}.Debug|x64.Build.0 = Debug|Any CPU
		{B2CE24B7-FC5D-49AC-806F-1D88F78A31E9}.Debug|x86.ActiveCfg = Debug|Any CPU
		{B2CE24B7-FC5D-49AC-806F-1D88F78A31E9}.Debug|x86.Build.0 = Debug|Any CPU
		{B2CE24B7-FC5D-49AC-806F-1D88F78A31E9}.Release|Any CPU.ActiveCfg = Release|Any CPU
		{B2CE24B7-FC5D-49AC-806F-1D88F78A31E9}.Release|Any CPU.Build.0 = Release|Any CPU
		{B2CE24B7-FC5D-49AC-806F-1D88F78A31E9}.Release|x64.ActiveCfg = Release|Any CPU
		{B2CE24B7-FC5D-49AC-806F-1D88F78A31E9}.Release|x64.Build.0 = Release|Any CPU
		{B2CE24B7-FC5D-49AC-806F-1D88F78A31E9}.Release|x86.ActiveCfg = Release|Any CPU
		{B2CE24B7-FC5D-49AC-806F-1D88F78A31E9}.Release|x86.Build.0 = Release|Any CPU
		{31421787-1A3C-427C-A8AD-C7E2561B2956}.CodeAnalysisDebug|Any CPU.ActiveCfg = Debug|Any CPU
		{31421787-1A3C-427C-A8AD-C7E2561B2956}.CodeAnalysisDebug|Any CPU.Build.0 = Debug|Any CPU
		{31421787-1A3C-427C-A8AD-C7E2561B2956}.CodeAnalysisDebug|x64.ActiveCfg = Debug|Any CPU
		{31421787-1A3C-427C-A8AD-C7E2561B2956}.CodeAnalysisDebug|x64.Build.0 = Debug|Any CPU
		{31421787-1A3C-427C-A8AD-C7E2561B2956}.CodeAnalysisDebug|x86.ActiveCfg = Debug|Any CPU
		{31421787-1A3C-427C-A8AD-C7E2561B2956}.CodeAnalysisDebug|x86.Build.0 = Debug|Any CPU
		{31421787-1A3C-427C-A8AD-C7E2561B2956}.Debug|Any CPU.ActiveCfg = Debug|Any CPU
		{31421787-1A3C-427C-A8AD-C7E2561B2956}.Debug|Any CPU.Build.0 = Debug|Any CPU
		{31421787-1A3C-427C-A8AD-C7E2561B2956}.Debug|x64.ActiveCfg = Debug|Any CPU
		{31421787-1A3C-427C-A8AD-C7E2561B2956}.Debug|x64.Build.0 = Debug|Any CPU
		{31421787-1A3C-427C-A8AD-C7E2561B2956}.Debug|x86.ActiveCfg = Debug|Any CPU
		{31421787-1A3C-427C-A8AD-C7E2561B2956}.Debug|x86.Build.0 = Debug|Any CPU
		{31421787-1A3C-427C-A8AD-C7E2561B2956}.Release|Any CPU.ActiveCfg = Release|Any CPU
		{31421787-1A3C-427C-A8AD-C7E2561B2956}.Release|Any CPU.Build.0 = Release|Any CPU
		{31421787-1A3C-427C-A8AD-C7E2561B2956}.Release|x64.ActiveCfg = Release|Any CPU
		{31421787-1A3C-427C-A8AD-C7E2561B2956}.Release|x64.Build.0 = Release|Any CPU
		{31421787-1A3C-427C-A8AD-C7E2561B2956}.Release|x86.ActiveCfg = Release|Any CPU
		{31421787-1A3C-427C-A8AD-C7E2561B2956}.Release|x86.Build.0 = Release|Any CPU
		{9DD9CF03-2D27-4868-8A8A-0727B8805188}.CodeAnalysisDebug|Any CPU.ActiveCfg = Debug|Any CPU
		{9DD9CF03-2D27-4868-8A8A-0727B8805188}.CodeAnalysisDebug|Any CPU.Build.0 = Debug|Any CPU
		{9DD9CF03-2D27-4868-8A8A-0727B8805188}.CodeAnalysisDebug|x64.ActiveCfg = Debug|Any CPU
		{9DD9CF03-2D27-4868-8A8A-0727B8805188}.CodeAnalysisDebug|x64.Build.0 = Debug|Any CPU
		{9DD9CF03-2D27-4868-8A8A-0727B8805188}.CodeAnalysisDebug|x86.ActiveCfg = Debug|Any CPU
		{9DD9CF03-2D27-4868-8A8A-0727B8805188}.CodeAnalysisDebug|x86.Build.0 = Debug|Any CPU
		{9DD9CF03-2D27-4868-8A8A-0727B8805188}.Debug|Any CPU.ActiveCfg = Debug|Any CPU
		{9DD9CF03-2D27-4868-8A8A-0727B8805188}.Debug|Any CPU.Build.0 = Debug|Any CPU
		{9DD9CF03-2D27-4868-8A8A-0727B8805188}.Debug|x64.ActiveCfg = Debug|Any CPU
		{9DD9CF03-2D27-4868-8A8A-0727B8805188}.Debug|x64.Build.0 = Debug|Any CPU
		{9DD9CF03-2D27-4868-8A8A-0727B8805188}.Debug|x86.ActiveCfg = Debug|Any CPU
		{9DD9CF03-2D27-4868-8A8A-0727B8805188}.Debug|x86.Build.0 = Debug|Any CPU
		{9DD9CF03-2D27-4868-8A8A-0727B8805188}.Release|Any CPU.ActiveCfg = Release|Any CPU
		{9DD9CF03-2D27-4868-8A8A-0727B8805188}.Release|Any CPU.Build.0 = Release|Any CPU
		{9DD9CF03-2D27-4868-8A8A-0727B8805188}.Release|x64.ActiveCfg = Release|Any CPU
		{9DD9CF03-2D27-4868-8A8A-0727B8805188}.Release|x64.Build.0 = Release|Any CPU
		{9DD9CF03-2D27-4868-8A8A-0727B8805188}.Release|x86.ActiveCfg = Release|Any CPU
		{9DD9CF03-2D27-4868-8A8A-0727B8805188}.Release|x86.Build.0 = Release|Any CPU
		{F3C863EC-33F4-4ED2-9D67-00BF3EEEAB64}.CodeAnalysisDebug|Any CPU.ActiveCfg = Debug|Any CPU
		{F3C863EC-33F4-4ED2-9D67-00BF3EEEAB64}.CodeAnalysisDebug|Any CPU.Build.0 = Debug|Any CPU
		{F3C863EC-33F4-4ED2-9D67-00BF3EEEAB64}.CodeAnalysisDebug|x64.ActiveCfg = Debug|x64
		{F3C863EC-33F4-4ED2-9D67-00BF3EEEAB64}.CodeAnalysisDebug|x64.Build.0 = Debug|x64
		{F3C863EC-33F4-4ED2-9D67-00BF3EEEAB64}.CodeAnalysisDebug|x86.ActiveCfg = Debug|Any CPU
		{F3C863EC-33F4-4ED2-9D67-00BF3EEEAB64}.CodeAnalysisDebug|x86.Build.0 = Debug|Any CPU
		{F3C863EC-33F4-4ED2-9D67-00BF3EEEAB64}.Debug|Any CPU.ActiveCfg = Debug|Any CPU
		{F3C863EC-33F4-4ED2-9D67-00BF3EEEAB64}.Debug|Any CPU.Build.0 = Debug|Any CPU
		{F3C863EC-33F4-4ED2-9D67-00BF3EEEAB64}.Debug|x64.ActiveCfg = Debug|x64
		{F3C863EC-33F4-4ED2-9D67-00BF3EEEAB64}.Debug|x64.Build.0 = Debug|x64
		{F3C863EC-33F4-4ED2-9D67-00BF3EEEAB64}.Debug|x86.ActiveCfg = Debug|Any CPU
		{F3C863EC-33F4-4ED2-9D67-00BF3EEEAB64}.Debug|x86.Build.0 = Debug|Any CPU
		{F3C863EC-33F4-4ED2-9D67-00BF3EEEAB64}.Release|Any CPU.ActiveCfg = Release|Any CPU
		{F3C863EC-33F4-4ED2-9D67-00BF3EEEAB64}.Release|Any CPU.Build.0 = Release|Any CPU
		{F3C863EC-33F4-4ED2-9D67-00BF3EEEAB64}.Release|x64.ActiveCfg = Release|x64
		{F3C863EC-33F4-4ED2-9D67-00BF3EEEAB64}.Release|x64.Build.0 = Release|x64
		{F3C863EC-33F4-4ED2-9D67-00BF3EEEAB64}.Release|x86.ActiveCfg = Release|Any CPU
		{F3C863EC-33F4-4ED2-9D67-00BF3EEEAB64}.Release|x86.Build.0 = Release|Any CPU
		{6C1AD76C-8EEB-4B2D-B6B4-F9B7234A92FB}.CodeAnalysisDebug|Any CPU.ActiveCfg = Debug|Any CPU
		{6C1AD76C-8EEB-4B2D-B6B4-F9B7234A92FB}.CodeAnalysisDebug|Any CPU.Build.0 = Debug|Any CPU
		{6C1AD76C-8EEB-4B2D-B6B4-F9B7234A92FB}.CodeAnalysisDebug|x64.ActiveCfg = Debug|Any CPU
		{6C1AD76C-8EEB-4B2D-B6B4-F9B7234A92FB}.CodeAnalysisDebug|x64.Build.0 = Debug|Any CPU
		{6C1AD76C-8EEB-4B2D-B6B4-F9B7234A92FB}.CodeAnalysisDebug|x86.ActiveCfg = Debug|Any CPU
		{6C1AD76C-8EEB-4B2D-B6B4-F9B7234A92FB}.CodeAnalysisDebug|x86.Build.0 = Debug|Any CPU
		{6C1AD76C-8EEB-4B2D-B6B4-F9B7234A92FB}.Debug|Any CPU.ActiveCfg = Debug|Any CPU
		{6C1AD76C-8EEB-4B2D-B6B4-F9B7234A92FB}.Debug|Any CPU.Build.0 = Debug|Any CPU
		{6C1AD76C-8EEB-4B2D-B6B4-F9B7234A92FB}.Debug|x64.ActiveCfg = Debug|Any CPU
		{6C1AD76C-8EEB-4B2D-B6B4-F9B7234A92FB}.Debug|x64.Build.0 = Debug|Any CPU
		{6C1AD76C-8EEB-4B2D-B6B4-F9B7234A92FB}.Debug|x86.ActiveCfg = Debug|Any CPU
		{6C1AD76C-8EEB-4B2D-B6B4-F9B7234A92FB}.Debug|x86.Build.0 = Debug|Any CPU
		{6C1AD76C-8EEB-4B2D-B6B4-F9B7234A92FB}.Release|Any CPU.ActiveCfg = Release|Any CPU
		{6C1AD76C-8EEB-4B2D-B6B4-F9B7234A92FB}.Release|Any CPU.Build.0 = Release|Any CPU
		{6C1AD76C-8EEB-4B2D-B6B4-F9B7234A92FB}.Release|x64.ActiveCfg = Release|Any CPU
		{6C1AD76C-8EEB-4B2D-B6B4-F9B7234A92FB}.Release|x64.Build.0 = Release|Any CPU
		{6C1AD76C-8EEB-4B2D-B6B4-F9B7234A92FB}.Release|x86.ActiveCfg = Release|Any CPU
		{6C1AD76C-8EEB-4B2D-B6B4-F9B7234A92FB}.Release|x86.Build.0 = Release|Any CPU
	EndGlobalSection
	GlobalSection(SolutionProperties) = preSolution
		HideSolutionNode = FALSE
	EndGlobalSection
	GlobalSection(NestedProjects) = preSolution
		{3995A0E5-379E-4682-9986-473AF4E7E818} = {6DFBDAF3-FC7C-45CC-8901-D1A6322DE052}
		{730B7513-6B75-4D76-9CB4-18214FD58263} = {6DFBDAF3-FC7C-45CC-8901-D1A6322DE052}
		{605A0E8A-E237-4240-9727-73D927556862} = {6DFBDAF3-FC7C-45CC-8901-D1A6322DE052}
		{69A3898C-DD4B-4DED-B1FE-AB2F9E539E66} = {6DFBDAF3-FC7C-45CC-8901-D1A6322DE052}
		{8E82E837-B4D1-4817-B51A-3F7BAF4723AE} = {6DFBDAF3-FC7C-45CC-8901-D1A6322DE052}
		{3C3964DD-26D2-4497-A8EE-AAD7DC73A52D} = {4402274F-C9CF-45EB-BBF2-4FF15ED32A30}
		{2E1FB0DF-F9BB-4909-9F32-2D9D022A8E57} = {4402274F-C9CF-45EB-BBF2-4FF15ED32A30}
		{CE862078-C419-483A-AE32-DCC933AEB787} = {4402274F-C9CF-45EB-BBF2-4FF15ED32A30}
		{B2CE24B7-FC5D-49AC-806F-1D88F78A31E9} = {4402274F-C9CF-45EB-BBF2-4FF15ED32A30}
		{A873C775-CCBA-437D-BC62-9AC7C821E7D7} = {4402274F-C9CF-45EB-BBF2-4FF15ED32A30}
		{31421787-1A3C-427C-A8AD-C7E2561B2956} = {4402274F-C9CF-45EB-BBF2-4FF15ED32A30}
		{EC2B98CC-6F10-4E51-8D2A-17595DAD65EB} = {4402274F-C9CF-45EB-BBF2-4FF15ED32A30}
		{9DD9CF03-2D27-4868-8A8A-0727B8805188} = {4402274F-C9CF-45EB-BBF2-4FF15ED32A30}
		{EFD811BF-9FA7-4925-B1C9-30C96200E0F7} = {4402274F-C9CF-45EB-BBF2-4FF15ED32A30}
		{F3C863EC-33F4-4ED2-9D67-00BF3EEEAB64} = {4402274F-C9CF-45EB-BBF2-4FF15ED32A30}
		{EECA348E-F9E7-44D5-9C50-A307C7F44D48} = {4402274F-C9CF-45EB-BBF2-4FF15ED32A30}
		{6C1AD76C-8EEB-4B2D-B6B4-F9B7234A92FB} = {4402274F-C9CF-45EB-BBF2-4FF15ED32A30}
	EndGlobalSection
	GlobalSection(ExtensibilityGlobals) = postSolution
		SolutionGuid = {2C2E89CE-4940-4852-AC34-C995472506A1}
	EndGlobalSection
	GlobalSection(TestCaseManagementSettings) = postSolution
		CategoryFile = Tests10.vsmdi
	EndGlobalSection
EndGlobal
